{
  "object": {
    "pins": [
      {
        "package": "SwiftTerm",
        "repositoryURL": "https://github.com/migueldeicaza/SwiftTerm.git",
        "state": {
          "branch": "main",
          "revision": "905d816cd895fb0395193842a764fe2b4c29d8ff",
          "version": null
        }
      }
    ]
  },
  "version": 1
}
