{
  "pins" : [
    {
      "identity" : "swiftterm",
      "kind" : "remoteSourceControl",
      "location" : "https://github.com/migueldeicaza/SwiftTerm.git",
      "state" : {
        "branch" : "main",
        "revision" : "7f8d542bac28a72e944dd13e2b9bf97a303492bf"
      }
    },
    {
      "identity" : "swiftuix",
      "kind" : "remoteSourceControl",
      "location" : "https://github.com/SwiftUIX/SwiftUIX",
      "state" : {
        "revision" : "1c2ba19b91a1541b803f9d1b01b360cae5a752fa",
        "version" : "0.1.3"
      }
    }
  ],
  "version" : 2
}
