// !$*UTF8*$!
{
	archiveVersion = 1;
	classes = {
	};
	objectVersion = 52;
	objects = {

/* Begin PBXBuildFile section */
		4E9B32DB260C65AE006A1FBC /* Localizable.stringsdict in Resources */ = {isa = PBXBuildFile; fileRef = 4E9B32DA260C65AE006A1FBC /* Localizable.stringsdict */; };
		4E9B32DC260C65AE006A1FBC /* Localizable.stringsdict in Resources */ = {isa = PBXBuildFile; fileRef = 4E9B32DA260C65AE006A1FBC /* Localizable.stringsdict */; };
		4E9B32E0260C66B5006A1FBC /* Bundle+NewTermAdditions.swift in Sources */ = {isa = PBXBuildFile; fileRef = 4E9B32DF260C66B5006A1FBC /* Bundle+NewTermAdditions.swift */; };
		4E9B32E1260C66B5006A1FBC /* Bundle+NewTermAdditions.swift in Sources */ = {isa = PBXBuildFile; fileRef = 4E9B32DF260C66B5006A1FBC /* Bundle+NewTermAdditions.swift */; };
		4E9FB96C26171A01005AFCC8 /* SwiftTerm in Frameworks */ = {isa = PBXBuildFile; productRef = 4E9FB96B26171A01005AFCC8 /* SwiftTerm */; };
		4E9FB97226172079005AFCC8 /* Color+Additions.swift in Sources */ = {isa = PBXBuildFile; fileRef = 4E9FB97126172079005AFCC8 /* Color+Additions.swift */; };
		4E9FB97526172293005AFCC8 /* StringSupplier.swift in Sources */ = {isa = PBXBuildFile; fileRef = 4E9FB97426172293005AFCC8 /* StringSupplier.swift */; };
		4E9FB978261724FA005AFCC8 /* ColorMap.swift in Sources */ = {isa = PBXBuildFile; fileRef = 4E9FB977261724FA005AFCC8 /* ColorMap.swift */; };
		4E9FB97D26174A78005AFCC8 /* TerminalConstants.swift in Sources */ = {isa = PBXBuildFile; fileRef = 4E9FB97C26174A78005AFCC8 /* TerminalConstants.swift */; };
		4ECEE6ED25F9B87E00FAD26B /* TerminalPasswordInputView.swift in Sources */ = {isa = PBXBuildFile; fileRef = 4ECEE6EC25F9B87E00FAD26B /* TerminalPasswordInputView.swift */; };
		4ECFC23825FA3D2C007B0F51 /* LayoutGuide.swift in Sources */ = {isa = PBXBuildFile; fileRef = 4ECFC23725FA3D2C007B0F51 /* LayoutGuide.swift */; };
		4ECFC24625FCA67D007B0F51 /* RootViewController.swift in Sources */ = {isa = PBXBuildFile; fileRef = CFBB969622B5481B00585BE6 /* RootViewController.swift */; };
		4ED1273125F9E8F60049F59B /* UIColor+AppColors.swift in Sources */ = {isa = PBXBuildFile; fileRef = 4ED1273025F9E8F60049F59B /* UIColor+AppColors.swift */; };
		CF6B3BAA244C4538000A608B /* LogoHeaderView.swift in Sources */ = {isa = PBXBuildFile; fileRef = CF6B3BA9244C4537000A608B /* LogoHeaderView.swift */; };
		CF71BC2822BB61E400AFB1E1 /* Assets.xcassets in Resources */ = {isa = PBXBuildFile; fileRef = CF71BC2722BB61E400AFB1E1 /* Assets.xcassets */; };
		CF71BC2B22BB61E400AFB1E1 /* Main.storyboard in Resources */ = {isa = PBXBuildFile; fileRef = CF71BC2922BB61E400AFB1E1 /* Main.storyboard */; };
		CF71BC8B22BB6DBB00AFB1E1 /* NewTermCommon.framework in Frameworks */ = {isa = PBXBuildFile; fileRef = CF71BC8422BB6DBA00AFB1E1 /* NewTermCommon.framework */; };
		CF71BC8C22BB6DBB00AFB1E1 /* NewTermCommon.framework in Embed Frameworks */ = {isa = PBXBuildFile; fileRef = CF71BC8422BB6DBA00AFB1E1 /* NewTermCommon.framework */; settings = {ATTRIBUTES = (CodeSignOnCopy, RemoveHeadersOnCopy, ); }; };
		CF71BC9322BB6DEA00AFB1E1 /* NewTermCommon.framework in Frameworks */ = {isa = PBXBuildFile; fileRef = CF71BC8422BB6DBA00AFB1E1 /* NewTermCommon.framework */; };
		CF71BC9422BB6DEA00AFB1E1 /* NewTermCommon.framework in Embed Frameworks */ = {isa = PBXBuildFile; fileRef = CF71BC8422BB6DBA00AFB1E1 /* NewTermCommon.framework */; settings = {ATTRIBUTES = (CodeSignOnCopy, RemoveHeadersOnCopy, ); }; };
		CF71BC9722BB6E0300AFB1E1 /* Preferences.swift in Sources */ = {isa = PBXBuildFile; fileRef = CFBB96C322B5481B00585BE6 /* Preferences.swift */; };
		CF71BC9822BB6E0300AFB1E1 /* SubProcess.swift in Sources */ = {isa = PBXBuildFile; fileRef = CFBB96C222B5481B00585BE6 /* SubProcess.swift */; };
		CF71BC9922BB6E0300AFB1E1 /* TerminalController.swift in Sources */ = {isa = PBXBuildFile; fileRef = CFBB96C522B5481B00585BE6 /* TerminalController.swift */; };
		CF71BC9A22BB6E0300AFB1E1 /* CrossPlatformUI.swift in Sources */ = {isa = PBXBuildFile; fileRef = CF71BC6022BB691700AFB1E1 /* CrossPlatformUI.swift */; };
		CF71BC9B22BB6E0300AFB1E1 /* TerminalInputProtocol.swift in Sources */ = {isa = PBXBuildFile; fileRef = CF71BC6222BB69EF00AFB1E1 /* TerminalInputProtocol.swift */; };
		CF71BC9C22BB6E1100AFB1E1 /* NSArray+Additions.m in Sources */ = {isa = PBXBuildFile; fileRef = CFBB969422B5481B00585BE6 /* NSArray+Additions.m */; };
		CF71BC9D22BB6E1100AFB1E1 /* UIColor+HBAdditions.m in Sources */ = {isa = PBXBuildFile; fileRef = CFBB968022B5481B00585BE6 /* UIColor+HBAdditions.m */; };
		CF71BCA822BB6E1100AFB1E1 /* NSLayoutConstraint+CompactConstraint.m in Sources */ = {isa = PBXBuildFile; fileRef = CFBB96B922B5481B00585BE6 /* NSLayoutConstraint+CompactConstraint.m */; };
		CF71BCA922BB6E1100AFB1E1 /* UIView+CompactConstraint.m in Sources */ = {isa = PBXBuildFile; fileRef = CFBB96B722B5481B00585BE6 /* UIView+CompactConstraint.m */; };
		CF71BCC322BB727B00AFB1E1 /* libcurses.tbd in Frameworks */ = {isa = PBXBuildFile; fileRef = CF71BCC222BB727B00AFB1E1 /* libcurses.tbd */; };
		CF71BCC622BB737200AFB1E1 /* NSArray+Additions.h in Headers */ = {isa = PBXBuildFile; fileRef = CFBB969322B5481B00585BE6 /* NSArray+Additions.h */; settings = {ATTRIBUTES = (Public, ); }; };
		CF71BCC722BB737200AFB1E1 /* UIColor+HBAdditions.h in Headers */ = {isa = PBXBuildFile; fileRef = CFBB967F22B5481B00585BE6 /* UIColor+HBAdditions.h */; settings = {ATTRIBUTES = (Public, ); }; };
		CF71BCC822BB737200AFB1E1 /* CrossPlatformUI.h in Headers */ = {isa = PBXBuildFile; fileRef = CF71BC6422BB6A2B00AFB1E1 /* CrossPlatformUI.h */; settings = {ATTRIBUTES = (Public, ); }; };
		CF71BCD622BB737200AFB1E1 /* CompactConstraint.h in Headers */ = {isa = PBXBuildFile; fileRef = CFBB96BC22B5481B00585BE6 /* CompactConstraint.h */; settings = {ATTRIBUTES = (Public, ); }; };
		CF71BCD722BB737200AFB1E1 /* NSLayoutConstraint+CompactConstraint.h in Headers */ = {isa = PBXBuildFile; fileRef = CFBB96BB22B5481B00585BE6 /* NSLayoutConstraint+CompactConstraint.h */; settings = {ATTRIBUTES = (Public, ); }; };
		CF71BCD822BB737200AFB1E1 /* UIView+CompactConstraint.h in Headers */ = {isa = PBXBuildFile; fileRef = CFBB96BA22B5481B00585BE6 /* UIView+CompactConstraint.h */; settings = {ATTRIBUTES = (Public, ); }; };
		CF71BCDC22BB737700AFB1E1 /* NewTermCommon.h in Headers */ = {isa = PBXBuildFile; fileRef = CF71BC6622BB6AD500AFB1E1 /* NewTermCommon.h */; settings = {ATTRIBUTES = (Public, ); }; };
		CF71BCDE22BB73C200AFB1E1 /* Global.swift in Sources */ = {isa = PBXBuildFile; fileRef = CFBB968D22B5481B00585BE6 /* Global.swift */; };
		CF71BCE222BB79DD00AFB1E1 /* TerminalSessionViewController.swift in Sources */ = {isa = PBXBuildFile; fileRef = CF71BCE122BB79DD00AFB1E1 /* TerminalSessionViewController.swift */; };
		CF71BCE522BB7FBA00AFB1E1 /* Fonts.plist in Resources */ = {isa = PBXBuildFile; fileRef = CFBB96FF22B548D700585BE6 /* Fonts.plist */; };
		CF71BCE622BB7FBA00AFB1E1 /* Themes.plist in Resources */ = {isa = PBXBuildFile; fileRef = CFBB972322B548D700585BE6 /* Themes.plist */; };
		CF71BCE722BB7FBA00AFB1E1 /* colortest.txt in Resources */ = {isa = PBXBuildFile; fileRef = CFBB96FE22B548D700585BE6 /* colortest.txt */; };
		CF71BCE822BB7FBD00AFB1E1 /* Localizable.strings in Resources */ = {isa = PBXBuildFile; fileRef = CFBB96F022B548D700585BE6 /* Localizable.strings */; };
		CF71BCE922BB7FC000AFB1E1 /* InfoPlist.strings in Resources */ = {isa = PBXBuildFile; fileRef = CFBB96F222B548D700585BE6 /* InfoPlist.strings */; };
		CF71BCEE22BB862600AFB1E1 /* TerminalTextView.swift in Sources */ = {isa = PBXBuildFile; fileRef = CF71BCED22BB862600AFB1E1 /* TerminalTextView.swift */; };
		CF71BCF122BB8AAB00AFB1E1 /* FontMetrics.swift in Sources */ = {isa = PBXBuildFile; fileRef = CF71BCEF22BB8AA800AFB1E1 /* FontMetrics.swift */; };
		CF71BCF222BB905000AFB1E1 /* AppDelegate.swift in Sources */ = {isa = PBXBuildFile; fileRef = CF71BC2322BB61E200AFB1E1 /* AppDelegate.swift */; };
		CFBB96C722B5481B00585BE6 /* PreferencesRootController.m in Sources */ = {isa = PBXBuildFile; fileRef = CFBB967922B5481B00585BE6 /* PreferencesRootController.m */; };
		CFBB96C822B5481B00585BE6 /* HUDView.swift in Sources */ = {isa = PBXBuildFile; fileRef = CFBB967C22B5481B00585BE6 /* HUDView.swift */; };
		CFBB96C922B5481B00585BE6 /* TerminalSampleView.swift in Sources */ = {isa = PBXBuildFile; fileRef = CFBB967D22B5481B00585BE6 /* TerminalSampleView.swift */; };
		CFBB96CB22B5481B00585BE6 /* TabCollectionViewCell.swift in Sources */ = {isa = PBXBuildFile; fileRef = CFBB968222B5481B00585BE6 /* TabCollectionViewCell.swift */; };
		CFBB96CC22B5481B00585BE6 /* TabToolbarViewController.swift in Sources */ = {isa = PBXBuildFile; fileRef = CFBB968322B5481B00585BE6 /* TabToolbarViewController.swift */; };
		CFBB96CD22B5481B00585BE6 /* TerminalKeyInput.swift in Sources */ = {isa = PBXBuildFile; fileRef = CFBB968522B5481B00585BE6 /* TerminalKeyInput.swift */; };
		CFBB96CF22B5481B00585BE6 /* KeyboardToolbar.swift in Sources */ = {isa = PBXBuildFile; fileRef = CFBB968722B5481B00585BE6 /* KeyboardToolbar.swift */; };
		CFBB96D022B5481B00585BE6 /* TextInputBase.m in Sources */ = {isa = PBXBuildFile; fileRef = CFBB968822B5481B00585BE6 /* TextInputBase.m */; };
		CFBB96D122B5481B00585BE6 /* KeyboardPopupToolbar.swift in Sources */ = {isa = PBXBuildFile; fileRef = CFBB968922B5481B00585BE6 /* KeyboardPopupToolbar.swift */; };
		CFBB96D222B5481B00585BE6 /* TerminalTextView.swift in Sources */ = {isa = PBXBuildFile; fileRef = CFBB968A22B5481B00585BE6 /* TerminalTextView.swift */; };
		CFBB96D322B5481B00585BE6 /* KeyboardButton.swift in Sources */ = {isa = PBXBuildFile; fileRef = CFBB968B22B5481B00585BE6 /* KeyboardButton.swift */; };
		CFBB96D522B5481B00585BE6 /* LaunchScreen.storyboard in Resources */ = {isa = PBXBuildFile; fileRef = CFBB968E22B5481B00585BE6 /* LaunchScreen.storyboard */; };
		CFBB96DA22B5481B00585BE6 /* TerminalSessionViewController.swift in Sources */ = {isa = PBXBuildFile; fileRef = CFBB969722B5481B00585BE6 /* TerminalSessionViewController.swift */; };
		CFBB96EC22B5481B00585BE6 /* AppDelegate.swift in Sources */ = {isa = PBXBuildFile; fileRef = CFBB96C422B5481B00585BE6 /* AppDelegate.swift */; };
		CFBB96EE22B5481B00585BE6 /* TerminalSceneDelegate.swift in Sources */ = {isa = PBXBuildFile; fileRef = CFBB96C622B5481B00585BE6 /* TerminalSceneDelegate.swift */; };
		CFBB972522B548D700585BE6 /* Localizable.strings in Resources */ = {isa = PBXBuildFile; fileRef = CFBB96F022B548D700585BE6 /* Localizable.strings */; };
		CFBB972622B548D700585BE6 /* InfoPlist.strings in Resources */ = {isa = PBXBuildFile; fileRef = CFBB96F222B548D700585BE6 /* InfoPlist.strings */; };
		CFBB972A22B548D700585BE6 /* bell.m4a in Resources */ = {isa = PBXBuildFile; fileRef = CFBB96F722B548D700585BE6 /* bell.m4a */; };
		CFBB973122B548D700585BE6 /* colortest.txt in Resources */ = {isa = PBXBuildFile; fileRef = CFBB96FE22B548D700585BE6 /* colortest.txt */; };
		CFBB973222B548D700585BE6 /* Fonts.plist in Resources */ = {isa = PBXBuildFile; fileRef = CFBB96FF22B548D700585BE6 /* Fonts.plist */; };
		CFBB975622B548D700585BE6 /* Themes.plist in Resources */ = {isa = PBXBuildFile; fileRef = CFBB972322B548D700585BE6 /* Themes.plist */; };
		CFBB975A22B5499600585BE6 /* Assets.xcassets in Resources */ = {isa = PBXBuildFile; fileRef = CFBB975922B5499600585BE6 /* Assets.xcassets */; };
		CFD5538E2345E315005805D1 /* curses.h in Headers */ = {isa = PBXBuildFile; fileRef = CFD5538A2345E315005805D1 /* curses.h */; };
		CFD5538F2345E315005805D1 /* term.h in Headers */ = {isa = PBXBuildFile; fileRef = CFD5538B2345E315005805D1 /* term.h */; };
		CFD553902345E315005805D1 /* ncurses_dll.h in Headers */ = {isa = PBXBuildFile; fileRef = CFD5538C2345E315005805D1 /* ncurses_dll.h */; };
		CFD553912345E315005805D1 /* ncurses.h in Headers */ = {isa = PBXBuildFile; fileRef = CFD5538D2345E315005805D1 /* ncurses.h */; };
/* End PBXBuildFile section */

/* Begin PBXContainerItemProxy section */
		CF71BC8922BB6DBB00AFB1E1 /* PBXContainerItemProxy */ = {
			isa = PBXContainerItemProxy;
			containerPortal = CF22F9A91FFB97F7003175DE /* Project object */;
			proxyType = 1;
			remoteGlobalIDString = CF71BC8322BB6DBA00AFB1E1;
			remoteInfo = "NewTerm Common";
		};
		CF71BC9522BB6DEA00AFB1E1 /* PBXContainerItemProxy */ = {
			isa = PBXContainerItemProxy;
			containerPortal = CF22F9A91FFB97F7003175DE /* Project object */;
			proxyType = 1;
			remoteGlobalIDString = CF71BC8322BB6DBA00AFB1E1;
			remoteInfo = "NewTerm Common";
		};
/* End PBXContainerItemProxy section */

/* Begin PBXCopyFilesBuildPhase section */
		CF71BC0422BB511700AFB1E1 /* Embed Frameworks */ = {
			isa = PBXCopyFilesBuildPhase;
			buildActionMask = 2147483647;
			dstPath = "";
			dstSubfolderSpec = 10;
			files = (
				CF71BC9422BB6DEA00AFB1E1 /* NewTermCommon.framework in Embed Frameworks */,
			);
			name = "Embed Frameworks";
			runOnlyForDeploymentPostprocessing = 0;
		};
		CF71BC9022BB6DBB00AFB1E1 /* Embed Frameworks */ = {
			isa = PBXCopyFilesBuildPhase;
			buildActionMask = 2147483647;
			dstPath = "";
			dstSubfolderSpec = 10;
			files = (
				CF71BC8C22BB6DBB00AFB1E1 /* NewTermCommon.framework in Embed Frameworks */,
			);
			name = "Embed Frameworks";
			runOnlyForDeploymentPostprocessing = 0;
		};
/* End PBXCopyFilesBuildPhase section */

/* Begin PBXFileReference section */
		4E9B32DA260C65AE006A1FBC /* Localizable.stringsdict */ = {isa = PBXFileReference; lastKnownFileType = text.plist.stringsdict; path = Localizable.stringsdict; sourceTree = "<group>"; };
		4E9B32DF260C66B5006A1FBC /* Bundle+NewTermAdditions.swift */ = {isa = PBXFileReference; lastKnownFileType = sourcecode.swift; path = "Bundle+NewTermAdditions.swift"; sourceTree = "<group>"; };
		4E9FB97126172079005AFCC8 /* Color+Additions.swift */ = {isa = PBXFileReference; lastKnownFileType = sourcecode.swift; path = "Color+Additions.swift"; sourceTree = "<group>"; };
		4E9FB97426172293005AFCC8 /* StringSupplier.swift */ = {isa = PBXFileReference; lastKnownFileType = sourcecode.swift; path = StringSupplier.swift; sourceTree = "<group>"; };
		4E9FB977261724FA005AFCC8 /* ColorMap.swift */ = {isa = PBXFileReference; lastKnownFileType = sourcecode.swift; path = ColorMap.swift; sourceTree = "<group>"; };
		4E9FB97C26174A78005AFCC8 /* TerminalConstants.swift */ = {isa = PBXFileReference; lastKnownFileType = sourcecode.swift; path = TerminalConstants.swift; sourceTree = "<group>"; };
		4ECEE6EC25F9B87E00FAD26B /* TerminalPasswordInputView.swift */ = {isa = PBXFileReference; lastKnownFileType = sourcecode.swift; path = TerminalPasswordInputView.swift; sourceTree = "<group>"; };
		4ECFC23725FA3D2C007B0F51 /* LayoutGuide.swift */ = {isa = PBXFileReference; lastKnownFileType = sourcecode.swift; path = LayoutGuide.swift; sourceTree = "<group>"; };
		4ECFC23B25FCA592007B0F51 /* NewTerm.entitlements */ = {isa = PBXFileReference; lastKnownFileType = text.plist.entitlements; path = NewTerm.entitlements; sourceTree = "<group>"; };
		4ED1273025F9E8F60049F59B /* UIColor+AppColors.swift */ = {isa = PBXFileReference; lastKnownFileType = sourcecode.swift; path = "UIColor+AppColors.swift"; sourceTree = "<group>"; };
		CF22F9AE1FFB97F7003175DE /* prefs */ = {isa = PBXFileReference; lastKnownFileType = folder; path = prefs; sourceTree = "<group>"; };
		CF22F9B31FFB97F7003175DE /* README.md */ = {isa = PBXFileReference; lastKnownFileType = net.daringfireball.markdown; path = README.md; sourceTree = "<group>"; };
		CF6B3BA9244C4537000A608B /* LogoHeaderView.swift */ = {isa = PBXFileReference; fileEncoding = 4; lastKnownFileType = sourcecode.swift; path = LogoHeaderView.swift; sourceTree = "<group>"; };
		CF71BC2122BB61E200AFB1E1 /* NewTerm.app */ = {isa = PBXFileReference; explicitFileType = wrapper.application; includeInIndex = 0; path = NewTerm.app; sourceTree = BUILT_PRODUCTS_DIR; };
		CF71BC2322BB61E200AFB1E1 /* AppDelegate.swift */ = {isa = PBXFileReference; lastKnownFileType = sourcecode.swift; path = AppDelegate.swift; sourceTree = "<group>"; };
		CF71BC2722BB61E400AFB1E1 /* Assets.xcassets */ = {isa = PBXFileReference; lastKnownFileType = folder.assetcatalog; path = Assets.xcassets; sourceTree = "<group>"; };
		CF71BC2A22BB61E400AFB1E1 /* Base */ = {isa = PBXFileReference; lastKnownFileType = file.storyboard; name = Base; path = Base.lproj/Main.storyboard; sourceTree = "<group>"; };
		CF71BC2C22BB61E400AFB1E1 /* Info.plist */ = {isa = PBXFileReference; lastKnownFileType = text.plist.xml; path = Info.plist; sourceTree = "<group>"; };
		CF71BC2D22BB61E400AFB1E1 /* NewTerm.entitlements */ = {isa = PBXFileReference; lastKnownFileType = text.plist.entitlements; path = NewTerm.entitlements; sourceTree = "<group>"; };
		CF71BC5F22BB657500AFB1E1 /* PrefixHeader.pch */ = {isa = PBXFileReference; lastKnownFileType = sourcecode.c.h; path = PrefixHeader.pch; sourceTree = "<group>"; };
		CF71BC6022BB691700AFB1E1 /* CrossPlatformUI.swift */ = {isa = PBXFileReference; lastKnownFileType = sourcecode.swift; name = CrossPlatformUI.swift; path = Common/UI/CrossPlatformUI.swift; sourceTree = SOURCE_ROOT; };
		CF71BC6222BB69EF00AFB1E1 /* TerminalInputProtocol.swift */ = {isa = PBXFileReference; lastKnownFileType = sourcecode.swift; path = TerminalInputProtocol.swift; sourceTree = "<group>"; };
		CF71BC6422BB6A2B00AFB1E1 /* CrossPlatformUI.h */ = {isa = PBXFileReference; lastKnownFileType = sourcecode.c.h; path = CrossPlatformUI.h; sourceTree = "<group>"; };
		CF71BC6622BB6AD500AFB1E1 /* NewTermCommon.h */ = {isa = PBXFileReference; lastKnownFileType = sourcecode.c.h; path = NewTermCommon.h; sourceTree = "<group>"; };
		CF71BC8422BB6DBA00AFB1E1 /* NewTermCommon.framework */ = {isa = PBXFileReference; explicitFileType = wrapper.framework; includeInIndex = 0; path = NewTermCommon.framework; sourceTree = BUILT_PRODUCTS_DIR; };
		CF71BC8722BB6DBB00AFB1E1 /* Info.plist */ = {isa = PBXFileReference; lastKnownFileType = text.plist.xml; path = Info.plist; sourceTree = "<group>"; };
		CF71BCC222BB727B00AFB1E1 /* libcurses.tbd */ = {isa = PBXFileReference; lastKnownFileType = "sourcecode.text-based-dylib-definition"; name = libcurses.tbd; path = usr/lib/libcurses.tbd; sourceTree = SDKROOT; };
		CF71BCE122BB79DD00AFB1E1 /* TerminalSessionViewController.swift */ = {isa = PBXFileReference; lastKnownFileType = sourcecode.swift; path = TerminalSessionViewController.swift; sourceTree = "<group>"; };
		CF71BCE322BB7AA600AFB1E1 /* BridgingHeader.h */ = {isa = PBXFileReference; lastKnownFileType = sourcecode.c.h; path = BridgingHeader.h; sourceTree = "<group>"; };
		CF71BCED22BB862600AFB1E1 /* TerminalTextView.swift */ = {isa = PBXFileReference; lastKnownFileType = sourcecode.swift; path = TerminalTextView.swift; sourceTree = "<group>"; };
		CF71BCEF22BB8AA800AFB1E1 /* FontMetrics.swift */ = {isa = PBXFileReference; lastKnownFileType = sourcecode.swift; path = FontMetrics.swift; sourceTree = "<group>"; };
		CFBB966122B546DA00585BE6 /* NewTerm.app */ = {isa = PBXFileReference; explicitFileType = wrapper.application; includeInIndex = 0; path = NewTerm.app; sourceTree = BUILT_PRODUCTS_DIR; };
		CFBB967922B5481B00585BE6 /* PreferencesRootController.m */ = {isa = PBXFileReference; fileEncoding = 4; lastKnownFileType = sourcecode.c.objc; path = PreferencesRootController.m; sourceTree = "<group>"; };
		CFBB967A22B5481B00585BE6 /* PreferencesRootController.h */ = {isa = PBXFileReference; fileEncoding = 4; lastKnownFileType = sourcecode.c.h; path = PreferencesRootController.h; sourceTree = "<group>"; };
		CFBB967C22B5481B00585BE6 /* HUDView.swift */ = {isa = PBXFileReference; fileEncoding = 4; lastKnownFileType = sourcecode.swift; path = HUDView.swift; sourceTree = "<group>"; };
		CFBB967D22B5481B00585BE6 /* TerminalSampleView.swift */ = {isa = PBXFileReference; fileEncoding = 4; lastKnownFileType = sourcecode.swift; path = TerminalSampleView.swift; sourceTree = "<group>"; };
		CFBB967F22B5481B00585BE6 /* UIColor+HBAdditions.h */ = {isa = PBXFileReference; fileEncoding = 4; lastKnownFileType = sourcecode.c.h; path = "UIColor+HBAdditions.h"; sourceTree = "<group>"; };
		CFBB968022B5481B00585BE6 /* UIColor+HBAdditions.m */ = {isa = PBXFileReference; fileEncoding = 4; lastKnownFileType = sourcecode.c.objc; path = "UIColor+HBAdditions.m"; sourceTree = "<group>"; };
		CFBB968222B5481B00585BE6 /* TabCollectionViewCell.swift */ = {isa = PBXFileReference; fileEncoding = 4; lastKnownFileType = sourcecode.swift; path = TabCollectionViewCell.swift; sourceTree = "<group>"; };
		CFBB968322B5481B00585BE6 /* TabToolbarViewController.swift */ = {isa = PBXFileReference; fileEncoding = 4; lastKnownFileType = sourcecode.swift; path = TabToolbarViewController.swift; sourceTree = "<group>"; };
		CFBB968522B5481B00585BE6 /* TerminalKeyInput.swift */ = {isa = PBXFileReference; fileEncoding = 4; lastKnownFileType = sourcecode.swift; path = TerminalKeyInput.swift; sourceTree = "<group>"; };
		CFBB968722B5481B00585BE6 /* KeyboardToolbar.swift */ = {isa = PBXFileReference; fileEncoding = 4; lastKnownFileType = sourcecode.swift; path = KeyboardToolbar.swift; sourceTree = "<group>"; };
		CFBB968822B5481B00585BE6 /* TextInputBase.m */ = {isa = PBXFileReference; fileEncoding = 4; lastKnownFileType = sourcecode.c.objc; path = TextInputBase.m; sourceTree = "<group>"; };
		CFBB968922B5481B00585BE6 /* KeyboardPopupToolbar.swift */ = {isa = PBXFileReference; fileEncoding = 4; lastKnownFileType = sourcecode.swift; path = KeyboardPopupToolbar.swift; sourceTree = "<group>"; };
		CFBB968A22B5481B00585BE6 /* TerminalTextView.swift */ = {isa = PBXFileReference; fileEncoding = 4; lastKnownFileType = sourcecode.swift; path = TerminalTextView.swift; sourceTree = "<group>"; };
		CFBB968B22B5481B00585BE6 /* KeyboardButton.swift */ = {isa = PBXFileReference; fileEncoding = 4; lastKnownFileType = sourcecode.swift; path = KeyboardButton.swift; sourceTree = "<group>"; };
		CFBB968C22B5481B00585BE6 /* TextInputBase.h */ = {isa = PBXFileReference; fileEncoding = 4; lastKnownFileType = sourcecode.c.h; path = TextInputBase.h; sourceTree = "<group>"; };
		CFBB968D22B5481B00585BE6 /* Global.swift */ = {isa = PBXFileReference; fileEncoding = 4; lastKnownFileType = sourcecode.swift; path = Global.swift; sourceTree = "<group>"; };
		CFBB968E22B5481B00585BE6 /* LaunchScreen.storyboard */ = {isa = PBXFileReference; fileEncoding = 4; lastKnownFileType = file.storyboard; path = LaunchScreen.storyboard; sourceTree = "<group>"; };
		CFBB969322B5481B00585BE6 /* NSArray+Additions.h */ = {isa = PBXFileReference; fileEncoding = 4; lastKnownFileType = sourcecode.c.h; path = "NSArray+Additions.h"; sourceTree = "<group>"; };
		CFBB969422B5481B00585BE6 /* NSArray+Additions.m */ = {isa = PBXFileReference; fileEncoding = 4; lastKnownFileType = sourcecode.c.objc; path = "NSArray+Additions.m"; sourceTree = "<group>"; };
		CFBB969622B5481B00585BE6 /* RootViewController.swift */ = {isa = PBXFileReference; fileEncoding = 4; lastKnownFileType = sourcecode.swift; path = RootViewController.swift; sourceTree = "<group>"; };
		CFBB969722B5481B00585BE6 /* TerminalSessionViewController.swift */ = {isa = PBXFileReference; fileEncoding = 4; lastKnownFileType = sourcecode.swift; path = TerminalSessionViewController.swift; sourceTree = "<group>"; };
		CFBB96B722B5481B00585BE6 /* UIView+CompactConstraint.m */ = {isa = PBXFileReference; fileEncoding = 4; lastKnownFileType = sourcecode.c.objc; path = "UIView+CompactConstraint.m"; sourceTree = "<group>"; };
		CFBB96B822B5481B00585BE6 /* LICENSE */ = {isa = PBXFileReference; fileEncoding = 4; lastKnownFileType = text; path = LICENSE; sourceTree = "<group>"; };
		CFBB96B922B5481B00585BE6 /* NSLayoutConstraint+CompactConstraint.m */ = {isa = PBXFileReference; fileEncoding = 4; lastKnownFileType = sourcecode.c.objc; path = "NSLayoutConstraint+CompactConstraint.m"; sourceTree = "<group>"; };
		CFBB96BA22B5481B00585BE6 /* UIView+CompactConstraint.h */ = {isa = PBXFileReference; fileEncoding = 4; lastKnownFileType = sourcecode.c.h; path = "UIView+CompactConstraint.h"; sourceTree = "<group>"; };
		CFBB96BB22B5481B00585BE6 /* NSLayoutConstraint+CompactConstraint.h */ = {isa = PBXFileReference; fileEncoding = 4; lastKnownFileType = sourcecode.c.h; path = "NSLayoutConstraint+CompactConstraint.h"; sourceTree = "<group>"; };
		CFBB96BC22B5481B00585BE6 /* CompactConstraint.h */ = {isa = PBXFileReference; fileEncoding = 4; lastKnownFileType = sourcecode.c.h; path = CompactConstraint.h; sourceTree = "<group>"; };
		CFBB96BE22B5481B00585BE6 /* BridgingHeader.h */ = {isa = PBXFileReference; fileEncoding = 4; lastKnownFileType = sourcecode.c.h; path = BridgingHeader.h; sourceTree = "<group>"; };
		CFBB96C022B5481B00585BE6 /* Info.plist */ = {isa = PBXFileReference; fileEncoding = 4; lastKnownFileType = text.plist.xml; path = Info.plist; sourceTree = "<group>"; };
		CFBB96C222B5481B00585BE6 /* SubProcess.swift */ = {isa = PBXFileReference; fileEncoding = 4; lastKnownFileType = sourcecode.swift; path = SubProcess.swift; sourceTree = "<group>"; };
		CFBB96C322B5481B00585BE6 /* Preferences.swift */ = {isa = PBXFileReference; fileEncoding = 4; lastKnownFileType = sourcecode.swift; path = Preferences.swift; sourceTree = "<group>"; };
		CFBB96C422B5481B00585BE6 /* AppDelegate.swift */ = {isa = PBXFileReference; fileEncoding = 4; lastKnownFileType = sourcecode.swift; path = AppDelegate.swift; sourceTree = "<group>"; };
		CFBB96C522B5481B00585BE6 /* TerminalController.swift */ = {isa = PBXFileReference; fileEncoding = 4; lastKnownFileType = sourcecode.swift; path = TerminalController.swift; sourceTree = "<group>"; };
		CFBB96C622B5481B00585BE6 /* TerminalSceneDelegate.swift */ = {isa = PBXFileReference; fileEncoding = 4; lastKnownFileType = sourcecode.swift; path = TerminalSceneDelegate.swift; sourceTree = "<group>"; };
		CFBB96F122B548D700585BE6 /* en */ = {isa = PBXFileReference; lastKnownFileType = text.plist.strings; name = en; path = en.lproj/Localizable.strings; sourceTree = "<group>"; };
		CFBB96F322B548D700585BE6 /* en */ = {isa = PBXFileReference; lastKnownFileType = text.plist.strings; name = en; path = en.lproj/InfoPlist.strings; sourceTree = "<group>"; };
		CFBB96F722B548D700585BE6 /* bell.m4a */ = {isa = PBXFileReference; lastKnownFileType = file; path = bell.m4a; sourceTree = "<group>"; };
		CFBB96FE22B548D700585BE6 /* colortest.txt */ = {isa = PBXFileReference; fileEncoding = 4; lastKnownFileType = text; path = colortest.txt; sourceTree = "<group>"; };
		CFBB96FF22B548D700585BE6 /* Fonts.plist */ = {isa = PBXFileReference; fileEncoding = 4; lastKnownFileType = text.plist.xml; path = Fonts.plist; sourceTree = "<group>"; };
		CFBB972322B548D700585BE6 /* Themes.plist */ = {isa = PBXFileReference; fileEncoding = 4; lastKnownFileType = text.plist.xml; path = Themes.plist; sourceTree = "<group>"; };
		CFBB975922B5499600585BE6 /* Assets.xcassets */ = {isa = PBXFileReference; lastKnownFileType = folder.assetcatalog; path = Assets.xcassets; sourceTree = "<group>"; };
		CFBB975C22B54AA600585BE6 /* libncurses.tbd */ = {isa = PBXFileReference; lastKnownFileType = "sourcecode.text-based-dylib-definition"; name = libncurses.tbd; path = Platforms/iPhoneOS.platform/Developer/SDKs/iPhoneOS13.0.sdk/usr/lib/libncurses.tbd; sourceTree = DEVELOPER_DIR; };
		CFBB975E22B54AAA00585BE6 /* libcurses.tbd */ = {isa = PBXFileReference; lastKnownFileType = "sourcecode.text-based-dylib-definition"; name = libcurses.tbd; path = Platforms/iPhoneOS.platform/Developer/SDKs/iPhoneOS13.0.sdk/usr/lib/libcurses.tbd; sourceTree = DEVELOPER_DIR; };
		CFD5538A2345E315005805D1 /* curses.h */ = {isa = PBXFileReference; fileEncoding = 4; lastKnownFileType = sourcecode.c.h; path = curses.h; sourceTree = "<group>"; };
		CFD5538B2345E315005805D1 /* term.h */ = {isa = PBXFileReference; fileEncoding = 4; lastKnownFileType = sourcecode.c.h; path = term.h; sourceTree = "<group>"; };
		CFD5538C2345E315005805D1 /* ncurses_dll.h */ = {isa = PBXFileReference; fileEncoding = 4; lastKnownFileType = sourcecode.c.h; path = ncurses_dll.h; sourceTree = "<group>"; };
		CFD5538D2345E315005805D1 /* ncurses.h */ = {isa = PBXFileReference; fileEncoding = 4; lastKnownFileType = sourcecode.c.h; path = ncurses.h; sourceTree = "<group>"; };
/* End PBXFileReference section */

/* Begin PBXFrameworksBuildPhase section */
		CF71BC1E22BB61E200AFB1E1 /* Frameworks */ = {
			isa = PBXFrameworksBuildPhase;
			buildActionMask = 2147483647;
			files = (
				CF71BC8B22BB6DBB00AFB1E1 /* NewTermCommon.framework in Frameworks */,
			);
			runOnlyForDeploymentPostprocessing = 0;
		};
		CF71BC8122BB6DBA00AFB1E1 /* Frameworks */ = {
			isa = PBXFrameworksBuildPhase;
			buildActionMask = 2147483647;
			files = (
				4E9FB96C26171A01005AFCC8 /* SwiftTerm in Frameworks */,
				CF71BCC322BB727B00AFB1E1 /* libcurses.tbd in Frameworks */,
			);
			runOnlyForDeploymentPostprocessing = 0;
		};
		CFBB965E22B546DA00585BE6 /* Frameworks */ = {
			isa = PBXFrameworksBuildPhase;
			buildActionMask = 2147483647;
			files = (
				CF71BC9322BB6DEA00AFB1E1 /* NewTermCommon.framework in Frameworks */,
			);
			runOnlyForDeploymentPostprocessing = 0;
		};
/* End PBXFrameworksBuildPhase section */

/* Begin PBXGroup section */
		CF22F9A81FFB97F7003175DE = {
			isa = PBXGroup;
			children = (
				4ECFC23B25FCA592007B0F51 /* NewTerm.entitlements */,
				CF22F9B31FFB97F7003175DE /* README.md */,
				CFBB967622B5481A00585BE6 /* iOS */,
				CF71BC2222BB61E200AFB1E1 /* Mac */,
				CF71BC3622BB626700AFB1E1 /* Common */,
				CFBB96EF22B548D700585BE6 /* Resources */,
				CF22F9AE1FFB97F7003175DE /* prefs */,
				CFBB975B22B54AA600585BE6 /* Frameworks */,
				CFBB966122B546DA00585BE6 /* NewTerm.app */,
				CF71BC2122BB61E200AFB1E1 /* NewTerm.app */,
				CF71BC8422BB6DBA00AFB1E1 /* NewTermCommon.framework */,
			);
			sourceTree = "<group>";
		};
		CF71BC2222BB61E200AFB1E1 /* Mac */ = {
			isa = PBXGroup;
			children = (
				CF71BCDF22BB79C200AFB1E1 /* Controllers */,
				CF71BCEB22BB860C00AFB1E1 /* UI */,
				CF71BCE022BB79CF00AFB1E1 /* ViewControllers */,
				CF71BC2922BB61E400AFB1E1 /* Main.storyboard */,
				CF71BC2722BB61E400AFB1E1 /* Assets.xcassets */,
				CF71BCE422BB7AA900AFB1E1 /* Supporting Files */,
			);
			path = Mac;
			sourceTree = "<group>";
		};
		CF71BC3622BB626700AFB1E1 /* Common */ = {
			isa = PBXGroup;
			children = (
				CF71BC3E22BB62B400AFB1E1 /* Controllers */,
				CFBB969222B5481B00585BE6 /* Extensions */,
				CF71BC6522BB6A5800AFB1E1 /* UI */,
				CFBB969822B5481B00585BE6 /* VT100 */,
				CFBB96B122B5481B00585BE6 /* External */,
				CFBB968D22B5481B00585BE6 /* Global.swift */,
				CF71BC5E22BB643600AFB1E1 /* Supporting Files */,
			);
			path = Common;
			sourceTree = "<group>";
		};
		CF71BC3E22BB62B400AFB1E1 /* Controllers */ = {
			isa = PBXGroup;
			children = (
				CFBB96C322B5481B00585BE6 /* Preferences.swift */,
				CFBB96C222B5481B00585BE6 /* SubProcess.swift */,
				CFBB96C522B5481B00585BE6 /* TerminalController.swift */,
			);
			path = Controllers;
			sourceTree = "<group>";
		};
		CF71BC5E22BB643600AFB1E1 /* Supporting Files */ = {
			isa = PBXGroup;
			children = (
				CF71BC8722BB6DBB00AFB1E1 /* Info.plist */,
				CF71BC6622BB6AD500AFB1E1 /* NewTermCommon.h */,
				CF71BC5F22BB657500AFB1E1 /* PrefixHeader.pch */,
			);
			path = "Supporting Files";
			sourceTree = "<group>";
		};
		CF71BC6522BB6A5800AFB1E1 /* UI */ = {
			isa = PBXGroup;
			children = (
				CF71BC6422BB6A2B00AFB1E1 /* CrossPlatformUI.h */,
				CF71BC6022BB691700AFB1E1 /* CrossPlatformUI.swift */,
			);
			path = UI;
			sourceTree = "<group>";
		};
		CF71BCDF22BB79C200AFB1E1 /* Controllers */ = {
			isa = PBXGroup;
			children = (
				CF71BC2322BB61E200AFB1E1 /* AppDelegate.swift */,
			);
			path = Controllers;
			sourceTree = "<group>";
		};
		CF71BCE022BB79CF00AFB1E1 /* ViewControllers */ = {
			isa = PBXGroup;
			children = (
				CF71BCE122BB79DD00AFB1E1 /* TerminalSessionViewController.swift */,
			);
			path = ViewControllers;
			sourceTree = "<group>";
		};
		CF71BCE422BB7AA900AFB1E1 /* Supporting Files */ = {
			isa = PBXGroup;
			children = (
				CF71BCE322BB7AA600AFB1E1 /* BridgingHeader.h */,
				CF71BC2C22BB61E400AFB1E1 /* Info.plist */,
				CF71BC2D22BB61E400AFB1E1 /* NewTerm.entitlements */,
			);
			path = "Supporting Files";
			sourceTree = "<group>";
		};
		CF71BCEB22BB860C00AFB1E1 /* UI */ = {
			isa = PBXGroup;
			children = (
				CF71BCEC22BB861900AFB1E1 /* Terminal */,
			);
			path = UI;
			sourceTree = "<group>";
		};
		CF71BCEC22BB861900AFB1E1 /* Terminal */ = {
			isa = PBXGroup;
			children = (
				CF71BCED22BB862600AFB1E1 /* TerminalTextView.swift */,
			);
			path = Terminal;
			sourceTree = "<group>";
		};
		CFBB967622B5481A00585BE6 /* iOS */ = {
			isa = PBXGroup;
			children = (
				CFBB96C122B5481B00585BE6 /* Controllers */,
				CFBB967722B5481A00585BE6 /* UI */,
				CFBB969522B5481B00585BE6 /* View Controllers */,
				CFBB968E22B5481B00585BE6 /* LaunchScreen.storyboard */,
				CFBB96BD22B5481B00585BE6 /* Supporting Files */,
				4E9B32DF260C66B5006A1FBC /* Bundle+NewTermAdditions.swift */,
			);
			path = iOS;
			sourceTree = "<group>";
		};
		CFBB967722B5481A00585BE6 /* UI */ = {
			isa = PBXGroup;
			children = (
				CFBB968422B5481B00585BE6 /* Keyboard */,
				CFBB967822B5481B00585BE6 /* Preferences */,
				CFBB967B22B5481B00585BE6 /* Terminal */,
				CFBB968122B5481B00585BE6 /* Top Bar */,
				4ED1273025F9E8F60049F59B /* UIColor+AppColors.swift */,
				4ECFC23725FA3D2C007B0F51 /* LayoutGuide.swift */,
			);
			path = UI;
			sourceTree = "<group>";
		};
		CFBB967822B5481B00585BE6 /* Preferences */ = {
			isa = PBXGroup;
			children = (
				CFBB967A22B5481B00585BE6 /* PreferencesRootController.h */,
				CFBB967922B5481B00585BE6 /* PreferencesRootController.m */,
				CF6B3BA9244C4537000A608B /* LogoHeaderView.swift */,
			);
			path = Preferences;
			sourceTree = "<group>";
		};
		CFBB967B22B5481B00585BE6 /* Terminal */ = {
			isa = PBXGroup;
			children = (
				CFBB967C22B5481B00585BE6 /* HUDView.swift */,
				CFBB967D22B5481B00585BE6 /* TerminalSampleView.swift */,
			);
			path = Terminal;
			sourceTree = "<group>";
		};
		CFBB968122B5481B00585BE6 /* Top Bar */ = {
			isa = PBXGroup;
			children = (
				CFBB968222B5481B00585BE6 /* TabCollectionViewCell.swift */,
				CFBB968322B5481B00585BE6 /* TabToolbarViewController.swift */,
			);
			path = "Top Bar";
			sourceTree = "<group>";
		};
		CFBB968422B5481B00585BE6 /* Keyboard */ = {
			isa = PBXGroup;
			children = (
				CFBB968B22B5481B00585BE6 /* KeyboardButton.swift */,
				CFBB968922B5481B00585BE6 /* KeyboardPopupToolbar.swift */,
				CFBB968722B5481B00585BE6 /* KeyboardToolbar.swift */,
				CFBB968522B5481B00585BE6 /* TerminalKeyInput.swift */,
				CFBB968A22B5481B00585BE6 /* TerminalTextView.swift */,
				CFBB968C22B5481B00585BE6 /* TextInputBase.h */,
				CFBB968822B5481B00585BE6 /* TextInputBase.m */,
				4ECEE6EC25F9B87E00FAD26B /* TerminalPasswordInputView.swift */,
			);
			path = Keyboard;
			sourceTree = "<group>";
		};
		CFBB969222B5481B00585BE6 /* Extensions */ = {
			isa = PBXGroup;
			children = (
				CFBB969322B5481B00585BE6 /* NSArray+Additions.h */,
				CFBB969422B5481B00585BE6 /* NSArray+Additions.m */,
				CFBB967F22B5481B00585BE6 /* UIColor+HBAdditions.h */,
				CFBB968022B5481B00585BE6 /* UIColor+HBAdditions.m */,
				4E9FB97126172079005AFCC8 /* Color+Additions.swift */,
			);
			path = Extensions;
			sourceTree = "<group>";
		};
		CFBB969522B5481B00585BE6 /* View Controllers */ = {
			isa = PBXGroup;
			children = (
				CFBB969622B5481B00585BE6 /* RootViewController.swift */,
				CFBB969722B5481B00585BE6 /* TerminalSessionViewController.swift */,
			);
			path = "View Controllers";
			sourceTree = "<group>";
		};
		CFBB969822B5481B00585BE6 /* VT100 */ = {
			isa = PBXGroup;
			children = (
				CF71BCEF22BB8AA800AFB1E1 /* FontMetrics.swift */,
				CF71BC6222BB69EF00AFB1E1 /* TerminalInputProtocol.swift */,
				4E9FB97426172293005AFCC8 /* StringSupplier.swift */,
				4E9FB977261724FA005AFCC8 /* ColorMap.swift */,
				4E9FB97C26174A78005AFCC8 /* TerminalConstants.swift */,
			);
			path = VT100;
			sourceTree = "<group>";
		};
		CFBB96B122B5481B00585BE6 /* External */ = {
			isa = PBXGroup;
			children = (
				CFBB96B622B5481B00585BE6 /* CompactConstraint */,
				CFBB96B222B5481B00585BE6 /* ncurses */,
			);
			path = External;
			sourceTree = "<group>";
		};
		CFBB96B222B5481B00585BE6 /* ncurses */ = {
			isa = PBXGroup;
			children = (
				CFD5538A2345E315005805D1 /* curses.h */,
				CFD5538C2345E315005805D1 /* ncurses_dll.h */,
				CFD5538D2345E315005805D1 /* ncurses.h */,
				CFD5538B2345E315005805D1 /* term.h */,
			);
			path = ncurses;
			sourceTree = "<group>";
		};
		CFBB96B622B5481B00585BE6 /* CompactConstraint */ = {
			isa = PBXGroup;
			children = (
				CFBB96BC22B5481B00585BE6 /* CompactConstraint.h */,
				CFBB96BB22B5481B00585BE6 /* NSLayoutConstraint+CompactConstraint.h */,
				CFBB96B922B5481B00585BE6 /* NSLayoutConstraint+CompactConstraint.m */,
				CFBB96BA22B5481B00585BE6 /* UIView+CompactConstraint.h */,
				CFBB96B722B5481B00585BE6 /* UIView+CompactConstraint.m */,
				CFBB96B822B5481B00585BE6 /* LICENSE */,
			);
			path = CompactConstraint;
			sourceTree = "<group>";
		};
		CFBB96BD22B5481B00585BE6 /* Supporting Files */ = {
			isa = PBXGroup;
			children = (
				CFBB96BE22B5481B00585BE6 /* BridgingHeader.h */,
				CFBB96C022B5481B00585BE6 /* Info.plist */,
			);
			path = "Supporting Files";
			sourceTree = "<group>";
		};
		CFBB96C122B5481B00585BE6 /* Controllers */ = {
			isa = PBXGroup;
			children = (
				CFBB96C422B5481B00585BE6 /* AppDelegate.swift */,
				CFBB96C622B5481B00585BE6 /* TerminalSceneDelegate.swift */,
			);
			path = Controllers;
			sourceTree = "<group>";
		};
		CFBB96EF22B548D700585BE6 /* Resources */ = {
			isa = PBXGroup;
			children = (
				CFBB975922B5499600585BE6 /* Assets.xcassets */,
				CFBB96F022B548D700585BE6 /* Localizable.strings */,
				4E9B32DA260C65AE006A1FBC /* Localizable.stringsdict */,
				CFBB96F222B548D700585BE6 /* InfoPlist.strings */,
				CFBB96FF22B548D700585BE6 /* Fonts.plist */,
				CFBB972322B548D700585BE6 /* Themes.plist */,
				CFBB96F722B548D700585BE6 /* bell.m4a */,
				CFBB96FE22B548D700585BE6 /* colortest.txt */,
			);
			path = Resources;
			sourceTree = "<group>";
		};
		CFBB975B22B54AA600585BE6 /* Frameworks */ = {
			isa = PBXGroup;
			children = (
				CFBB975E22B54AAA00585BE6 /* libcurses.tbd */,
				CF71BCC222BB727B00AFB1E1 /* libcurses.tbd */,
				CFBB975C22B54AA600585BE6 /* libncurses.tbd */,
			);
			name = Frameworks;
			sourceTree = "<group>";
		};
/* End PBXGroup section */

/* Begin PBXHeadersBuildPhase section */
		CF71BC7F22BB6DBA00AFB1E1 /* Headers */ = {
			isa = PBXHeadersBuildPhase;
			buildActionMask = 2147483647;
			files = (
				CF71BCDC22BB737700AFB1E1 /* NewTermCommon.h in Headers */,
				CF71BCC622BB737200AFB1E1 /* NSArray+Additions.h in Headers */,
				CF71BCC722BB737200AFB1E1 /* UIColor+HBAdditions.h in Headers */,
				CF71BCC822BB737200AFB1E1 /* CrossPlatformUI.h in Headers */,
				CFD553912345E315005805D1 /* ncurses.h in Headers */,
				CFD553902345E315005805D1 /* ncurses_dll.h in Headers */,
				CFD5538E2345E315005805D1 /* curses.h in Headers */,
				CFD5538F2345E315005805D1 /* term.h in Headers */,
				CF71BCD622BB737200AFB1E1 /* CompactConstraint.h in Headers */,
				CF71BCD722BB737200AFB1E1 /* NSLayoutConstraint+CompactConstraint.h in Headers */,
				CF71BCD822BB737200AFB1E1 /* UIView+CompactConstraint.h in Headers */,
			);
			runOnlyForDeploymentPostprocessing = 0;
		};
/* End PBXHeadersBuildPhase section */

/* Begin PBXLegacyTarget section */
		CF22F9C01FFB98A5003175DE /* NewTerm (Theos) */ = {
			isa = PBXLegacyTarget;
			buildArgumentsString = "do THEOS_DEVICE_IP=local XCODE=1 THEOS=/Users/kirb/theos";
			buildConfigurationList = CF22F9C11FFB98A5003175DE /* Build configuration list for PBXLegacyTarget "NewTerm (Theos)" */;
			buildPhases = (
			);
			buildToolPath = /usr/local/bin/make;
			buildWorkingDirectory = "";
			dependencies = (
			);
			name = "NewTerm (Theos)";
			passBuildSettingsInEnvironment = 0;
			productName = NewTerm;
		};
/* End PBXLegacyTarget section */

/* Begin PBXNativeTarget section */
		CF71BC2022BB61E200AFB1E1 /* NewTerm (macOS) */ = {
			isa = PBXNativeTarget;
			buildConfigurationList = CF71BC2E22BB61E400AFB1E1 /* Build configuration list for PBXNativeTarget "NewTerm (macOS)" */;
			buildPhases = (
				CF71BC1D22BB61E200AFB1E1 /* Sources */,
				CF71BC1E22BB61E200AFB1E1 /* Frameworks */,
				CF71BC1F22BB61E200AFB1E1 /* Resources */,
				CF71BC9022BB6DBB00AFB1E1 /* Embed Frameworks */,
			);
			buildRules = (
			);
			dependencies = (
				CF71BC8A22BB6DBB00AFB1E1 /* PBXTargetDependency */,
			);
			name = "NewTerm (macOS)";
			productName = "NewTerm (macOS)";
			productReference = CF71BC2122BB61E200AFB1E1 /* NewTerm.app */;
			productType = "com.apple.product-type.application";
		};
		CF71BC8322BB6DBA00AFB1E1 /* NewTerm Common */ = {
			isa = PBXNativeTarget;
			buildConfigurationList = CF71BC8D22BB6DBB00AFB1E1 /* Build configuration list for PBXNativeTarget "NewTerm Common" */;
			buildPhases = (
				CF71BC7F22BB6DBA00AFB1E1 /* Headers */,
				CF71BC8022BB6DBA00AFB1E1 /* Sources */,
				CF71BC8122BB6DBA00AFB1E1 /* Frameworks */,
				CF71BC8222BB6DBA00AFB1E1 /* Resources */,
			);
			buildRules = (
			);
			dependencies = (
			);
			name = "NewTerm Common";
			packageProductDependencies = (
				4E9FB96B26171A01005AFCC8 /* SwiftTerm */,
			);
			productName = "NewTerm Common";
			productReference = CF71BC8422BB6DBA00AFB1E1 /* NewTermCommon.framework */;
			productType = "com.apple.product-type.framework";
		};
		CFBB966022B546DA00585BE6 /* NewTerm (iOS) */ = {
			isa = PBXNativeTarget;
			buildConfigurationList = CFBB967222B546DB00585BE6 /* Build configuration list for PBXNativeTarget "NewTerm (iOS)" */;
			buildPhases = (
				CFBB965D22B546DA00585BE6 /* Sources */,
				CFBB965E22B546DA00585BE6 /* Frameworks */,
				CFBB965F22B546DA00585BE6 /* Resources */,
				CF71BC0422BB511700AFB1E1 /* Embed Frameworks */,
			);
			buildRules = (
			);
			dependencies = (
				CF71BC9622BB6DEA00AFB1E1 /* PBXTargetDependency */,
			);
			name = "NewTerm (iOS)";
			productName = "NewTerm (macOS)";
			productReference = CFBB966122B546DA00585BE6 /* NewTerm.app */;
			productType = "com.apple.product-type.application";
		};
/* End PBXNativeTarget section */

/* Begin PBXProject section */
		CF22F9A91FFB97F7003175DE /* Project object */ = {
			isa = PBXProject;
			attributes = {
				LastSwiftUpdateCheck = 1100;
				LastUpgradeCheck = 1100;
				TargetAttributes = {
					CF22F9C01FFB98A5003175DE = {
						CreatedOnToolsVersion = 9.1;
					};
					CF71BC2022BB61E200AFB1E1 = {
						CreatedOnToolsVersion = 11.0;
						ProvisioningStyle = Automatic;
					};
					CF71BC8322BB6DBA00AFB1E1 = {
						CreatedOnToolsVersion = 11.0;
						ProvisioningStyle = Automatic;
					};
					CFBB966022B546DA00585BE6 = {
						CreatedOnToolsVersion = 11.0;
						ProvisioningStyle = Automatic;
					};
				};
			};
			buildConfigurationList = CF22F9AC1FFB97F7003175DE /* Build configuration list for PBXProject "NewTerm" */;
			compatibilityVersion = "Xcode 8.0";
			developmentRegion = en;
			hasScannedForEncodings = 0;
			knownRegions = (
				en,
				Base,
			);
			mainGroup = CF22F9A81FFB97F7003175DE;
			packageReferences = (
				4E9FB96A26171A01005AFCC8 /* XCRemoteSwiftPackageReference "SwiftTerm" */,
			);
			productRefGroup = CF22F9A81FFB97F7003175DE;
			projectDirPath = "";
			projectRoot = "";
			targets = (
				CF22F9C01FFB98A5003175DE /* NewTerm (Theos) */,
				CFBB966022B546DA00585BE6 /* NewTerm (iOS) */,
				CF71BC2022BB61E200AFB1E1 /* NewTerm (macOS) */,
				CF71BC8322BB6DBA00AFB1E1 /* NewTerm Common */,
			);
		};
/* End PBXProject section */

/* Begin PBXResourcesBuildPhase section */
		CF71BC1F22BB61E200AFB1E1 /* Resources */ = {
			isa = PBXResourcesBuildPhase;
			buildActionMask = 2147483647;
			files = (
				CF71BCE722BB7FBA00AFB1E1 /* colortest.txt in Resources */,
				CF71BCE922BB7FC000AFB1E1 /* InfoPlist.strings in Resources */,
				CF71BCE822BB7FBD00AFB1E1 /* Localizable.strings in Resources */,
				CF71BCE622BB7FBA00AFB1E1 /* Themes.plist in Resources */,
				CF71BC2822BB61E400AFB1E1 /* Assets.xcassets in Resources */,
				4E9B32DC260C65AE006A1FBC /* Localizable.stringsdict in Resources */,
				CF71BCE522BB7FBA00AFB1E1 /* Fonts.plist in Resources */,
				CF71BC2B22BB61E400AFB1E1 /* Main.storyboard in Resources */,
			);
			runOnlyForDeploymentPostprocessing = 0;
		};
		CF71BC8222BB6DBA00AFB1E1 /* Resources */ = {
			isa = PBXResourcesBuildPhase;
			buildActionMask = 2147483647;
			files = (
			);
			runOnlyForDeploymentPostprocessing = 0;
		};
		CFBB965F22B546DA00585BE6 /* Resources */ = {
			isa = PBXResourcesBuildPhase;
			buildActionMask = 2147483647;
			files = (
				CFBB973222B548D700585BE6 /* Fonts.plist in Resources */,
				CFBB973122B548D700585BE6 /* colortest.txt in Resources */,
				4E9B32DB260C65AE006A1FBC /* Localizable.stringsdict in Resources */,
				CFBB975A22B5499600585BE6 /* Assets.xcassets in Resources */,
				CFBB972622B548D700585BE6 /* InfoPlist.strings in Resources */,
				CFBB972522B548D700585BE6 /* Localizable.strings in Resources */,
				CFBB975622B548D700585BE6 /* Themes.plist in Resources */,
				CFBB96D522B5481B00585BE6 /* LaunchScreen.storyboard in Resources */,
				CFBB972A22B548D700585BE6 /* bell.m4a in Resources */,
			);
			runOnlyForDeploymentPostprocessing = 0;
		};
/* End PBXResourcesBuildPhase section */

/* Begin PBXSourcesBuildPhase section */
		CF71BC1D22BB61E200AFB1E1 /* Sources */ = {
			isa = PBXSourcesBuildPhase;
			buildActionMask = 2147483647;
			files = (
				CF71BCF222BB905000AFB1E1 /* AppDelegate.swift in Sources */,
				CF71BCE222BB79DD00AFB1E1 /* TerminalSessionViewController.swift in Sources */,
				4E9B32E1260C66B5006A1FBC /* Bundle+NewTermAdditions.swift in Sources */,
				CF71BCEE22BB862600AFB1E1 /* TerminalTextView.swift in Sources */,
			);
			runOnlyForDeploymentPostprocessing = 0;
		};
		CF71BC8022BB6DBA00AFB1E1 /* Sources */ = {
			isa = PBXSourcesBuildPhase;
			buildActionMask = 2147483647;
			files = (
				CF71BC9C22BB6E1100AFB1E1 /* NSArray+Additions.m in Sources */,
				CF71BC9D22BB6E1100AFB1E1 /* UIColor+HBAdditions.m in Sources */,
				4E9FB97226172079005AFCC8 /* Color+Additions.swift in Sources */,
				CF71BCDE22BB73C200AFB1E1 /* Global.swift in Sources */,
				CF71BCA822BB6E1100AFB1E1 /* NSLayoutConstraint+CompactConstraint.m in Sources */,
				CF71BCA922BB6E1100AFB1E1 /* UIView+CompactConstraint.m in Sources */,
				CF71BCF122BB8AAB00AFB1E1 /* FontMetrics.swift in Sources */,
				CF71BC9722BB6E0300AFB1E1 /* Preferences.swift in Sources */,
				CF71BC9822BB6E0300AFB1E1 /* SubProcess.swift in Sources */,
				4E9FB97526172293005AFCC8 /* StringSupplier.swift in Sources */,
				CF71BC9922BB6E0300AFB1E1 /* TerminalController.swift in Sources */,
				4E9FB97D26174A78005AFCC8 /* TerminalConstants.swift in Sources */,
				4E9FB978261724FA005AFCC8 /* ColorMap.swift in Sources */,
				CF71BC9A22BB6E0300AFB1E1 /* CrossPlatformUI.swift in Sources */,
				CF71BC9B22BB6E0300AFB1E1 /* TerminalInputProtocol.swift in Sources */,
			);
			runOnlyForDeploymentPostprocessing = 0;
		};
		CFBB965D22B546DA00585BE6 /* Sources */ = {
			isa = PBXSourcesBuildPhase;
			buildActionMask = 2147483647;
			files = (
				CFBB96C922B5481B00585BE6 /* TerminalSampleView.swift in Sources */,
				CFBB96DA22B5481B00585BE6 /* TerminalSessionViewController.swift in Sources */,
				4ECFC24625FCA67D007B0F51 /* RootViewController.swift in Sources */,
				4ECFC23825FA3D2C007B0F51 /* LayoutGuide.swift in Sources */,
				4ECEE6ED25F9B87E00FAD26B /* TerminalPasswordInputView.swift in Sources */,
				CFBB96EE22B5481B00585BE6 /* TerminalSceneDelegate.swift in Sources */,
				CFBB96EC22B5481B00585BE6 /* AppDelegate.swift in Sources */,
				CF6B3BAA244C4538000A608B /* LogoHeaderView.swift in Sources */,
				CFBB96D322B5481B00585BE6 /* KeyboardButton.swift in Sources */,
				CFBB96D122B5481B00585BE6 /* KeyboardPopupToolbar.swift in Sources */,
				4ED1273125F9E8F60049F59B /* UIColor+AppColors.swift in Sources */,
				4E9B32E0260C66B5006A1FBC /* Bundle+NewTermAdditions.swift in Sources */,
				CFBB96CD22B5481B00585BE6 /* TerminalKeyInput.swift in Sources */,
				CFBB96CB22B5481B00585BE6 /* TabCollectionViewCell.swift in Sources */,
				CFBB96D222B5481B00585BE6 /* TerminalTextView.swift in Sources */,
				CFBB96CF22B5481B00585BE6 /* KeyboardToolbar.swift in Sources */,
				CFBB96CC22B5481B00585BE6 /* TabToolbarViewController.swift in Sources */,
				CFBB96C822B5481B00585BE6 /* HUDView.swift in Sources */,
				CFBB96C722B5481B00585BE6 /* PreferencesRootController.m in Sources */,
				CFBB96D022B5481B00585BE6 /* TextInputBase.m in Sources */,
			);
			runOnlyForDeploymentPostprocessing = 0;
		};
/* End PBXSourcesBuildPhase section */

/* Begin PBXTargetDependency section */
		CF71BC8A22BB6DBB00AFB1E1 /* PBXTargetDependency */ = {
			isa = PBXTargetDependency;
			target = CF71BC8322BB6DBA00AFB1E1 /* NewTerm Common */;
			targetProxy = CF71BC8922BB6DBB00AFB1E1 /* PBXContainerItemProxy */;
		};
		CF71BC9622BB6DEA00AFB1E1 /* PBXTargetDependency */ = {
			isa = PBXTargetDependency;
			target = CF71BC8322BB6DBA00AFB1E1 /* NewTerm Common */;
			targetProxy = CF71BC9522BB6DEA00AFB1E1 /* PBXContainerItemProxy */;
		};
/* End PBXTargetDependency section */

/* Begin PBXVariantGroup section */
		CF71BC2922BB61E400AFB1E1 /* Main.storyboard */ = {
			isa = PBXVariantGroup;
			children = (
				CF71BC2A22BB61E400AFB1E1 /* Base */,
			);
			name = Main.storyboard;
			sourceTree = "<group>";
		};
		CFBB96F022B548D700585BE6 /* Localizable.strings */ = {
			isa = PBXVariantGroup;
			children = (
				CFBB96F122B548D700585BE6 /* en */,
			);
			name = Localizable.strings;
			sourceTree = "<group>";
		};
		CFBB96F222B548D700585BE6 /* InfoPlist.strings */ = {
			isa = PBXVariantGroup;
			children = (
				CFBB96F322B548D700585BE6 /* en */,
			);
			name = InfoPlist.strings;
			sourceTree = "<group>";
		};
/* End PBXVariantGroup section */

/* Begin XCBuildConfiguration section */
		CF22F9AA1FFB97F7003175DE /* Debug */ = {
			isa = XCBuildConfiguration;
			buildSettings = {
				CLANG_WARN_BLOCK_CAPTURE_AUTORELEASING = YES;
				CLANG_WARN_BOOL_CONVERSION = YES;
				CLANG_WARN_COMMA = YES;
				CLANG_WARN_CONSTANT_CONVERSION = YES;
				CLANG_WARN_DEPRECATED_OBJC_IMPLEMENTATIONS = YES;
				CLANG_WARN_EMPTY_BODY = YES;
				CLANG_WARN_ENUM_CONVERSION = YES;
				CLANG_WARN_INFINITE_RECURSION = YES;
				CLANG_WARN_INT_CONVERSION = YES;
				CLANG_WARN_NON_LITERAL_NULL_CONVERSION = YES;
				CLANG_WARN_OBJC_IMPLICIT_RETAIN_SELF = YES;
				CLANG_WARN_OBJC_LITERAL_CONVERSION = YES;
				CLANG_WARN_RANGE_LOOP_ANALYSIS = YES;
				CLANG_WARN_STRICT_PROTOTYPES = YES;
				CLANG_WARN_SUSPICIOUS_MOVE = YES;
				CLANG_WARN_UNREACHABLE_CODE = YES;
				CLANG_WARN__DUPLICATE_METHOD_MATCH = YES;
				ENABLE_STRICT_OBJC_MSGSEND = YES;
				ENABLE_TESTABILITY = YES;
				FRAMEWORK_SEARCH_PATHS = Common/External;
				GCC_NO_COMMON_BLOCKS = YES;
				GCC_WARN_64_TO_32_BIT_CONVERSION = YES;
				GCC_WARN_ABOUT_RETURN_TYPE = YES;
				GCC_WARN_UNDECLARED_SELECTOR = YES;
				GCC_WARN_UNINITIALIZED_AUTOS = YES;
				GCC_WARN_UNUSED_FUNCTION = YES;
				GCC_WARN_UNUSED_VARIABLE = YES;
				HEADER_SEARCH_PATHS = (
					Common/External,
					Common/External/ncurses,
				);
				IPHONEOS_DEPLOYMENT_TARGET = 13.0;
				LD_RUNPATH_SEARCH_PATHS = "$(SWIFT_OLD_RPATH)";
				LIBRARY_SEARCH_PATHS = Common/External;
				MACOSX_DEPLOYMENT_TARGET = 11.0;
				ONLY_ACTIVE_ARCH = YES;
				OTHER_SWIFT_FLAGS = "";
			};
			name = Debug;
		};
		CF22F9AB1FFB97F7003175DE /* Release */ = {
			isa = XCBuildConfiguration;
			buildSettings = {
				CLANG_WARN_BLOCK_CAPTURE_AUTORELEASING = YES;
				CLANG_WARN_BOOL_CONVERSION = YES;
				CLANG_WARN_COMMA = YES;
				CLANG_WARN_CONSTANT_CONVERSION = YES;
				CLANG_WARN_DEPRECATED_OBJC_IMPLEMENTATIONS = YES;
				CLANG_WARN_EMPTY_BODY = YES;
				CLANG_WARN_ENUM_CONVERSION = YES;
				CLANG_WARN_INFINITE_RECURSION = YES;
				CLANG_WARN_INT_CONVERSION = YES;
				CLANG_WARN_NON_LITERAL_NULL_CONVERSION = YES;
				CLANG_WARN_OBJC_IMPLICIT_RETAIN_SELF = YES;
				CLANG_WARN_OBJC_LITERAL_CONVERSION = YES;
				CLANG_WARN_RANGE_LOOP_ANALYSIS = YES;
				CLANG_WARN_STRICT_PROTOTYPES = YES;
				CLANG_WARN_SUSPICIOUS_MOVE = YES;
				CLANG_WARN_UNREACHABLE_CODE = YES;
				CLANG_WARN__DUPLICATE_METHOD_MATCH = YES;
				ENABLE_STRICT_OBJC_MSGSEND = YES;
				FRAMEWORK_SEARCH_PATHS = Common/External;
				GCC_NO_COMMON_BLOCKS = YES;
				GCC_WARN_64_TO_32_BIT_CONVERSION = YES;
				GCC_WARN_ABOUT_RETURN_TYPE = YES;
				GCC_WARN_UNDECLARED_SELECTOR = YES;
				GCC_WARN_UNINITIALIZED_AUTOS = YES;
				GCC_WARN_UNUSED_FUNCTION = YES;
				GCC_WARN_UNUSED_VARIABLE = YES;
				HEADER_SEARCH_PATHS = (
					Common/External,
					Common/External/ncurses,
				);
				IPHONEOS_DEPLOYMENT_TARGET = 13.0;
				LD_RUNPATH_SEARCH_PATHS = "$(SWIFT_OLD_RPATH)";
				LIBRARY_SEARCH_PATHS = Common/External;
				MACOSX_DEPLOYMENT_TARGET = 11.0;
				OTHER_SWIFT_FLAGS = "";
				SWIFT_COMPILATION_MODE = wholemodule;
			};
			name = Release;
		};
		CF22F9C21FFB98A5003175DE /* Debug */ = {
			isa = XCBuildConfiguration;
			buildSettings = {
				IPHONEOS_DEPLOYMENT_TARGET = 1.0;
				SDKROOT = iphoneos;
			};
			name = Debug;
		};
		CF22F9C31FFB98A5003175DE /* Release */ = {
			isa = XCBuildConfiguration;
			buildSettings = {
				IPHONEOS_DEPLOYMENT_TARGET = 1.0;
				SDKROOT = iphoneos;
			};
			name = Release;
		};
		CF71BC2F22BB61E400AFB1E1 /* Debug */ = {
			isa = XCBuildConfiguration;
			buildSettings = {
				ALWAYS_EMBED_SWIFT_STANDARD_LIBRARIES = YES;
				ALWAYS_SEARCH_USER_PATHS = NO;
				ASSETCATALOG_COMPILER_APPICON_NAME = AppIcon;
				CLANG_ANALYZER_NONNULL = YES;
				CLANG_ANALYZER_NUMBER_OBJECT_CONVERSION = YES_AGGRESSIVE;
				CLANG_CXX_LANGUAGE_STANDARD = "gnu++14";
				CLANG_CXX_LIBRARY = "libc++";
				CLANG_ENABLE_MODULES = YES;
				CLANG_ENABLE_OBJC_ARC = YES;
				CLANG_ENABLE_OBJC_WEAK = YES;
				CLANG_WARN_DIRECT_OBJC_ISA_USAGE = YES_ERROR;
				CLANG_WARN_DOCUMENTATION_COMMENTS = YES;
				CLANG_WARN_OBJC_ROOT_CLASS = YES_ERROR;
				CLANG_WARN_UNGUARDED_AVAILABILITY = YES_AGGRESSIVE;
				CODE_SIGN_ENTITLEMENTS = "Mac/Supporting Files/NewTerm.entitlements";
				CODE_SIGN_STYLE = Automatic;
				COMBINE_HIDPI_IMAGES = YES;
				COPY_PHASE_STRIP = NO;
				DEBUG_INFORMATION_FORMAT = dwarf;
				DEVELOPMENT_TEAM = Y9Z46WEJ27;
				ENABLE_HARDENED_RUNTIME = YES;
				GCC_C_LANGUAGE_STANDARD = gnu11;
				GCC_DYNAMIC_NO_PIC = NO;
				GCC_OPTIMIZATION_LEVEL = 0;
				GCC_PREPROCESSOR_DEFINITIONS = (
					"DEBUG=1",
					"$(inherited)",
				);
				GCC_WARN_ABOUT_RETURN_TYPE = YES_ERROR;
				GCC_WARN_UNINITIALIZED_AUTOS = YES_AGGRESSIVE;
				INFOPLIST_FILE = "Mac/Supporting Files/Info.plist";
				LD_RUNPATH_SEARCH_PATHS = (
					"$(inherited)",
					"@executable_path/../Frameworks",
				);
				MTL_ENABLE_DEBUG_INFO = INCLUDE_SOURCE;
				MTL_FAST_MATH = YES;
				PRODUCT_BUNDLE_IDENTIFIER = ws.hbang.NewTermMac;
				PRODUCT_NAME = NewTerm;
				SDKROOT = macosx;
				SWIFT_ACTIVE_COMPILATION_CONDITIONS = DEBUG;
				SWIFT_OBJC_BRIDGING_HEADER = "Mac/Supporting Files/BridgingHeader.h";
				SWIFT_OPTIMIZATION_LEVEL = "-Onone";
				SWIFT_VERSION = 5.0;
			};
			name = Debug;
		};
		CF71BC3022BB61E400AFB1E1 /* Release */ = {
			isa = XCBuildConfiguration;
			buildSettings = {
				ALWAYS_EMBED_SWIFT_STANDARD_LIBRARIES = YES;
				ALWAYS_SEARCH_USER_PATHS = NO;
				ASSETCATALOG_COMPILER_APPICON_NAME = AppIcon;
				CLANG_ANALYZER_NONNULL = YES;
				CLANG_ANALYZER_NUMBER_OBJECT_CONVERSION = YES_AGGRESSIVE;
				CLANG_CXX_LANGUAGE_STANDARD = "gnu++14";
				CLANG_CXX_LIBRARY = "libc++";
				CLANG_ENABLE_MODULES = YES;
				CLANG_ENABLE_OBJC_ARC = YES;
				CLANG_ENABLE_OBJC_WEAK = YES;
				CLANG_WARN_DIRECT_OBJC_ISA_USAGE = YES_ERROR;
				CLANG_WARN_DOCUMENTATION_COMMENTS = YES;
				CLANG_WARN_OBJC_ROOT_CLASS = YES_ERROR;
				CLANG_WARN_UNGUARDED_AVAILABILITY = YES_AGGRESSIVE;
				CODE_SIGN_ENTITLEMENTS = "Mac/Supporting Files/NewTerm.entitlements";
				CODE_SIGN_STYLE = Automatic;
				COMBINE_HIDPI_IMAGES = YES;
				COPY_PHASE_STRIP = NO;
				DEBUG_INFORMATION_FORMAT = "dwarf-with-dsym";
				DEVELOPMENT_TEAM = Y9Z46WEJ27;
				ENABLE_HARDENED_RUNTIME = YES;
				ENABLE_NS_ASSERTIONS = NO;
				GCC_C_LANGUAGE_STANDARD = gnu11;
				GCC_WARN_ABOUT_RETURN_TYPE = YES_ERROR;
				GCC_WARN_UNINITIALIZED_AUTOS = YES_AGGRESSIVE;
				INFOPLIST_FILE = "Mac/Supporting Files/Info.plist";
				LD_RUNPATH_SEARCH_PATHS = (
					"$(inherited)",
					"@executable_path/../Frameworks",
				);
				MTL_ENABLE_DEBUG_INFO = NO;
				MTL_FAST_MATH = YES;
				PRODUCT_BUNDLE_IDENTIFIER = ws.hbang.NewTermMac;
				PRODUCT_NAME = NewTerm;
				SDKROOT = macosx;
				SWIFT_OBJC_BRIDGING_HEADER = "Mac/Supporting Files/BridgingHeader.h";
				SWIFT_OPTIMIZATION_LEVEL = "-O";
				SWIFT_VERSION = 5.0;
			};
			name = Release;
		};
		CF71BC8E22BB6DBB00AFB1E1 /* Debug */ = {
			isa = XCBuildConfiguration;
			buildSettings = {
				ALWAYS_SEARCH_USER_PATHS = NO;
				CLANG_ANALYZER_NONNULL = YES;
				CLANG_ANALYZER_NUMBER_OBJECT_CONVERSION = YES_AGGRESSIVE;
				CLANG_CXX_LANGUAGE_STANDARD = "gnu++14";
				CLANG_CXX_LIBRARY = "libc++";
				CLANG_ENABLE_MODULES = YES;
				CLANG_ENABLE_OBJC_ARC = YES;
				CLANG_ENABLE_OBJC_WEAK = YES;
				CLANG_WARN_DIRECT_OBJC_ISA_USAGE = YES_ERROR;
				CLANG_WARN_DOCUMENTATION_COMMENTS = YES;
				CLANG_WARN_OBJC_ROOT_CLASS = YES_ERROR;
				CLANG_WARN_UNGUARDED_AVAILABILITY = YES_AGGRESSIVE;
				CODE_SIGN_STYLE = Automatic;
				COMBINE_HIDPI_IMAGES = YES;
				COPY_PHASE_STRIP = NO;
				CURRENT_PROJECT_VERSION = 1;
				DEBUG_INFORMATION_FORMAT = dwarf;
				DEFINES_MODULE = YES;
				DEVELOPMENT_TEAM = N2LN9ZT493;
				DYLIB_COMPATIBILITY_VERSION = 1;
				DYLIB_CURRENT_VERSION = 1;
				DYLIB_INSTALL_NAME_BASE = "@rpath";
				FRAMEWORK_VERSION = A;
				GCC_C_LANGUAGE_STANDARD = gnu11;
				GCC_DYNAMIC_NO_PIC = NO;
				GCC_OPTIMIZATION_LEVEL = 0;
				GCC_PREFIX_HEADER = "Common/Supporting Files/PrefixHeader.pch";
				GCC_PREPROCESSOR_DEFINITIONS = (
					"DEBUG=1",
					"$(inherited)",
				);
				GCC_WARN_ABOUT_RETURN_TYPE = YES_ERROR;
				GCC_WARN_UNINITIALIZED_AUTOS = YES_AGGRESSIVE;
				HEADER_SEARCH_PATHS = "Common/**";
				INFOPLIST_FILE = "Common/Supporting Files/Info.plist";
				INSTALL_PATH = "$(LOCAL_LIBRARY_DIR)/Frameworks";
				LD_RUNPATH_SEARCH_PATHS = (
					"$(inherited)",
					"@executable_path/../Frameworks",
					"@loader_path/Frameworks",
				);
				MTL_ENABLE_DEBUG_INFO = INCLUDE_SOURCE;
				MTL_FAST_MATH = YES;
				PRODUCT_BUNDLE_IDENTIFIER = "ws.hbang.NewTerm-Common";
				PRODUCT_NAME = NewTermCommon;
				SKIP_INSTALL = YES;
				SUPPORTED_PLATFORMS = "iphonesimulator iphoneos macosx";
				SUPPORTS_MACCATALYST = YES;
				SWIFT_ACTIVE_COMPILATION_CONDITIONS = DEBUG;
				SWIFT_OPTIMIZATION_LEVEL = "-Onone";
				SWIFT_VERSION = 5.0;
				VERSIONING_SYSTEM = "apple-generic";
				VERSION_INFO_PREFIX = "";
			};
			name = Debug;
		};
		CF71BC8F22BB6DBB00AFB1E1 /* Release */ = {
			isa = XCBuildConfiguration;
			buildSettings = {
				ALWAYS_SEARCH_USER_PATHS = NO;
				CLANG_ANALYZER_NONNULL = YES;
				CLANG_ANALYZER_NUMBER_OBJECT_CONVERSION = YES_AGGRESSIVE;
				CLANG_CXX_LANGUAGE_STANDARD = "gnu++14";
				CLANG_CXX_LIBRARY = "libc++";
				CLANG_ENABLE_MODULES = YES;
				CLANG_ENABLE_OBJC_ARC = YES;
				CLANG_ENABLE_OBJC_WEAK = YES;
				CLANG_WARN_DIRECT_OBJC_ISA_USAGE = YES_ERROR;
				CLANG_WARN_DOCUMENTATION_COMMENTS = YES;
				CLANG_WARN_OBJC_ROOT_CLASS = YES_ERROR;
				CLANG_WARN_UNGUARDED_AVAILABILITY = YES_AGGRESSIVE;
				CODE_SIGN_STYLE = Automatic;
				COMBINE_HIDPI_IMAGES = YES;
				COPY_PHASE_STRIP = NO;
				CURRENT_PROJECT_VERSION = 1;
				DEBUG_INFORMATION_FORMAT = "dwarf-with-dsym";
				DEFINES_MODULE = YES;
				DEVELOPMENT_TEAM = N2LN9ZT493;
				DYLIB_COMPATIBILITY_VERSION = 1;
				DYLIB_CURRENT_VERSION = 1;
				DYLIB_INSTALL_NAME_BASE = "@rpath";
				ENABLE_NS_ASSERTIONS = NO;
				FRAMEWORK_VERSION = A;
				GCC_C_LANGUAGE_STANDARD = gnu11;
				GCC_PREFIX_HEADER = "Common/Supporting Files/PrefixHeader.pch";
				GCC_WARN_ABOUT_RETURN_TYPE = YES_ERROR;
				GCC_WARN_UNINITIALIZED_AUTOS = YES_AGGRESSIVE;
				HEADER_SEARCH_PATHS = "Common/**";
				INFOPLIST_FILE = "Common/Supporting Files/Info.plist";
				INSTALL_PATH = "$(LOCAL_LIBRARY_DIR)/Frameworks";
				LD_RUNPATH_SEARCH_PATHS = (
					"$(inherited)",
					"@executable_path/../Frameworks",
					"@loader_path/Frameworks",
				);
				MTL_ENABLE_DEBUG_INFO = NO;
				MTL_FAST_MATH = YES;
				PRODUCT_BUNDLE_IDENTIFIER = "ws.hbang.NewTerm-Common";
				PRODUCT_NAME = NewTermCommon;
				SKIP_INSTALL = YES;
				SUPPORTED_PLATFORMS = "iphonesimulator iphoneos macosx";
				SUPPORTS_MACCATALYST = YES;
				SWIFT_OPTIMIZATION_LEVEL = "-O";
				SWIFT_VERSION = 5.0;
				VERSIONING_SYSTEM = "apple-generic";
				VERSION_INFO_PREFIX = "";
			};
			name = Release;
		};
		CFBB967322B546DB00585BE6 /* Debug */ = {
			isa = XCBuildConfiguration;
			buildSettings = {
				ALWAYS_EMBED_SWIFT_STANDARD_LIBRARIES = YES;
				ALWAYS_SEARCH_USER_PATHS = NO;
				ASSETCATALOG_COMPILER_APPICON_NAME = AppIcon;
				CLANG_ANALYZER_NONNULL = YES;
				CLANG_ANALYZER_NUMBER_OBJECT_CONVERSION = YES_AGGRESSIVE;
				CLANG_CXX_LANGUAGE_STANDARD = "gnu++14";
				CLANG_CXX_LIBRARY = "libc++";
				CLANG_ENABLE_MODULES = YES;
				CLANG_ENABLE_OBJC_ARC = YES;
				CLANG_ENABLE_OBJC_WEAK = YES;
				CLANG_WARN_BLOCK_CAPTURE_AUTORELEASING = YES;
				CLANG_WARN_BOOL_CONVERSION = YES;
				CLANG_WARN_COMMA = YES;
				CLANG_WARN_CONSTANT_CONVERSION = YES;
				CLANG_WARN_DEPRECATED_OBJC_IMPLEMENTATIONS = YES;
				CLANG_WARN_DIRECT_OBJC_ISA_USAGE = YES_ERROR;
				CLANG_WARN_DOCUMENTATION_COMMENTS = YES;
				CLANG_WARN_EMPTY_BODY = YES;
				CLANG_WARN_ENUM_CONVERSION = YES;
				CLANG_WARN_INFINITE_RECURSION = YES;
				CLANG_WARN_INT_CONVERSION = YES;
				CLANG_WARN_NON_LITERAL_NULL_CONVERSION = YES;
				CLANG_WARN_OBJC_IMPLICIT_RETAIN_SELF = YES;
				CLANG_WARN_OBJC_LITERAL_CONVERSION = YES;
				CLANG_WARN_OBJC_ROOT_CLASS = YES_ERROR;
				CLANG_WARN_RANGE_LOOP_ANALYSIS = YES;
				CLANG_WARN_STRICT_PROTOTYPES = YES;
				CLANG_WARN_SUSPICIOUS_MOVE = YES;
				CLANG_WARN_UNGUARDED_AVAILABILITY = YES_AGGRESSIVE;
				CLANG_WARN_UNREACHABLE_CODE = YES;
				CLANG_WARN__DUPLICATE_METHOD_MATCH = YES;
				CODE_SIGN_ENTITLEMENTS = NewTerm.entitlements;
				"CODE_SIGN_IDENTITY[sdk=macosx*]" = "Apple Development";
				CODE_SIGN_STYLE = Automatic;
				COPY_PHASE_STRIP = NO;
				CURRENT_PROJECT_VERSION = 10;
				DEBUG_INFORMATION_FORMAT = dwarf;
				DEVELOPMENT_TEAM = N2LN9ZT493;
				ENABLE_STRICT_OBJC_MSGSEND = YES;
				ENABLE_TESTABILITY = YES;
				FRAMEWORK_SEARCH_PATHS = (
					"$(inherited)",
					"$(THEOS_VENDOR_LIBRARY_PATH)",
					"$(THEOS_LIBRARY_PATH)",
				);
				GCC_C_LANGUAGE_STANDARD = gnu11;
				GCC_DYNAMIC_NO_PIC = NO;
				GCC_NO_COMMON_BLOCKS = YES;
				GCC_OPTIMIZATION_LEVEL = 0;
				GCC_PREPROCESSOR_DEFINITIONS = (
					"DEBUG=1",
					"$(inherited)",
				);
				GCC_WARN_64_TO_32_BIT_CONVERSION = YES;
				GCC_WARN_ABOUT_RETURN_TYPE = YES_ERROR;
				GCC_WARN_UNDECLARED_SELECTOR = YES;
				GCC_WARN_UNINITIALIZED_AUTOS = YES_AGGRESSIVE;
				GCC_WARN_UNUSED_FUNCTION = YES;
				GCC_WARN_UNUSED_VARIABLE = YES;
				HEADER_SEARCH_PATHS = (
					"$(THEOS_VENDOR_INCLUDE_PATH)",
					"$(THEOS_INCLUDE_PATH)",
					"$(inherited)",
					iOS,
				);
				INFOPLIST_FILE = "iOS/Supporting Files/Info.plist";
				LD_RUNPATH_SEARCH_PATHS = (
					"$(inherited)",
					"@executable_path/Frameworks",
				);
				LIBRARY_SEARCH_PATHS = (
					"$(inherited)",
					"$(THEOS_VENDOR_LIBRARY_PATH)",
					"$(THEOS_LIBRARY_PATH)",
				);
				MARKETING_VERSION = 2.5;
				MTL_ENABLE_DEBUG_INFO = INCLUDE_SOURCE;
				MTL_FAST_MATH = YES;
				ONLY_ACTIVE_ARCH = YES;
				OTHER_CFLAGS = "$(LINK_CEPHEI)";
				OTHER_LDFLAGS = "$(CEPHEI_LDFLAGS)";
				OTHER_SWIFT_FLAGS = "$(LINK_CEPHEI)";
				PRODUCT_BUNDLE_IDENTIFIER = ws.hbang.Terminal;
				PRODUCT_NAME = NewTerm;
				SDKROOT = iphoneos;
				SUPPORTS_MACCATALYST = YES;
				SWIFT_ACTIVE_COMPILATION_CONDITIONS = DEBUG;
				SWIFT_OBJC_BRIDGING_HEADER = "iOS/Supporting Files/BridgingHeader.h";
				SWIFT_OPTIMIZATION_LEVEL = "-Onone";
				SWIFT_VERSION = 5.0;
				TARGETED_DEVICE_FAMILY = "1,2,6";
			};
			name = Debug;
		};
		CFBB967422B546DB00585BE6 /* Release */ = {
			isa = XCBuildConfiguration;
			buildSettings = {
				ALWAYS_EMBED_SWIFT_STANDARD_LIBRARIES = YES;
				ALWAYS_SEARCH_USER_PATHS = NO;
				ASSETCATALOG_COMPILER_APPICON_NAME = AppIcon;
				CLANG_ANALYZER_NONNULL = YES;
				CLANG_ANALYZER_NUMBER_OBJECT_CONVERSION = YES_AGGRESSIVE;
				CLANG_CXX_LANGUAGE_STANDARD = "gnu++14";
				CLANG_CXX_LIBRARY = "libc++";
				CLANG_ENABLE_MODULES = YES;
				CLANG_ENABLE_OBJC_ARC = YES;
				CLANG_ENABLE_OBJC_WEAK = YES;
				CLANG_WARN_BLOCK_CAPTURE_AUTORELEASING = YES;
				CLANG_WARN_BOOL_CONVERSION = YES;
				CLANG_WARN_COMMA = YES;
				CLANG_WARN_CONSTANT_CONVERSION = YES;
				CLANG_WARN_DEPRECATED_OBJC_IMPLEMENTATIONS = YES;
				CLANG_WARN_DIRECT_OBJC_ISA_USAGE = YES_ERROR;
				CLANG_WARN_DOCUMENTATION_COMMENTS = YES;
				CLANG_WARN_EMPTY_BODY = YES;
				CLANG_WARN_ENUM_CONVERSION = YES;
				CLANG_WARN_INFINITE_RECURSION = YES;
				CLANG_WARN_INT_CONVERSION = YES;
				CLANG_WARN_NON_LITERAL_NULL_CONVERSION = YES;
				CLANG_WARN_OBJC_IMPLICIT_RETAIN_SELF = YES;
				CLANG_WARN_OBJC_LITERAL_CONVERSION = YES;
				CLANG_WARN_OBJC_ROOT_CLASS = YES_ERROR;
				CLANG_WARN_RANGE_LOOP_ANALYSIS = YES;
				CLANG_WARN_STRICT_PROTOTYPES = YES;
				CLANG_WARN_SUSPICIOUS_MOVE = YES;
				CLANG_WARN_UNGUARDED_AVAILABILITY = YES_AGGRESSIVE;
				CLANG_WARN_UNREACHABLE_CODE = YES;
				CLANG_WARN__DUPLICATE_METHOD_MATCH = YES;
				CODE_SIGN_ENTITLEMENTS = NewTerm.entitlements;
				"CODE_SIGN_IDENTITY[sdk=macosx*]" = "Apple Development";
				CODE_SIGN_STYLE = Automatic;
				COPY_PHASE_STRIP = NO;
				CURRENT_PROJECT_VERSION = 10;
				DEBUG_INFORMATION_FORMAT = "dwarf-with-dsym";
				DEVELOPMENT_TEAM = N2LN9ZT493;
				ENABLE_NS_ASSERTIONS = NO;
				ENABLE_STRICT_OBJC_MSGSEND = YES;
				FRAMEWORK_SEARCH_PATHS = (
					"$(inherited)",
					"$(THEOS_VENDOR_LIBRARY_PATH)",
					"$(THEOS_LIBRARY_PATH)",
				);
				GCC_C_LANGUAGE_STANDARD = gnu11;
				GCC_NO_COMMON_BLOCKS = YES;
				GCC_WARN_64_TO_32_BIT_CONVERSION = YES;
				GCC_WARN_ABOUT_RETURN_TYPE = YES_ERROR;
				GCC_WARN_UNDECLARED_SELECTOR = YES;
				GCC_WARN_UNINITIALIZED_AUTOS = YES_AGGRESSIVE;
				GCC_WARN_UNUSED_FUNCTION = YES;
				GCC_WARN_UNUSED_VARIABLE = YES;
				HEADER_SEARCH_PATHS = (
					"$(THEOS_VENDOR_INCLUDE_PATH)",
					"$(THEOS_INCLUDE_PATH)",
					"$(inherited)",
					iOS,
				);
				INFOPLIST_FILE = "iOS/Supporting Files/Info.plist";
				LD_RUNPATH_SEARCH_PATHS = (
					"$(inherited)",
					"@executable_path/Frameworks",
				);
				LIBRARY_SEARCH_PATHS = (
					"$(inherited)",
					"$(THEOS_VENDOR_LIBRARY_PATH)",
					"$(THEOS_LIBRARY_PATH)",
				);
				MARKETING_VERSION = 2.5;
				MTL_ENABLE_DEBUG_INFO = NO;
				MTL_FAST_MATH = YES;
				OTHER_CFLAGS = "$(LINK_CEPHEI)";
				OTHER_LDFLAGS = "$(CEPHEI_LDFLAGS)";
				OTHER_SWIFT_FLAGS = "$(LINK_CEPHEI)";
				PRODUCT_BUNDLE_IDENTIFIER = ws.hbang.Terminal;
				PRODUCT_NAME = NewTerm;
				SDKROOT = iphoneos;
				SUPPORTS_MACCATALYST = YES;
				SWIFT_COMPILATION_MODE = wholemodule;
				SWIFT_OBJC_BRIDGING_HEADER = "iOS/Supporting Files/BridgingHeader.h";
				SWIFT_OPTIMIZATION_LEVEL = "-O";
				SWIFT_VERSION = 5.0;
				TARGETED_DEVICE_FAMILY = "1,2,6";
				VALIDATE_PRODUCT = YES;
			};
			name = Release;
		};
/* End XCBuildConfiguration section */

/* Begin XCConfigurationList section */
		CF22F9AC1FFB97F7003175DE /* Build configuration list for PBXProject "NewTerm" */ = {
			isa = XCConfigurationList;
			buildConfigurations = (
				CF22F9AA1FFB97F7003175DE /* Debug */,
				CF22F9AB1FFB97F7003175DE /* Release */,
			);
			defaultConfigurationIsVisible = 0;
			defaultConfigurationName = Release;
		};
		CF22F9C11FFB98A5003175DE /* Build configuration list for PBXLegacyTarget "NewTerm (Theos)" */ = {
			isa = XCConfigurationList;
			buildConfigurations = (
				CF22F9C21FFB98A5003175DE /* Debug */,
				CF22F9C31FFB98A5003175DE /* Release */,
			);
			defaultConfigurationIsVisible = 0;
			defaultConfigurationName = Release;
		};
		CF71BC2E22BB61E400AFB1E1 /* Build configuration list for PBXNativeTarget "NewTerm (macOS)" */ = {
			isa = XCConfigurationList;
			buildConfigurations = (
				CF71BC2F22BB61E400AFB1E1 /* Debug */,
				CF71BC3022BB61E400AFB1E1 /* Release */,
			);
			defaultConfigurationIsVisible = 0;
			defaultConfigurationName = Release;
		};
		CF71BC8D22BB6DBB00AFB1E1 /* Build configuration list for PBXNativeTarget "NewTerm Common" */ = {
			isa = XCConfigurationList;
			buildConfigurations = (
				CF71BC8E22BB6DBB00AFB1E1 /* Debug */,
				CF71BC8F22BB6DBB00AFB1E1 /* Release */,
			);
			defaultConfigurationIsVisible = 0;
			defaultConfigurationName = Release;
		};
		CFBB967222B546DB00585BE6 /* Build configuration list for PBXNativeTarget "NewTerm (iOS)" */ = {
			isa = XCConfigurationList;
			buildConfigurations = (
				CFBB967322B546DB00585BE6 /* Debug */,
				CFBB967422B546DB00585BE6 /* Release */,
			);
			defaultConfigurationIsVisible = 0;
			defaultConfigurationName = Release;
		};
/* End XCConfigurationList section */

/* Begin XCRemoteSwiftPackageReference section */
		4E9FB96A26171A01005AFCC8 /* XCRemoteSwiftPackageReference "SwiftTerm" */ = {
			isa = XCRemoteSwiftPackageReference;
			repositoryURL = "https://github.com/migueldeicaza/SwiftTerm.git";
			requirement = {
				branch = master;
				kind = branch;
			};
		};
/* End XCRemoteSwiftPackageReference section */

/* Begin XCSwiftPackageProductDependency section */
		4E9FB96B26171A01005AFCC8 /* SwiftTerm */ = {
			isa = XCSwiftPackageProductDependency;
			package = 4E9FB96A26171A01005AFCC8 /* XCRemoteSwiftPackageReference "SwiftTerm" */;
			productName = SwiftTerm;
		};
/* End XCSwiftPackageProductDependency section */
	};
	rootObject = CF22F9A91FFB97F7003175DE /* Project object */;
}
