// !$*UTF8*$!
{
	archiveVersion = 1;
	classes = {
	};
	objectVersion = 46;
	objects = {

/* Begin PBXBuildFile section */
		CF09FE481A3A982900EF7EB3 /* HBNTServerTableViewCell.m in Sources */ = {isa = PBXBuildFile; fileRef = CF09FE471A3A982900EF7EB3 /* HBNTServerTableViewCell.m */; };
		CF09FE4C1A3A9C8600EF7EB3 /* HBNTTerminalSessionViewController.m in Sources */ = {isa = PBXBuildFile; fileRef = CF09FE4B1A3A9C8600EF7EB3 /* HBNTTerminalSessionViewController.m */; };
		CF112B771A760FDF0061CC24 /* HBNTRootViewController.m in Sources */ = {isa = PBXBuildFile; fileRef = CF112B761A760FDF0061CC24 /* HBNTRootViewController.m */; };
		CF112B7B1A761A480061CC24 /* HBNTTerminalTextView.m in Sources */ = {isa = PBXBuildFile; fileRef = CF112B7A1A761A480061CC24 /* HBNTTerminalTextView.m */; };
		CF2B6AF1197CCD7F00CD2972 /* HBNTServer.m in Sources */ = {isa = PBXBuildFile; fileRef = CF2B6AF0197CCD7F00CD2972 /* HBNTServer.m */; };
		CF2B6AF6197CD5E400CD2972 /* HBNTConfigureServerViewController.m in Sources */ = {isa = PBXBuildFile; fileRef = CF2B6AF5197CD5E400CD2972 /* HBNTConfigureServerViewController.m */; };
		CF2B6AFA197CDE4300CD2972 /* HBNTTextFieldTableViewCell.m in Sources */ = {isa = PBXBuildFile; fileRef = CF2B6AF9197CDE4300CD2972 /* HBNTTextFieldTableViewCell.m */; };
		CF2B6B00197CEB0300CD2972 /* HBNTTableViewCell.m in Sources */ = {isa = PBXBuildFile; fileRef = CF2B6AFF197CEB0300CD2972 /* HBNTTableViewCell.m */; };
		CF2B6B03197CED7700CD2972 /* HBNTHostTableViewCell.m in Sources */ = {isa = PBXBuildFile; fileRef = CF2B6B02197CED7700CD2972 /* HBNTHostTableViewCell.m */; };
		CF3704241A6FF47D0026B667 /* VT100ColorMap.m in Sources */ = {isa = PBXBuildFile; fileRef = CF3704161A6FF47D0026B667 /* VT100ColorMap.m */; };
		CF3704251A6FF47D0026B667 /* FontMetrics.m in Sources */ = {isa = PBXBuildFile; fileRef = CF3704181A6FF47D0026B667 /* FontMetrics.m */; };
		CF3704261A6FF47D0026B667 /* VT100.m in Sources */ = {isa = PBXBuildFile; fileRef = CF37041A1A6FF47D0026B667 /* VT100.m */; };
		CF3704281A6FF47D0026B667 /* VT100Screen.m in Sources */ = {isa = PBXBuildFile; fileRef = CF37041E1A6FF47D0026B667 /* VT100Screen.m */; };
		CF3704291A6FF47D0026B667 /* VT100StringSupplier.m in Sources */ = {isa = PBXBuildFile; fileRef = CF3704201A6FF47D0026B667 /* VT100StringSupplier.m */; };
		CF37042A1A6FF47D0026B667 /* VT100Terminal.m in Sources */ = {isa = PBXBuildFile; fileRef = CF3704221A6FF47D0026B667 /* VT100Terminal.m */; };
		CF37042E1A7081A70026B667 /* HBNTTerminalController.m in Sources */ = {isa = PBXBuildFile; fileRef = CF37042D1A7081A70026B667 /* HBNTTerminalController.m */; };
		CF3704341A715AD70026B667 /* HBNTPTY.m in Sources */ = {isa = PBXBuildFile; fileRef = CF3704311A715AD70026B667 /* HBNTPTY.m */; };
		CF3704351A715AD70026B667 /* HBNTSubProcess.m in Sources */ = {isa = PBXBuildFile; fileRef = CF3704331A715AD70026B667 /* HBNTSubProcess.m */; };
		CF3704441A7166AE0026B667 /* HBNTTextPosition.m in Sources */ = {isa = PBXBuildFile; fileRef = CF3704431A7166AE0026B667 /* HBNTTextPosition.m */; };
		CF558DD0197CFAD4005DE399 /* HBNTSegmentTableViewCell.m in Sources */ = {isa = PBXBuildFile; fileRef = CF558DCF197CFAD4005DE399 /* HBNTSegmentTableViewCell.m */; };
		CF558DD4197CFFEC005DE399 /* HBNTTextField.m in Sources */ = {isa = PBXBuildFile; fileRef = CF558DD3197CFFEC005DE399 /* HBNTTextField.m */; };
		CFC25056197BF983007DD739 /* Foundation.framework in Frameworks */ = {isa = PBXBuildFile; fileRef = CFC25055197BF983007DD739 /* Foundation.framework */; };
		CFC25058197BF983007DD739 /* CoreGraphics.framework in Frameworks */ = {isa = PBXBuildFile; fileRef = CFC25057197BF983007DD739 /* CoreGraphics.framework */; };
		CFC2505A197BF983007DD739 /* UIKit.framework in Frameworks */ = {isa = PBXBuildFile; fileRef = CFC25059197BF983007DD739 /* UIKit.framework */; };
		CFC25060197BF983007DD739 /* InfoPlist.strings in Resources */ = {isa = PBXBuildFile; fileRef = CFC2505E197BF983007DD739 /* InfoPlist.strings */; };
		CFC25062197BF983007DD739 /* main.m in Sources */ = {isa = PBXBuildFile; fileRef = CFC25061197BF983007DD739 /* main.m */; };
		CFC25066197BF983007DD739 /* HBNTAppDelegate.m in Sources */ = {isa = PBXBuildFile; fileRef = CFC25065197BF983007DD739 /* HBNTAppDelegate.m */; };
		CFC2506F197BF983007DD739 /* XCTest.framework in Frameworks */ = {isa = PBXBuildFile; fileRef = CFC2506E197BF983007DD739 /* XCTest.framework */; };
		CFC25070197BF983007DD739 /* Foundation.framework in Frameworks */ = {isa = PBXBuildFile; fileRef = CFC25055197BF983007DD739 /* Foundation.framework */; };
		CFC25071197BF983007DD739 /* UIKit.framework in Frameworks */ = {isa = PBXBuildFile; fileRef = CFC25059197BF983007DD739 /* UIKit.framework */; };
		CFC25079197BF983007DD739 /* InfoPlist.strings in Resources */ = {isa = PBXBuildFile; fileRef = CFC25077197BF983007DD739 /* InfoPlist.strings */; };
		CFC2507B197BF983007DD739 /* NewTermTests.m in Sources */ = {isa = PBXBuildFile; fileRef = CFC2507A197BF983007DD739 /* NewTermTests.m */; };
		CFC25088197BFA39007DD739 /* HBNTServersViewController.m in Sources */ = {isa = PBXBuildFile; fileRef = CFC25087197BFA39007DD739 /* HBNTServersViewController.m */; };
		DAE2F0C10C264EFAAFA830E1 /* libPods.a in Frameworks */ = {isa = PBXBuildFile; fileRef = 57C8B0D23C794EF2ABFEC059 /* libPods.a */; };
/* End PBXBuildFile section */

/* Begin PBXContainerItemProxy section */
		CFC25072197BF983007DD739 /* PBXContainerItemProxy */ = {
			isa = PBXContainerItemProxy;
			containerPortal = CFC2504A197BF982007DD739 /* Project object */;
			proxyType = 1;
			remoteGlobalIDString = CFC25051197BF983007DD739;
			remoteInfo = NewTerm;
		};
/* End PBXContainerItemProxy section */

/* Begin PBXFileReference section */
		57C8B0D23C794EF2ABFEC059 /* libPods.a */ = {isa = PBXFileReference; explicitFileType = archive.ar; includeInIndex = 0; path = libPods.a; sourceTree = BUILT_PRODUCTS_DIR; };
		8796C6626A08616D95FD69EF /* Pods.debug.xcconfig */ = {isa = PBXFileReference; includeInIndex = 1; lastKnownFileType = text.xcconfig; name = Pods.debug.xcconfig; path = "Pods/Target Support Files/Pods/Pods.debug.xcconfig"; sourceTree = "<group>"; };
		AB32674F1DBA8E0DCCCD0B37 /* Pods.release.xcconfig */ = {isa = PBXFileReference; includeInIndex = 1; lastKnownFileType = text.xcconfig; name = Pods.release.xcconfig; path = "Pods/Target Support Files/Pods/Pods.release.xcconfig"; sourceTree = "<group>"; };
		CF09FE461A3A982900EF7EB3 /* HBNTServerTableViewCell.h */ = {isa = PBXFileReference; fileEncoding = 4; lastKnownFileType = sourcecode.c.h; path = HBNTServerTableViewCell.h; sourceTree = "<group>"; };
		CF09FE471A3A982900EF7EB3 /* HBNTServerTableViewCell.m */ = {isa = PBXFileReference; fileEncoding = 4; lastKnownFileType = sourcecode.c.objc; path = HBNTServerTableViewCell.m; sourceTree = "<group>"; };
		CF09FE4A1A3A9C8600EF7EB3 /* HBNTTerminalSessionViewController.h */ = {isa = PBXFileReference; fileEncoding = 4; lastKnownFileType = sourcecode.c.h; path = HBNTTerminalSessionViewController.h; sourceTree = "<group>"; };
		CF09FE4B1A3A9C8600EF7EB3 /* HBNTTerminalSessionViewController.m */ = {isa = PBXFileReference; fileEncoding = 4; lastKnownFileType = sourcecode.c.objc; path = HBNTTerminalSessionViewController.m; sourceTree = "<group>"; };
		CF112B751A760FDF0061CC24 /* HBNTRootViewController.h */ = {isa = PBXFileReference; fileEncoding = 4; lastKnownFileType = sourcecode.c.h; path = HBNTRootViewController.h; sourceTree = "<group>"; };
		CF112B761A760FDF0061CC24 /* HBNTRootViewController.m */ = {isa = PBXFileReference; fileEncoding = 4; lastKnownFileType = sourcecode.c.objc; path = HBNTRootViewController.m; sourceTree = "<group>"; };
		CF112B791A761A480061CC24 /* HBNTTerminalTextView.h */ = {isa = PBXFileReference; fileEncoding = 4; lastKnownFileType = sourcecode.c.h; path = HBNTTerminalTextView.h; sourceTree = "<group>"; };
		CF112B7A1A761A480061CC24 /* HBNTTerminalTextView.m */ = {isa = PBXFileReference; fileEncoding = 4; lastKnownFileType = sourcecode.c.objc; path = HBNTTerminalTextView.m; sourceTree = "<group>"; };
		CF2B6AEF197CCD7F00CD2972 /* HBNTServer.h */ = {isa = PBXFileReference; fileEncoding = 4; lastKnownFileType = sourcecode.c.h; path = HBNTServer.h; sourceTree = "<group>"; };
		CF2B6AF0197CCD7F00CD2972 /* HBNTServer.m */ = {isa = PBXFileReference; fileEncoding = 4; lastKnownFileType = sourcecode.c.objc; path = HBNTServer.m; sourceTree = "<group>"; };
		CF2B6AF4197CD5E400CD2972 /* HBNTConfigureServerViewController.h */ = {isa = PBXFileReference; fileEncoding = 4; lastKnownFileType = sourcecode.c.h; path = HBNTConfigureServerViewController.h; sourceTree = "<group>"; };
		CF2B6AF5197CD5E400CD2972 /* HBNTConfigureServerViewController.m */ = {isa = PBXFileReference; fileEncoding = 4; lastKnownFileType = sourcecode.c.objc; path = HBNTConfigureServerViewController.m; sourceTree = "<group>"; };
		CF2B6AF8197CDE4300CD2972 /* HBNTTextFieldTableViewCell.h */ = {isa = PBXFileReference; fileEncoding = 4; lastKnownFileType = sourcecode.c.h; path = HBNTTextFieldTableViewCell.h; sourceTree = "<group>"; };
		CF2B6AF9197CDE4300CD2972 /* HBNTTextFieldTableViewCell.m */ = {isa = PBXFileReference; fileEncoding = 4; lastKnownFileType = sourcecode.c.objc; path = HBNTTextFieldTableViewCell.m; sourceTree = "<group>"; };
		CF2B6AFE197CEB0300CD2972 /* HBNTTableViewCell.h */ = {isa = PBXFileReference; fileEncoding = 4; lastKnownFileType = sourcecode.c.h; path = HBNTTableViewCell.h; sourceTree = "<group>"; };
		CF2B6AFF197CEB0300CD2972 /* HBNTTableViewCell.m */ = {isa = PBXFileReference; fileEncoding = 4; lastKnownFileType = sourcecode.c.objc; path = HBNTTableViewCell.m; sourceTree = "<group>"; };
		CF2B6B01197CED7700CD2972 /* HBNTHostTableViewCell.h */ = {isa = PBXFileReference; fileEncoding = 4; lastKnownFileType = sourcecode.c.h; path = HBNTHostTableViewCell.h; sourceTree = "<group>"; };
		CF2B6B02197CED7700CD2972 /* HBNTHostTableViewCell.m */ = {isa = PBXFileReference; fileEncoding = 4; lastKnownFileType = sourcecode.c.objc; path = HBNTHostTableViewCell.m; sourceTree = "<group>"; };
		CF3704141A6FF47D0026B667 /* charmaps.h */ = {isa = PBXFileReference; fileEncoding = 4; lastKnownFileType = sourcecode.c.h; name = charmaps.h; path = VT100/charmaps.h; sourceTree = SOURCE_ROOT; };
		CF3704151A6FF47D0026B667 /* VT100ColorMap.h */ = {isa = PBXFileReference; fileEncoding = 4; lastKnownFileType = sourcecode.c.h; name = VT100ColorMap.h; path = VT100/VT100ColorMap.h; sourceTree = SOURCE_ROOT; };
		CF3704161A6FF47D0026B667 /* VT100ColorMap.m */ = {isa = PBXFileReference; fileEncoding = 4; lastKnownFileType = sourcecode.c.objc; name = VT100ColorMap.m; path = VT100/VT100ColorMap.m; sourceTree = SOURCE_ROOT; };
		CF3704171A6FF47D0026B667 /* FontMetrics.h */ = {isa = PBXFileReference; fileEncoding = 4; lastKnownFileType = sourcecode.c.h; name = FontMetrics.h; path = VT100/FontMetrics.h; sourceTree = SOURCE_ROOT; };
		CF3704181A6FF47D0026B667 /* FontMetrics.m */ = {isa = PBXFileReference; fileEncoding = 4; lastKnownFileType = sourcecode.c.objc; name = FontMetrics.m; path = VT100/FontMetrics.m; sourceTree = SOURCE_ROOT; };
		CF3704191A6FF47D0026B667 /* VT100.h */ = {isa = PBXFileReference; fileEncoding = 4; lastKnownFileType = sourcecode.c.h; name = VT100.h; path = VT100/VT100.h; sourceTree = SOURCE_ROOT; };
		CF37041A1A6FF47D0026B667 /* VT100.m */ = {isa = PBXFileReference; fileEncoding = 4; lastKnownFileType = sourcecode.c.objc; name = VT100.m; path = VT100/VT100.m; sourceTree = SOURCE_ROOT; };
		CF37041D1A6FF47D0026B667 /* VT100Screen.h */ = {isa = PBXFileReference; fileEncoding = 4; lastKnownFileType = sourcecode.c.h; name = VT100Screen.h; path = VT100/VT100Screen.h; sourceTree = SOURCE_ROOT; };
		CF37041E1A6FF47D0026B667 /* VT100Screen.m */ = {isa = PBXFileReference; fileEncoding = 4; lastKnownFileType = sourcecode.c.objc; name = VT100Screen.m; path = VT100/VT100Screen.m; sourceTree = SOURCE_ROOT; };
		CF37041F1A6FF47D0026B667 /* VT100StringSupplier.h */ = {isa = PBXFileReference; fileEncoding = 4; lastKnownFileType = sourcecode.c.h; name = VT100StringSupplier.h; path = VT100/VT100StringSupplier.h; sourceTree = SOURCE_ROOT; };
		CF3704201A6FF47D0026B667 /* VT100StringSupplier.m */ = {isa = PBXFileReference; fileEncoding = 4; lastKnownFileType = sourcecode.c.objc; name = VT100StringSupplier.m; path = VT100/VT100StringSupplier.m; sourceTree = SOURCE_ROOT; };
		CF3704211A6FF47D0026B667 /* VT100Terminal.h */ = {isa = PBXFileReference; fileEncoding = 4; lastKnownFileType = sourcecode.c.h; name = VT100Terminal.h; path = VT100/VT100Terminal.h; sourceTree = SOURCE_ROOT; };
		CF3704221A6FF47D0026B667 /* VT100Terminal.m */ = {isa = PBXFileReference; fileEncoding = 4; lastKnownFileType = sourcecode.c.objc; name = VT100Terminal.m; path = VT100/VT100Terminal.m; sourceTree = SOURCE_ROOT; };
		CF3704231A6FF47D0026B667 /* VT100Types.h */ = {isa = PBXFileReference; fileEncoding = 4; lastKnownFileType = sourcecode.c.h; name = VT100Types.h; path = VT100/VT100Types.h; sourceTree = SOURCE_ROOT; };
		CF37042C1A7081A70026B667 /* HBNTTerminalController.h */ = {isa = PBXFileReference; fileEncoding = 4; lastKnownFileType = sourcecode.c.h; path = HBNTTerminalController.h; sourceTree = "<group>"; };
		CF37042D1A7081A70026B667 /* HBNTTerminalController.m */ = {isa = PBXFileReference; fileEncoding = 4; lastKnownFileType = sourcecode.c.objc; path = HBNTTerminalController.m; sourceTree = "<group>"; };
		CF3704301A715AD70026B667 /* HBNTPTY.h */ = {isa = PBXFileReference; fileEncoding = 4; lastKnownFileType = sourcecode.c.h; path = HBNTPTY.h; sourceTree = "<group>"; };
		CF3704311A715AD70026B667 /* HBNTPTY.m */ = {isa = PBXFileReference; fileEncoding = 4; lastKnownFileType = sourcecode.c.objc; path = HBNTPTY.m; sourceTree = "<group>"; };
		CF3704321A715AD70026B667 /* HBNTSubProcess.h */ = {isa = PBXFileReference; fileEncoding = 4; lastKnownFileType = sourcecode.c.h; path = HBNTSubProcess.h; sourceTree = "<group>"; };
		CF3704331A715AD70026B667 /* HBNTSubProcess.m */ = {isa = PBXFileReference; fileEncoding = 4; lastKnownFileType = sourcecode.c.objc; path = HBNTSubProcess.m; sourceTree = "<group>"; };
		CF3704421A7166AE0026B667 /* HBNTTextPosition.h */ = {isa = PBXFileReference; fileEncoding = 4; lastKnownFileType = sourcecode.c.h; path = HBNTTextPosition.h; sourceTree = "<group>"; };
		CF3704431A7166AE0026B667 /* HBNTTextPosition.m */ = {isa = PBXFileReference; fileEncoding = 4; lastKnownFileType = sourcecode.c.objc; path = HBNTTextPosition.m; sourceTree = "<group>"; };
		CF558DCE197CFAD4005DE399 /* HBNTSegmentTableViewCell.h */ = {isa = PBXFileReference; fileEncoding = 4; lastKnownFileType = sourcecode.c.h; path = HBNTSegmentTableViewCell.h; sourceTree = "<group>"; };
		CF558DCF197CFAD4005DE399 /* HBNTSegmentTableViewCell.m */ = {isa = PBXFileReference; fileEncoding = 4; lastKnownFileType = sourcecode.c.objc; path = HBNTSegmentTableViewCell.m; sourceTree = "<group>"; };
		CF558DD2197CFFEC005DE399 /* HBNTTextField.h */ = {isa = PBXFileReference; fileEncoding = 4; lastKnownFileType = sourcecode.c.h; path = HBNTTextField.h; sourceTree = "<group>"; };
		CF558DD3197CFFEC005DE399 /* HBNTTextField.m */ = {isa = PBXFileReference; fileEncoding = 4; lastKnownFileType = sourcecode.c.objc; path = HBNTTextField.m; sourceTree = "<group>"; };
		CFC25052197BF983007DD739 /* NewTerm.app */ = {isa = PBXFileReference; explicitFileType = wrapper.application; includeInIndex = 0; path = NewTerm.app; sourceTree = BUILT_PRODUCTS_DIR; };
		CFC25055197BF983007DD739 /* Foundation.framework */ = {isa = PBXFileReference; lastKnownFileType = wrapper.framework; name = Foundation.framework; path = System/Library/Frameworks/Foundation.framework; sourceTree = SDKROOT; };
		CFC25057197BF983007DD739 /* CoreGraphics.framework */ = {isa = PBXFileReference; lastKnownFileType = wrapper.framework; name = CoreGraphics.framework; path = System/Library/Frameworks/CoreGraphics.framework; sourceTree = SDKROOT; };
		CFC25059197BF983007DD739 /* UIKit.framework */ = {isa = PBXFileReference; lastKnownFileType = wrapper.framework; name = UIKit.framework; path = System/Library/Frameworks/UIKit.framework; sourceTree = SDKROOT; };
		CFC2505D197BF983007DD739 /* NewTerm-Info.plist */ = {isa = PBXFileReference; lastKnownFileType = text.plist.xml; path = "NewTerm-Info.plist"; sourceTree = "<group>"; };
		CFC2505F197BF983007DD739 /* en */ = {isa = PBXFileReference; lastKnownFileType = text.plist.strings; name = en; path = en.lproj/InfoPlist.strings; sourceTree = "<group>"; };
		CFC25061197BF983007DD739 /* main.m */ = {isa = PBXFileReference; lastKnownFileType = sourcecode.c.objc; path = main.m; sourceTree = "<group>"; };
		CFC25063197BF983007DD739 /* NewTerm-Prefix.pch */ = {isa = PBXFileReference; lastKnownFileType = sourcecode.c.h; path = "NewTerm-Prefix.pch"; sourceTree = "<group>"; };
		CFC25064197BF983007DD739 /* HBNTAppDelegate.h */ = {isa = PBXFileReference; lastKnownFileType = sourcecode.c.h; path = HBNTAppDelegate.h; sourceTree = "<group>"; };
		CFC25065197BF983007DD739 /* HBNTAppDelegate.m */ = {isa = PBXFileReference; lastKnownFileType = sourcecode.c.objc; path = HBNTAppDelegate.m; sourceTree = "<group>"; };
		CFC2506D197BF983007DD739 /* NewTermTests.xctest */ = {isa = PBXFileReference; explicitFileType = wrapper.cfbundle; includeInIndex = 0; path = NewTermTests.xctest; sourceTree = BUILT_PRODUCTS_DIR; };
		CFC2506E197BF983007DD739 /* XCTest.framework */ = {isa = PBXFileReference; lastKnownFileType = wrapper.framework; name = XCTest.framework; path = Library/Frameworks/XCTest.framework; sourceTree = DEVELOPER_DIR; };
		CFC25076197BF983007DD739 /* NewTermTests-Info.plist */ = {isa = PBXFileReference; lastKnownFileType = text.plist.xml; path = "NewTermTests-Info.plist"; sourceTree = "<group>"; };
		CFC25078197BF983007DD739 /* en */ = {isa = PBXFileReference; lastKnownFileType = text.plist.strings; name = en; path = en.lproj/InfoPlist.strings; sourceTree = "<group>"; };
		CFC2507A197BF983007DD739 /* NewTermTests.m */ = {isa = PBXFileReference; lastKnownFileType = sourcecode.c.objc; path = NewTermTests.m; sourceTree = "<group>"; };
		CFC25086197BFA39007DD739 /* HBNTServersViewController.h */ = {isa = PBXFileReference; fileEncoding = 4; lastKnownFileType = sourcecode.c.h; path = HBNTServersViewController.h; sourceTree = "<group>"; };
		CFC25087197BFA39007DD739 /* HBNTServersViewController.m */ = {isa = PBXFileReference; fileEncoding = 4; lastKnownFileType = sourcecode.c.objc; path = HBNTServersViewController.m; sourceTree = "<group>"; };
/* End PBXFileReference section */

/* Begin PBXFrameworksBuildPhase section */
		CFC2504F197BF983007DD739 /* Frameworks */ = {
			isa = PBXFrameworksBuildPhase;
			buildActionMask = 2147483647;
			files = (
				CFC25058197BF983007DD739 /* CoreGraphics.framework in Frameworks */,
				CFC2505A197BF983007DD739 /* UIKit.framework in Frameworks */,
				CFC25056197BF983007DD739 /* Foundation.framework in Frameworks */,
				DAE2F0C10C264EFAAFA830E1 /* libPods.a in Frameworks */,
			);
			runOnlyForDeploymentPostprocessing = 0;
		};
		CFC2506A197BF983007DD739 /* Frameworks */ = {
			isa = PBXFrameworksBuildPhase;
			buildActionMask = 2147483647;
			files = (
				CFC2506F197BF983007DD739 /* XCTest.framework in Frameworks */,
				CFC25071197BF983007DD739 /* UIKit.framework in Frameworks */,
				CFC25070197BF983007DD739 /* Foundation.framework in Frameworks */,
			);
			runOnlyForDeploymentPostprocessing = 0;
		};
/* End PBXFrameworksBuildPhase section */

/* Begin PBXGroup section */
		C53279E64C6D0C2D6042A1D4 /* Pods */ = {
			isa = PBXGroup;
			children = (
				8796C6626A08616D95FD69EF /* Pods.debug.xcconfig */,
				AB32674F1DBA8E0DCCCD0B37 /* Pods.release.xcconfig */,
			);
			name = Pods;
			sourceTree = "<group>";
		};
		CF09FE491A3A982C00EF7EB3 /* Server */ = {
			isa = PBXGroup;
			children = (
				CF09FE461A3A982900EF7EB3 /* HBNTServerTableViewCell.h */,
				CF09FE471A3A982900EF7EB3 /* HBNTServerTableViewCell.m */,
			);
			name = Server;
			sourceTree = "<group>";
		};
		CF09FE4D1A3A9C8900EF7EB3 /* Terminal Session */ = {
			isa = PBXGroup;
			children = (
				CF09FE4A1A3A9C8600EF7EB3 /* HBNTTerminalSessionViewController.h */,
				CF09FE4B1A3A9C8600EF7EB3 /* HBNTTerminalSessionViewController.m */,
			);
			name = "Terminal Session";
			sourceTree = "<group>";
		};
		CF112B781A760FE20061CC24 /* Root */ = {
			isa = PBXGroup;
			children = (
				CF112B751A760FDF0061CC24 /* HBNTRootViewController.h */,
				CF112B761A760FDF0061CC24 /* HBNTRootViewController.m */,
			);
			name = Root;
			sourceTree = "<group>";
		};
		CF112B7C1A761A4D0061CC24 /* Terminal Text View */ = {
			isa = PBXGroup;
			children = (
				CF112B791A761A480061CC24 /* HBNTTerminalTextView.h */,
				CF112B7A1A761A480061CC24 /* HBNTTerminalTextView.m */,
				CF3704451A7166B00026B667 /* Text Position */,
			);
			name = "Terminal Text View";
			sourceTree = "<group>";
		};
		CF112B7D1A761A610061CC24 /* Text View */ = {
			isa = PBXGroup;
			children = (
				CF112B7C1A761A4D0061CC24 /* Terminal Text View */,
			);
			name = "Text View";
			sourceTree = "<group>";
		};
		CF2B6AF2197CCD8600CD2972 /* Server */ = {
			isa = PBXGroup;
			children = (
				CF2B6AEF197CCD7F00CD2972 /* HBNTServer.h */,
				CF2B6AF0197CCD7F00CD2972 /* HBNTServer.m */,
			);
			name = Server;
			sourceTree = "<group>";
		};
		CF2B6AF3197CCD9200CD2972 /* Model */ = {
			isa = PBXGroup;
			children = (
				CFC25085197BFA1C007DD739 /* Delegates */,
				CF2B6AF2197CCD8600CD2972 /* Server */,
				CF37042F1A7081B00026B667 /* Terminal Controller */,
			);
			name = Model;
			sourceTree = "<group>";
		};
		CF2B6AF7197CD68700CD2972 /* Configure Server */ = {
			isa = PBXGroup;
			children = (
				CF2B6AF4197CD5E400CD2972 /* HBNTConfigureServerViewController.h */,
				CF2B6AF5197CD5E400CD2972 /* HBNTConfigureServerViewController.m */,
			);
			name = "Configure Server";
			sourceTree = "<group>";
		};
		CF2B6AFB197CE09F00CD2972 /* Text Field Cell */ = {
			isa = PBXGroup;
			children = (
				CF2B6AF8197CDE4300CD2972 /* HBNTTextFieldTableViewCell.h */,
				CF2B6AF9197CDE4300CD2972 /* HBNTTextFieldTableViewCell.m */,
				CF2B6B04197CED7A00CD2972 /* Host Cell */,
			);
			name = "Text Field Cell";
			sourceTree = "<group>";
		};
		CF2B6AFC197CE0A400CD2972 /* Table View Cell */ = {
			isa = PBXGroup;
			children = (
				CF2B6AFE197CEB0300CD2972 /* HBNTTableViewCell.h */,
				CF2B6AFF197CEB0300CD2972 /* HBNTTableViewCell.m */,
				CF2B6AFB197CE09F00CD2972 /* Text Field Cell */,
				CF558DD1197CFADA005DE399 /* Segment Cell */,
				CF09FE491A3A982C00EF7EB3 /* Server */,
			);
			name = "Table View Cell";
			sourceTree = "<group>";
		};
		CF2B6AFD197CE0B800CD2972 /* Interface */ = {
			isa = PBXGroup;
			children = (
				CF2B6AFC197CE0A400CD2972 /* Table View Cell */,
				CF558DD5197CFFEF005DE399 /* Text Field */,
				CF112B7D1A761A610061CC24 /* Text View */,
			);
			name = Interface;
			sourceTree = "<group>";
		};
		CF2B6B04197CED7A00CD2972 /* Host Cell */ = {
			isa = PBXGroup;
			children = (
				CF2B6B01197CED7700CD2972 /* HBNTHostTableViewCell.h */,
				CF2B6B02197CED7700CD2972 /* HBNTHostTableViewCell.m */,
			);
			name = "Host Cell";
			sourceTree = "<group>";
		};
		CF3703F71A6FEBC70026B667 /* Terminal */ = {
			isa = PBXGroup;
			children = (
				CF3703F81A6FEBCB0026B667 /* SubProcess */,
				CF37042B1A6FF4820026B667 /* VT100 */,
			);
			name = Terminal;
			sourceTree = "<group>";
		};
		CF3703F81A6FEBCB0026B667 /* SubProcess */ = {
			isa = PBXGroup;
			children = (
				CF3704301A715AD70026B667 /* HBNTPTY.h */,
				CF3704311A715AD70026B667 /* HBNTPTY.m */,
				CF3704321A715AD70026B667 /* HBNTSubProcess.h */,
				CF3704331A715AD70026B667 /* HBNTSubProcess.m */,
			);
			name = SubProcess;
			sourceTree = "<group>";
		};
		CF37042B1A6FF4820026B667 /* VT100 */ = {
			isa = PBXGroup;
			children = (
				CF3704141A6FF47D0026B667 /* charmaps.h */,
				CF3704151A6FF47D0026B667 /* VT100ColorMap.h */,
				CF3704161A6FF47D0026B667 /* VT100ColorMap.m */,
				CF3704171A6FF47D0026B667 /* FontMetrics.h */,
				CF3704181A6FF47D0026B667 /* FontMetrics.m */,
				CF3704191A6FF47D0026B667 /* VT100.h */,
				CF37041A1A6FF47D0026B667 /* VT100.m */,
				CF37041D1A6FF47D0026B667 /* VT100Screen.h */,
				CF37041E1A6FF47D0026B667 /* VT100Screen.m */,
				CF37041F1A6FF47D0026B667 /* VT100StringSupplier.h */,
				CF3704201A6FF47D0026B667 /* VT100StringSupplier.m */,
				CF3704211A6FF47D0026B667 /* VT100Terminal.h */,
				CF3704221A6FF47D0026B667 /* VT100Terminal.m */,
				CF3704231A6FF47D0026B667 /* VT100Types.h */,
			);
			name = VT100;
			sourceTree = "<group>";
		};
		CF37042F1A7081B00026B667 /* Terminal Controller */ = {
			isa = PBXGroup;
			children = (
				CF37042C1A7081A70026B667 /* HBNTTerminalController.h */,
				CF37042D1A7081A70026B667 /* HBNTTerminalController.m */,
			);
			name = "Terminal Controller";
			sourceTree = "<group>";
		};
		CF3704451A7166B00026B667 /* Text Position */ = {
			isa = PBXGroup;
			children = (
				CF3704421A7166AE0026B667 /* HBNTTextPosition.h */,
				CF3704431A7166AE0026B667 /* HBNTTextPosition.m */,
			);
			name = "Text Position";
			sourceTree = "<group>";
		};
		CF558DD1197CFADA005DE399 /* Segment Cell */ = {
			isa = PBXGroup;
			children = (
				CF558DCE197CFAD4005DE399 /* HBNTSegmentTableViewCell.h */,
				CF558DCF197CFAD4005DE399 /* HBNTSegmentTableViewCell.m */,
			);
			name = "Segment Cell";
			sourceTree = "<group>";
		};
		CF558DD5197CFFEF005DE399 /* Text Field */ = {
			isa = PBXGroup;
			children = (
				CF558DD2197CFFEC005DE399 /* HBNTTextField.h */,
				CF558DD3197CFFEC005DE399 /* HBNTTextField.m */,
			);
			name = "Text Field";
			sourceTree = "<group>";
		};
		CFC25049197BF982007DD739 = {
			isa = PBXGroup;
			children = (
				CFC2505B197BF983007DD739 /* NewTerm */,
				CFC25074197BF983007DD739 /* NewTermTests */,
				CFC25054197BF983007DD739 /* Frameworks */,
				CFC25053197BF983007DD739 /* Products */,
				C53279E64C6D0C2D6042A1D4 /* Pods */,
			);
			sourceTree = "<group>";
		};
		CFC25053197BF983007DD739 /* Products */ = {
			isa = PBXGroup;
			children = (
				CFC25052197BF983007DD739 /* NewTerm.app */,
				CFC2506D197BF983007DD739 /* NewTermTests.xctest */,
			);
			name = Products;
			sourceTree = "<group>";
		};
		CFC25054197BF983007DD739 /* Frameworks */ = {
			isa = PBXGroup;
			children = (
				CFC25055197BF983007DD739 /* Foundation.framework */,
				CFC25057197BF983007DD739 /* CoreGraphics.framework */,
				CFC25059197BF983007DD739 /* UIKit.framework */,
				CFC2506E197BF983007DD739 /* XCTest.framework */,
				57C8B0D23C794EF2ABFEC059 /* libPods.a */,
			);
			name = Frameworks;
			sourceTree = "<group>";
		};
		CFC2505B197BF983007DD739 /* NewTerm */ = {
			isa = PBXGroup;
			children = (
				CF3703F71A6FEBC70026B667 /* Terminal */,
				CF2B6AFD197CE0B800CD2972 /* Interface */,
				CFC2508A197BFA5D007DD739 /* View Controllers */,
				CF2B6AF3197CCD9200CD2972 /* Model */,
				CFC2505C197BF983007DD739 /* Supporting Files */,
			);
			path = NewTerm;
			sourceTree = "<group>";
		};
		CFC2505C197BF983007DD739 /* Supporting Files */ = {
			isa = PBXGroup;
			children = (
				CFC2505D197BF983007DD739 /* NewTerm-Info.plist */,
				CFC25063197BF983007DD739 /* NewTerm-Prefix.pch */,
				CFC2505E197BF983007DD739 /* InfoPlist.strings */,
				CFC25061197BF983007DD739 /* main.m */,
			);
			name = "Supporting Files";
			sourceTree = "<group>";
		};
		CFC25074197BF983007DD739 /* NewTermTests */ = {
			isa = PBXGroup;
			children = (
				CFC2507A197BF983007DD739 /* NewTermTests.m */,
				CFC25075197BF983007DD739 /* Supporting Files */,
			);
			path = NewTermTests;
			sourceTree = "<group>";
		};
		CFC25075197BF983007DD739 /* Supporting Files */ = {
			isa = PBXGroup;
			children = (
				CFC25076197BF983007DD739 /* NewTermTests-Info.plist */,
				CFC25077197BF983007DD739 /* InfoPlist.strings */,
			);
			name = "Supporting Files";
			sourceTree = "<group>";
		};
		CFC25084197BFA17007DD739 /* App Delegate */ = {
			isa = PBXGroup;
			children = (
				CFC25064197BF983007DD739 /* HBNTAppDelegate.h */,
				CFC25065197BF983007DD739 /* HBNTAppDelegate.m */,
			);
			name = "App Delegate";
			sourceTree = "<group>";
		};
		CFC25085197BFA1C007DD739 /* Delegates */ = {
			isa = PBXGroup;
			children = (
				CFC25084197BFA17007DD739 /* App Delegate */,
			);
			name = Delegates;
			sourceTree = "<group>";
		};
		CFC25089197BFA3D007DD739 /* Servers */ = {
			isa = PBXGroup;
			children = (
				CFC25086197BFA39007DD739 /* HBNTServersViewController.h */,
				CFC25087197BFA39007DD739 /* HBNTServersViewController.m */,
			);
			name = Servers;
			sourceTree = "<group>";
		};
		CFC2508A197BFA5D007DD739 /* View Controllers */ = {
			isa = PBXGroup;
			children = (
				CF2B6AF7197CD68700CD2972 /* Configure Server */,
				CFC25089197BFA3D007DD739 /* Servers */,
				CF112B781A760FE20061CC24 /* Root */,
				CF09FE4D1A3A9C8900EF7EB3 /* Terminal Session */,
			);
			name = "View Controllers";
			sourceTree = "<group>";
		};
/* End PBXGroup section */

/* Begin PBXNativeTarget section */
		CFC25051197BF983007DD739 /* NewTerm */ = {
			isa = PBXNativeTarget;
			buildConfigurationList = CFC2507E197BF983007DD739 /* Build configuration list for PBXNativeTarget "NewTerm" */;
			buildPhases = (
				E9F82948687E419EB3BFC5C6 /* Check Pods Manifest.lock */,
				CFC2504E197BF983007DD739 /* Sources */,
				CFC2504F197BF983007DD739 /* Frameworks */,
				CFC25050197BF983007DD739 /* Resources */,
				2A0535BDD96549A1B1C5A0BE /* Copy Pods Resources */,
			);
			buildRules = (
			);
			dependencies = (
			);
			name = NewTerm;
			productName = NewTerm;
			productReference = CFC25052197BF983007DD739 /* NewTerm.app */;
			productType = "com.apple.product-type.application";
		};
		CFC2506C197BF983007DD739 /* NewTermTests */ = {
			isa = PBXNativeTarget;
			buildConfigurationList = CFC25081197BF983007DD739 /* Build configuration list for PBXNativeTarget "NewTermTests" */;
			buildPhases = (
				CFC25069197BF983007DD739 /* Sources */,
				CFC2506A197BF983007DD739 /* Frameworks */,
				CFC2506B197BF983007DD739 /* Resources */,
			);
			buildRules = (
			);
			dependencies = (
				CFC25073197BF983007DD739 /* PBXTargetDependency */,
			);
			name = NewTermTests;
			productName = NewTermTests;
			productReference = CFC2506D197BF983007DD739 /* NewTermTests.xctest */;
			productType = "com.apple.product-type.bundle.unit-test";
		};
/* End PBXNativeTarget section */

/* Begin PBXProject section */
		CFC2504A197BF982007DD739 /* Project object */ = {
			isa = PBXProject;
			attributes = {
				CLASSPREFIX = HBNT;
				LastUpgradeCheck = 0510;
				ORGANIZATIONNAME = "HASHBANG Productions";
				TargetAttributes = {
					CFC2506C197BF983007DD739 = {
						TestTargetID = CFC25051197BF983007DD739;
					};
				};
			};
			buildConfigurationList = CFC2504D197BF982007DD739 /* Build configuration list for PBXProject "NewTerm" */;
			compatibilityVersion = "Xcode 3.2";
			developmentRegion = English;
			hasScannedForEncodings = 0;
			knownRegions = (
				en,
			);
			mainGroup = CFC25049197BF982007DD739;
			productRefGroup = CFC25053197BF983007DD739 /* Products */;
			projectDirPath = "";
			projectRoot = "";
			targets = (
				CFC25051197BF983007DD739 /* NewTerm */,
				CFC2506C197BF983007DD739 /* NewTermTests */,
			);
		};
/* End PBXProject section */

/* Begin PBXResourcesBuildPhase section */
		CFC25050197BF983007DD739 /* Resources */ = {
			isa = PBXResourcesBuildPhase;
			buildActionMask = 2147483647;
			files = (
				CFC25060197BF983007DD739 /* InfoPlist.strings in Resources */,
			);
			runOnlyForDeploymentPostprocessing = 0;
		};
		CFC2506B197BF983007DD739 /* Resources */ = {
			isa = PBXResourcesBuildPhase;
			buildActionMask = 2147483647;
			files = (
				CFC25079197BF983007DD739 /* InfoPlist.strings in Resources */,
			);
			runOnlyForDeploymentPostprocessing = 0;
		};
/* End PBXResourcesBuildPhase section */

/* Begin PBXShellScriptBuildPhase section */
		2A0535BDD96549A1B1C5A0BE /* Copy Pods Resources */ = {
			isa = PBXShellScriptBuildPhase;
			buildActionMask = 2147483647;
			files = (
			);
			inputPaths = (
			);
			name = "Copy Pods Resources";
			outputPaths = (
			);
			runOnlyForDeploymentPostprocessing = 0;
			shellPath = /bin/sh;
			shellScript = "\"${SRCROOT}/Pods/Target Support Files/Pods/Pods-resources.sh\"\n";
			showEnvVarsInLog = 0;
		};
		E9F82948687E419EB3BFC5C6 /* Check Pods Manifest.lock */ = {
			isa = PBXShellScriptBuildPhase;
			buildActionMask = 2147483647;
			files = (
			);
			inputPaths = (
			);
			name = "Check Pods Manifest.lock";
			outputPaths = (
			);
			runOnlyForDeploymentPostprocessing = 0;
			shellPath = /bin/sh;
			shellScript = "diff \"${PODS_ROOT}/../Podfile.lock\" \"${PODS_ROOT}/Manifest.lock\" > /dev/null\nif [[ $? != 0 ]] ; then\n    cat << EOM\nerror: The sandbox is not in sync with the Podfile.lock. Run 'pod install' or update your CocoaPods installation.\nEOM\n    exit 1\nfi\n";
			showEnvVarsInLog = 0;
		};
/* End PBXShellScriptBuildPhase section */

/* Begin PBXSourcesBuildPhase section */
		CFC2504E197BF983007DD739 /* Sources */ = {
			isa = PBXSourcesBuildPhase;
			buildActionMask = 2147483647;
			files = (
				CF3704341A715AD70026B667 /* HBNTPTY.m in Sources */,
				CF3704441A7166AE0026B667 /* HBNTTextPosition.m in Sources */,
				CF37042A1A6FF47D0026B667 /* VT100Terminal.m in Sources */,
				CFC25066197BF983007DD739 /* HBNTAppDelegate.m in Sources */,
				CF09FE4C1A3A9C8600EF7EB3 /* HBNTTerminalSessionViewController.m in Sources */,
				CF3704261A6FF47D0026B667 /* VT100.m in Sources */,
				CF558DD4197CFFEC005DE399 /* HBNTTextField.m in Sources */,
				CF2B6AFA197CDE4300CD2972 /* HBNTTextFieldTableViewCell.m in Sources */,
				CF3704251A6FF47D0026B667 /* FontMetrics.m in Sources */,
				CFC25088197BFA39007DD739 /* HBNTServersViewController.m in Sources */,
				CF2B6AF1197CCD7F00CD2972 /* HBNTServer.m in Sources */,
				CF3704291A6FF47D0026B667 /* VT100StringSupplier.m in Sources */,
				CF558DD0197CFAD4005DE399 /* HBNTSegmentTableViewCell.m in Sources */,
				CFC25062197BF983007DD739 /* main.m in Sources */,
				CF2B6B00197CEB0300CD2972 /* HBNTTableViewCell.m in Sources */,
				CF2B6AF6197CD5E400CD2972 /* HBNTConfigureServerViewController.m in Sources */,
				CF112B7B1A761A480061CC24 /* HBNTTerminalTextView.m in Sources */,
				CF2B6B03197CED7700CD2972 /* HBNTHostTableViewCell.m in Sources */,
				CF112B771A760FDF0061CC24 /* HBNTRootViewController.m in Sources */,
				CF3704241A6FF47D0026B667 /* VT100ColorMap.m in Sources */,
				CF09FE481A3A982900EF7EB3 /* HBNTServerTableViewCell.m in Sources */,
				CF3704281A6FF47D0026B667 /* VT100Screen.m in Sources */,
				CF3704351A715AD70026B667 /* HBNTSubProcess.m in Sources */,
				CF37042E1A7081A70026B667 /* HBNTTerminalController.m in Sources */,
			);
			runOnlyForDeploymentPostprocessing = 0;
		};
		CFC25069197BF983007DD739 /* Sources */ = {
			isa = PBXSourcesBuildPhase;
			buildActionMask = 2147483647;
			files = (
				CFC2507B197BF983007DD739 /* NewTermTests.m in Sources */,
			);
			runOnlyForDeploymentPostprocessing = 0;
		};
/* End PBXSourcesBuildPhase section */

/* Begin PBXTargetDependency section */
		CFC25073197BF983007DD739 /* PBXTargetDependency */ = {
			isa = PBXTargetDependency;
			target = CFC25051197BF983007DD739 /* NewTerm */;
			targetProxy = CFC25072197BF983007DD739 /* PBXContainerItemProxy */;
		};
/* End PBXTargetDependency section */

/* Begin PBXVariantGroup section */
		CFC2505E197BF983007DD739 /* InfoPlist.strings */ = {
			isa = PBXVariantGroup;
			children = (
				CFC2505F197BF983007DD739 /* en */,
			);
			name = InfoPlist.strings;
			sourceTree = "<group>";
		};
		CFC25077197BF983007DD739 /* InfoPlist.strings */ = {
			isa = PBXVariantGroup;
			children = (
				CFC25078197BF983007DD739 /* en */,
			);
			name = InfoPlist.strings;
			sourceTree = "<group>";
		};
/* End PBXVariantGroup section */

/* Begin XCBuildConfiguration section */
		CFC2507C197BF983007DD739 /* Debug */ = {
			isa = XCBuildConfiguration;
			buildSettings = {
				ALWAYS_SEARCH_USER_PATHS = NO;
				CLANG_CXX_LANGUAGE_STANDARD = "gnu++0x";
				CLANG_CXX_LIBRARY = "libc++";
				CLANG_ENABLE_MODULES = YES;
				CLANG_ENABLE_OBJC_ARC = YES;
				CLANG_WARN_BOOL_CONVERSION = YES;
				CLANG_WARN_CONSTANT_CONVERSION = YES;
				CLANG_WARN_DIRECT_OBJC_ISA_USAGE = YES_ERROR;
				CLANG_WARN_EMPTY_BODY = YES;
				CLANG_WARN_ENUM_CONVERSION = YES;
				CLANG_WARN_INT_CONVERSION = YES;
				CLANG_WARN_OBJC_ROOT_CLASS = YES_ERROR;
				CLANG_WARN__DUPLICATE_METHOD_MATCH = YES;
				"CODE_SIGN_IDENTITY[sdk=iphoneos*]" = "iPhone Developer";
				COPY_PHASE_STRIP = NO;
				GCC_C_LANGUAGE_STANDARD = gnu99;
				GCC_DYNAMIC_NO_PIC = NO;
				GCC_OPTIMIZATION_LEVEL = 0;
				GCC_PREPROCESSOR_DEFINITIONS = (
					"DEBUG=1",
					"$(inherited)",
				);
				GCC_SYMBOLS_PRIVATE_EXTERN = NO;
				GCC_WARN_64_TO_32_BIT_CONVERSION = YES;
				GCC_WARN_ABOUT_RETURN_TYPE = YES_ERROR;
				GCC_WARN_UNDECLARED_SELECTOR = YES;
				GCC_WARN_UNINITIALIZED_AUTOS = YES_AGGRESSIVE;
				GCC_WARN_UNUSED_FUNCTION = YES;
				GCC_WARN_UNUSED_VARIABLE = YES;
				IPHONEOS_DEPLOYMENT_TARGET = 7.1;
				ONLY_ACTIVE_ARCH = YES;
				SDKROOT = iphoneos;
				TARGETED_DEVICE_FAMILY = "1,2";
			};
			name = Debug;
		};
		CFC2507D197BF983007DD739 /* Release */ = {
			isa = XCBuildConfiguration;
			buildSettings = {
				ALWAYS_SEARCH_USER_PATHS = NO;
				CLANG_CXX_LANGUAGE_STANDARD = "gnu++0x";
				CLANG_CXX_LIBRARY = "libc++";
				CLANG_ENABLE_MODULES = YES;
				CLANG_ENABLE_OBJC_ARC = YES;
				CLANG_WARN_BOOL_CONVERSION = YES;
				CLANG_WARN_CONSTANT_CONVERSION = YES;
				CLANG_WARN_DIRECT_OBJC_ISA_USAGE = YES_ERROR;
				CLANG_WARN_EMPTY_BODY = YES;
				CLANG_WARN_ENUM_CONVERSION = YES;
				CLANG_WARN_INT_CONVERSION = YES;
				CLANG_WARN_OBJC_ROOT_CLASS = YES_ERROR;
				CLANG_WARN__DUPLICATE_METHOD_MATCH = YES;
				"CODE_SIGN_IDENTITY[sdk=iphoneos*]" = "iPhone Developer";
				COPY_PHASE_STRIP = YES;
				ENABLE_NS_ASSERTIONS = NO;
				GCC_C_LANGUAGE_STANDARD = gnu99;
				GCC_WARN_64_TO_32_BIT_CONVERSION = YES;
				GCC_WARN_ABOUT_RETURN_TYPE = YES_ERROR;
				GCC_WARN_UNDECLARED_SELECTOR = YES;
				GCC_WARN_UNINITIALIZED_AUTOS = YES_AGGRESSIVE;
				GCC_WARN_UNUSED_FUNCTION = YES;
				GCC_WARN_UNUSED_VARIABLE = YES;
				IPHONEOS_DEPLOYMENT_TARGET = 7.1;
				SDKROOT = iphoneos;
				TARGETED_DEVICE_FAMILY = "1,2";
				VALIDATE_PRODUCT = YES;
			};
			name = Release;
		};
		CFC2507F197BF983007DD739 /* Debug */ = {
			isa = XCBuildConfiguration;
			baseConfigurationReference = 8796C6626A08616D95FD69EF /* Pods.debug.xcconfig */;
			buildSettings = {
				ASSETCATALOG_COMPILER_APPICON_NAME = AppIcon;
				ASSETCATALOG_COMPILER_LAUNCHIMAGE_NAME = LaunchImage;
				GCC_PRECOMPILE_PREFIX_HEADER = YES;
				GCC_PREFIX_HEADER = "NewTerm/NewTerm-Prefix.pch";
				INFOPLIST_FILE = "NewTerm/NewTerm-Info.plist";
				IPHONEOS_DEPLOYMENT_TARGET = 7.0;
				PRODUCT_NAME = "$(TARGET_NAME)";
				WRAPPER_EXTENSION = app;
			};
			name = Debug;
		};
		CFC25080197BF983007DD739 /* Release */ = {
			isa = XCBuildConfiguration;
			baseConfigurationReference = AB32674F1DBA8E0DCCCD0B37 /* Pods.release.xcconfig */;
			buildSettings = {
				ASSETCATALOG_COMPILER_APPICON_NAME = AppIcon;
				ASSETCATALOG_COMPILER_LAUNCHIMAGE_NAME = LaunchImage;
				GCC_PRECOMPILE_PREFIX_HEADER = YES;
				GCC_PREFIX_HEADER = "NewTerm/NewTerm-Prefix.pch";
				INFOPLIST_FILE = "NewTerm/NewTerm-Info.plist";
				IPHONEOS_DEPLOYMENT_TARGET = 7.0;
				PRODUCT_NAME = "$(TARGET_NAME)";
				WRAPPER_EXTENSION = app;
			};
			name = Release;
		};
		CFC25082197BF983007DD739 /* Debug */ = {
			isa = XCBuildConfiguration;
			buildSettings = {
				BUNDLE_LOADER = "$(BUILT_PRODUCTS_DIR)/NewTerm.app/NewTerm";
				FRAMEWORK_SEARCH_PATHS = (
					"$(SDKROOT)/Developer/Library/Frameworks",
					"$(inherited)",
					"$(DEVELOPER_FRAMEWORKS_DIR)",
				);
				GCC_PRECOMPILE_PREFIX_HEADER = YES;
				GCC_PREFIX_HEADER = "NewTerm/NewTerm-Prefix.pch";
				GCC_PREPROCESSOR_DEFINITIONS = (
					"DEBUG=1",
					"$(inherited)",
				);
				INFOPLIST_FILE = "NewTermTests/NewTermTests-Info.plist";
				PRODUCT_NAME = "$(TARGET_NAME)";
				TEST_HOST = "$(BUNDLE_LOADER)";
				WRAPPER_EXTENSION = xctest;
			};
			name = Debug;
		};
		CFC25083197BF983007DD739 /* Release */ = {
			isa = XCBuildConfiguration;
			buildSettings = {
				BUNDLE_LOADER = "$(BUILT_PRODUCTS_DIR)/NewTerm.app/NewTerm";
				FRAMEWORK_SEARCH_PATHS = (
					"$(SDKROOT)/Developer/Library/Frameworks",
					"$(inherited)",
					"$(DEVELOPER_FRAMEWORKS_DIR)",
				);
				GCC_PRECOMPILE_PREFIX_HEADER = YES;
				GCC_PREFIX_HEADER = "NewTerm/NewTerm-Prefix.pch";
				INFOPLIST_FILE = "NewTermTests/NewTermTests-Info.plist";
				PRODUCT_NAME = "$(TARGET_NAME)";
				TEST_HOST = "$(BUNDLE_LOADER)";
				WRAPPER_EXTENSION = xctest;
			};
			name = Release;
		};
/* End XCBuildConfiguration section */

/* Begin XCConfigurationList section */
		CFC2504D197BF982007DD739 /* Build configuration list for PBXProject "NewTerm" */ = {
			isa = XCConfigurationList;
			buildConfigurations = (
				CFC2507C197BF983007DD739 /* Debug */,
				CFC2507D197BF983007DD739 /* Release */,
			);
			defaultConfigurationIsVisible = 0;
			defaultConfigurationName = Release;
		};
		CFC2507E197BF983007DD739 /* Build configuration list for PBXNativeTarget "NewTerm" */ = {
			isa = XCConfigurationList;
			buildConfigurations = (
				CFC2507F197BF983007DD739 /* Debug */,
				CFC25080197BF983007DD739 /* Release */,
			);
			defaultConfigurationIsVisible = 0;
			defaultConfigurationName = Release;
		};
		CFC25081197BF983007DD739 /* Build configuration list for PBXNativeTarget "NewTermTests" */ = {
			isa = XCConfigurationList;
			buildConfigurations = (
				CFC25082197BF983007DD739 /* Debug */,
				CFC25083197BF983007DD739 /* Release */,
			);
			defaultConfigurationIsVisible = 0;
			defaultConfigurationName = Release;
		};
/* End XCConfigurationList section */
	};
	rootObject = CFC2504A197BF982007DD739 /* Project object */;
}
