// !$*UTF8*$!
{
	archiveVersion = 1;
	classes = {
	};
	objectVersion = 46;
	objects = {

/* Begin PBXBuildFile section */
		1D3623260D0F684500981E51 /* MobileTerminalAppDelegate.m in Sources */ = {isa = PBXBuildFile; fileRef = 1D3623250D0F684500981E51 /* MobileTerminalAppDelegate.m */; };
		1D60589B0D05DD56006BFB54 /* main.m in Sources */ = {isa = PBXBuildFile; fileRef = 29B97316FDCFA39411CA2CEA /* main.m */; };
		1D60589F0D05DD5A006BFB54 /* Foundation.framework in Frameworks */ = {isa = PBXBuildFile; fileRef = 1D30AB110D05D00D00671497 /* Foundation.framework */; };
		1DF5F4E00D08C38300B7A737 /* UIKit.framework in Frameworks */ = {isa = PBXBuildFile; fileRef = 1DF5F4DF0D08C38300B7A737 /* UIKit.framework */; };
		288765A50DF7441C002DB57D /* CoreGraphics.framework in Frameworks */ = {isa = PBXBuildFile; fileRef = 288765A40DF7441C002DB57D /* CoreGraphics.framework */; };
		2899E5220DE3E06400AC0155 /* MobileTerminalViewController.xib in Resources */ = {isa = PBXBuildFile; fileRef = 2899E5210DE3E06400AC0155 /* MobileTerminalViewController.xib */; };
		28AD733F0D9D9553002E5188 /* MainWindow.xib in Resources */ = {isa = PBXBuildFile; fileRef = 28AD733E0D9D9553002E5188 /* MainWindow.xib */; };
		28D7ACF80DDB3853001CB0EB /* MobileTerminalViewController.m in Sources */ = {isa = PBXBuildFile; fileRef = 28D7ACF70DDB3853001CB0EB /* MobileTerminalViewController.m */; };
		2C11C5801013A54300A2746E /* VT100Terminal.m in Sources */ = {isa = PBXBuildFile; fileRef = 2C11C5661013A4E500A2746E /* VT100Terminal.m */; };
		2C11C5811013A54300A2746E /* VT100TextView.m in Sources */ = {isa = PBXBuildFile; fileRef = 2C11C5671013A4E500A2746E /* VT100TextView.m */; };
		2C11C5821013A54300A2746E /* VT100.m in Sources */ = {isa = PBXBuildFile; fileRef = 2C11C5691013A4E500A2746E /* VT100.m */; };
		2C11C5831013A54300A2746E /* VT100Screen.m in Sources */ = {isa = PBXBuildFile; fileRef = 2C11C56A1013A4E500A2746E /* VT100Screen.m */; };
		2C11C5841013A54300A2746E /* ColorMap.m in Sources */ = {isa = PBXBuildFile; fileRef = 2C11C56C1013A4E500A2746E /* ColorMap.m */; };
		2C11C58D1013A56100A2746E /* SubProcess.m in Sources */ = {isa = PBXBuildFile; fileRef = 2C11C55C1013A4DC00A2746E /* SubProcess.m */; };
		2C11C58E1013A56100A2746E /* PTY.m in Sources */ = {isa = PBXBuildFile; fileRef = 2C11C55E1013A4DC00A2746E /* PTY.m */; };
		2C11C5BA1013A5C000A2746E /* ColorMapTest.m in Sources */ = {isa = PBXBuildFile; fileRef = 2C11C54E1013A4C800A2746E /* ColorMapTest.m */; };
		2C11C5BB1013A5C000A2746E /* VT100Test.m in Sources */ = {isa = PBXBuildFile; fileRef = 2C11C5511013A4C800A2746E /* VT100Test.m */; };
		2C11C5C11013A5F400A2746E /* libVT100.a in Frameworks */ = {isa = PBXBuildFile; fileRef = 2C11C57B1013A51E00A2746E /* libVT100.a */; };
		2C11C5C31013A60C00A2746E /* CoreGraphics.framework in Frameworks */ = {isa = PBXBuildFile; fileRef = 288765A40DF7441C002DB57D /* CoreGraphics.framework */; };
		2C11C5F91013A97700A2746E /* libVT100.a in Frameworks */ = {isa = PBXBuildFile; fileRef = 2C11C57B1013A51E00A2746E /* libVT100.a */; };
		2C11C5FA1013A97700A2746E /* libSubProcess.a in Frameworks */ = {isa = PBXBuildFile; fileRef = 2C11C58A1013A55500A2746E /* libSubProcess.a */; };
		2C11C6471013AC7400A2746E /* libcurses.dylib in Frameworks */ = {isa = PBXBuildFile; fileRef = 2C11C6461013AC7400A2746E /* libcurses.dylib */; };
		2C11C6671013AE0F00A2746E /* VT100Types.h in Headers */ = {isa = PBXBuildFile; fileRef = 2C11C5621013A4E500A2746E /* VT100Types.h */; settings = {ATTRIBUTES = (Public, ); }; };
		2C11C6681013AE0F00A2746E /* ColorMap.h in Headers */ = {isa = PBXBuildFile; fileRef = 2C11C5651013A4E500A2746E /* ColorMap.h */; settings = {ATTRIBUTES = (Public, ); }; };
		2C11C6691013AE0F00A2746E /* VT100TextView.h in Headers */ = {isa = PBXBuildFile; fileRef = 2C11C56D1013A4E500A2746E /* VT100TextView.h */; settings = {ATTRIBUTES = (Public, ); }; };
		2C11C66A1013AE1D00A2746E /* SubProcess.h in Headers */ = {isa = PBXBuildFile; fileRef = 2C11C55D1013A4DC00A2746E /* SubProcess.h */; settings = {ATTRIBUTES = (Public, ); }; };
		2C11C66B1013AE1D00A2746E /* PTY.h in Headers */ = {isa = PBXBuildFile; fileRef = 2C11C55F1013A4DC00A2746E /* PTY.h */; settings = {ATTRIBUTES = (Public, ); }; };
		2C11C9391013F89B00A2746E /* TerminalGroupView.m in Sources */ = {isa = PBXBuildFile; fileRef = 2C11C9261013F85A00A2746E /* TerminalGroupView.m */; };
		2C11C93A1013F89B00A2746E /* TerminalKeyboard.m in Sources */ = {isa = PBXBuildFile; fileRef = 2C11C9281013F85A00A2746E /* TerminalKeyboard.m */; };
		2C11C93B1013F89B00A2746E /* TerminalView.m in Sources */ = {isa = PBXBuildFile; fileRef = 2C11C92A1013F85A00A2746E /* TerminalView.m */; };
		2C11C9481013F96400A2746E /* TerminalGroupView.h in Headers */ = {isa = PBXBuildFile; fileRef = 2C11C9251013F85A00A2746E /* TerminalGroupView.h */; };
		2C11C9491013F96400A2746E /* TerminalKeyboard.h in Headers */ = {isa = PBXBuildFile; fileRef = 2C11C9271013F85A00A2746E /* TerminalKeyboard.h */; };
		2C11C94A1013F96400A2746E /* TerminalView.h in Headers */ = {isa = PBXBuildFile; fileRef = 2C11C9291013F85A00A2746E /* TerminalView.h */; };
		2C11C95A1013F9B600A2746E /* libTerminal.a in Frameworks */ = {isa = PBXBuildFile; fileRef = 2C11C9321013F87100A2746E /* libTerminal.a */; };
		2C11CC8210159F7400A2746E /* Settings.h in Headers */ = {isa = PBXBuildFile; fileRef = 2C11CC7E10159F7400A2746E /* Settings.h */; settings = {ATTRIBUTES = (); }; };
		2C11CC8310159F7400A2746E /* Settings.m in Sources */ = {isa = PBXBuildFile; fileRef = 2C11CC7F10159F7400A2746E /* Settings.m */; };
		2C11CC8410159F7400A2746E /* TerminalSettings.h in Headers */ = {isa = PBXBuildFile; fileRef = 2C11CC8010159F7400A2746E /* TerminalSettings.h */; settings = {ATTRIBUTES = (); }; };
		2C11CC8510159F7400A2746E /* TerminalSettings.m in Sources */ = {isa = PBXBuildFile; fileRef = 2C11CC8110159F7400A2746E /* TerminalSettings.m */; };
		2C4E19D1101D23E9004CA39E /* MenuSettings.h in Headers */ = {isa = PBXBuildFile; fileRef = 2C4E19CD101D23E9004CA39E /* MenuSettings.h */; settings = {ATTRIBUTES = (); }; };
		2C4E19D2101D23E9004CA39E /* MenuSettings.m in Sources */ = {isa = PBXBuildFile; fileRef = 2C4E19CE101D23E9004CA39E /* MenuSettings.m */; };
		2C4E19D7101D2410004CA39E /* MenuSettingsTest.m in Sources */ = {isa = PBXBuildFile; fileRef = 2C4E19D6101D2410004CA39E /* MenuSettingsTest.m */; };
		2C4E1A91101D3182004CA39E /* libPreferences.a in Frameworks */ = {isa = PBXBuildFile; fileRef = 2C11C9C91014035800A2746E /* libPreferences.a */; };
		2C66C084101C47FB00E4189B /* MenuView.m in Sources */ = {isa = PBXBuildFile; fileRef = 2C66C083101C47FB00E4189B /* MenuView.m */; };
		2C66C156101C54C800E4189B /* QuartzCore.framework in Frameworks */ = {isa = PBXBuildFile; fileRef = 2C66C155101C54C800E4189B /* QuartzCore.framework */; };
		2C72B32C101ABC2F00F10E63 /* libPreferences.a in Frameworks */ = {isa = PBXBuildFile; fileRef = 2C11C9C91014035800A2746E /* libPreferences.a */; };
		2C72B3E3101AC4D100F10E63 /* UIKit.framework in Frameworks */ = {isa = PBXBuildFile; fileRef = 1DF5F4DF0D08C38300B7A737 /* UIKit.framework */; };
		9F24A70111D7C6EF00E6EFC0 /* MenuSettingsViewController.h in Headers */ = {isa = PBXBuildFile; fileRef = 9F24A6FF11D7C6EF00E6EFC0 /* MenuSettingsViewController.h */; };
		9F24A70211D7C6EF00E6EFC0 /* MenuSettingsViewController.m in Sources */ = {isa = PBXBuildFile; fileRef = 9F24A70011D7C6EF00E6EFC0 /* MenuSettingsViewController.m */; };
		9F24A7FF11D7EE8100E6EFC0 /* MenuEditViewController.h in Headers */ = {isa = PBXBuildFile; fileRef = 9F24A7FD11D7EE8100E6EFC0 /* MenuEditViewController.h */; };
		9F24A80011D7EE8100E6EFC0 /* MenuEditViewController.m in Sources */ = {isa = PBXBuildFile; fileRef = 9F24A7FE11D7EE8100E6EFC0 /* MenuEditViewController.m */; };
		9F24A83811D7F27300E6EFC0 /* BorderedTextView.h in Headers */ = {isa = PBXBuildFile; fileRef = 9F24A83611D7F27300E6EFC0 /* BorderedTextView.h */; };
		9F24A83911D7F27300E6EFC0 /* BorderedTextView.m in Sources */ = {isa = PBXBuildFile; fileRef = 9F24A83711D7F27300E6EFC0 /* BorderedTextView.m */; };
		9F3B52171222140200682793 /* GestureEditViewController.h in Headers */ = {isa = PBXBuildFile; fileRef = 9F3B52151222140200682793 /* GestureEditViewController.h */; };
		9F3B52181222140200682793 /* GestureEditViewController.m in Sources */ = {isa = PBXBuildFile; fileRef = 9F3B52161222140200682793 /* GestureEditViewController.m */; };
		9F3B5244122217C400682793 /* GestureSettingsViewController.h in Headers */ = {isa = PBXBuildFile; fileRef = 9F3B5242122217C400682793 /* GestureSettingsViewController.h */; };
		9F3B5245122217C400682793 /* GestureSettingsViewController.m in Sources */ = {isa = PBXBuildFile; fileRef = 9F3B5243122217C400682793 /* GestureSettingsViewController.m */; };
		9F6B6D5312297447007BAD59 /* Icon-Small.png in Resources */ = {isa = PBXBuildFile; fileRef = 9F6B6D4F12297447007BAD59 /* Icon-Small.png */; };
		9F6B6D5412297447007BAD59 /* Icon-Small@2x.png in Resources */ = {isa = PBXBuildFile; fileRef = 9F6B6D5012297447007BAD59 /* Icon-Small@2x.png */; };
		9F6B6D5512297447007BAD59 /* Icon.png in Resources */ = {isa = PBXBuildFile; fileRef = 9F6B6D5112297447007BAD59 /* Icon.png */; };
		9F6B6D5612297447007BAD59 /* Icon@2x.png in Resources */ = {isa = PBXBuildFile; fileRef = 9F6B6D5212297447007BAD59 /* Icon@2x.png */; };
		9F6B6D5912297452007BAD59 /* Icon-72.png in Resources */ = {isa = PBXBuildFile; fileRef = 9F6B6D5712297452007BAD59 /* Icon-72.png */; };
		9F6B6D5A12297452007BAD59 /* Icon-Small-50.png in Resources */ = {isa = PBXBuildFile; fileRef = 9F6B6D5812297452007BAD59 /* Icon-Small-50.png */; };
		9F6B6D7E12297740007BAD59 /* Default.png in Resources */ = {isa = PBXBuildFile; fileRef = 9F6B6D7D12297740007BAD59 /* Default.png */; };
		9F6B6D9912297822007BAD59 /* GestureActionRegistry.m in Sources */ = {isa = PBXBuildFile; fileRef = 9F6B6D9812297822007BAD59 /* GestureActionRegistry.m */; };
		9F6B6E481229A71E007BAD59 /* GestureInputActions.plist in Resources */ = {isa = PBXBuildFile; fileRef = 9F6B6E311229A55B007BAD59 /* GestureInputActions.plist */; };
		9F74BF7111D326890013DA87 /* PreferencesViewController.h in Headers */ = {isa = PBXBuildFile; fileRef = 9F74BF6F11D326890013DA87 /* PreferencesViewController.h */; };
		9F74BF7211D326890013DA87 /* PreferencesViewController.m in Sources */ = {isa = PBXBuildFile; fileRef = 9F74BF7011D326890013DA87 /* PreferencesViewController.m */; };
		9F86D380123D386A00FAA3C4 /* PreferencesViewController.xib in Resources */ = {isa = PBXBuildFile; fileRef = 9F86D37F123D386A00FAA3C4 /* PreferencesViewController.xib */; };
		9F86D6CF123DDE0C00FAA3C4 /* UITextInputBase.h in Headers */ = {isa = PBXBuildFile; fileRef = 9F86D6CD123DDE0C00FAA3C4 /* UITextInputBase.h */; };
		9F86D6D0123DDE0C00FAA3C4 /* UITextInputBase.m in Sources */ = {isa = PBXBuildFile; fileRef = 9F86D6CE123DDE0C00FAA3C4 /* UITextInputBase.m */; };
		9FA68B8E124693D4002B893E /* CoreText.framework in Frameworks */ = {isa = PBXBuildFile; fileRef = 9FA68B8D124693D4002B893E /* CoreText.framework */; };
		9FB73ED911C476BA005E3764 /* MainWindow-iPad.xib in Resources */ = {isa = PBXBuildFile; fileRef = 9FB73ED811C476BA005E3764 /* MainWindow-iPad.xib */; };
		9FD244F5121790AF009A71C6 /* GestureSettings.h in Headers */ = {isa = PBXBuildFile; fileRef = 9FD244F3121790AF009A71C6 /* GestureSettings.h */; };
		9FD244F6121790AF009A71C6 /* GestureSettings.m in Sources */ = {isa = PBXBuildFile; fileRef = 9FD244F4121790AF009A71C6 /* GestureSettings.m */; };
		9FE3EF4D12D2647500CF3F00 /* VT100TableViewController.h in Headers */ = {isa = PBXBuildFile; fileRef = 9FE3EF4B12D2647500CF3F00 /* VT100TableViewController.h */; };
		9FE3EF4E12D2647500CF3F00 /* VT100TableViewController.m in Sources */ = {isa = PBXBuildFile; fileRef = 9FE3EF4C12D2647500CF3F00 /* VT100TableViewController.m */; };
		9FE3EF4F12D2648000CF3F00 /* VT100RowView.h in Headers */ = {isa = PBXBuildFile; fileRef = 9FE3EF0512D18AED00CF3F00 /* VT100RowView.h */; };
		9FE3EF5012D2648000CF3F00 /* VT100RowView.m in Sources */ = {isa = PBXBuildFile; fileRef = 9FE3EF0612D18AED00CF3F00 /* VT100RowView.m */; };
		9FE3EF5112D2648500CF3F00 /* FontMetrics.h in Headers */ = {isa = PBXBuildFile; fileRef = 9F89F65F1257C32C0015CFDB /* FontMetrics.h */; };
		9FE3EF5212D2648500CF3F00 /* FontMetrics.m in Sources */ = {isa = PBXBuildFile; fileRef = 9F89F6601257C32C0015CFDB /* FontMetrics.m */; };
		9FE3EF6612D269CE00CF3F00 /* VT100StringSupplier.h in Headers */ = {isa = PBXBuildFile; fileRef = 9FE3EF6412D269CE00CF3F00 /* VT100StringSupplier.h */; };
		9FE3EF6712D269CE00CF3F00 /* VT100StringSupplier.m in Sources */ = {isa = PBXBuildFile; fileRef = 9FE3EF6512D269CE00CF3F00 /* VT100StringSupplier.m */; };
		9FF8508E12177F81000CC2A2 /* GestureResponder.m in Sources */ = {isa = PBXBuildFile; fileRef = 9FF8508D12177F81000CC2A2 /* GestureResponder.m */; };
		9FFD077512CFB33100709B8D /* AboutViewController.h in Headers */ = {isa = PBXBuildFile; fileRef = 9FFD077312CFB33100709B8D /* AboutViewController.h */; };
		9FFD077612CFB33100709B8D /* AboutViewController.m in Sources */ = {isa = PBXBuildFile; fileRef = 9FFD077412CFB33100709B8D /* AboutViewController.m */; };
/* End PBXBuildFile section */

/* Begin PBXContainerItemProxy section */
		2C11C57E1013A53000A2746E /* PBXContainerItemProxy */ = {
			isa = PBXContainerItemProxy;
			containerPortal = 29B97313FDCFA39411CA2CEA /* Project object */;
			proxyType = 1;
			remoteGlobalIDString = 2C11C57A1013A51E00A2746E;
			remoteInfo = VT100;
		};
		2C11C5A91013A59700A2746E /* PBXContainerItemProxy */ = {
			isa = PBXContainerItemProxy;
			containerPortal = 29B97313FDCFA39411CA2CEA /* Project object */;
			proxyType = 1;
			remoteGlobalIDString = 2C11C5891013A55500A2746E;
			remoteInfo = SubProcess;
		};
		2C11C5B81013A5B400A2746E /* PBXContainerItemProxy */ = {
			isa = PBXContainerItemProxy;
			containerPortal = 29B97313FDCFA39411CA2CEA /* Project object */;
			proxyType = 1;
			remoteGlobalIDString = 2C11C57A1013A51E00A2746E;
			remoteInfo = VT100;
		};
		2C11C9351013F87A00A2746E /* PBXContainerItemProxy */ = {
			isa = PBXContainerItemProxy;
			containerPortal = 29B97313FDCFA39411CA2CEA /* Project object */;
			proxyType = 1;
			remoteGlobalIDString = 2C11C57A1013A51E00A2746E;
			remoteInfo = VT100;
		};
		2C11C9371013F87F00A2746E /* PBXContainerItemProxy */ = {
			isa = PBXContainerItemProxy;
			containerPortal = 29B97313FDCFA39411CA2CEA /* Project object */;
			proxyType = 1;
			remoteGlobalIDString = 2C11C5891013A55500A2746E;
			remoteInfo = SubProcess;
		};
		2C11C9581013F9B200A2746E /* PBXContainerItemProxy */ = {
			isa = PBXContainerItemProxy;
			containerPortal = 29B97313FDCFA39411CA2CEA /* Project object */;
			proxyType = 1;
			remoteGlobalIDString = 2C11C9311013F87100A2746E;
			remoteInfo = Terminal;
		};
		2C11C9CC1014035F00A2746E /* PBXContainerItemProxy */ = {
			isa = PBXContainerItemProxy;
			containerPortal = 29B97313FDCFA39411CA2CEA /* Project object */;
			proxyType = 1;
			remoteGlobalIDString = 2C11C57A1013A51E00A2746E;
			remoteInfo = VT100;
		};
		2C11CB6010143D4A00A2746E /* PBXContainerItemProxy */ = {
			isa = PBXContainerItemProxy;
			containerPortal = 29B97313FDCFA39411CA2CEA /* Project object */;
			proxyType = 1;
			remoteGlobalIDString = 2C11C9C81014035800A2746E;
			remoteInfo = Preferences;
		};
		2C72B2C0101ABA9600F10E63 /* PBXContainerItemProxy */ = {
			isa = PBXContainerItemProxy;
			containerPortal = 29B97313FDCFA39411CA2CEA /* Project object */;
			proxyType = 1;
			remoteGlobalIDString = 2C11C9C81014035800A2746E;
			remoteInfo = Preferences;
		};
		9FB2C1A7130881B900DAABA0 /* PBXContainerItemProxy */ = {
			isa = PBXContainerItemProxy;
			containerPortal = 29B97313FDCFA39411CA2CEA /* Project object */;
			proxyType = 1;
			remoteGlobalIDString = 1D6058900D05DD3D006BFB54;
			remoteInfo = MobileTerminal;
		};
		9FE6978312E2524600EDE939 /* PBXContainerItemProxy */ = {
			isa = PBXContainerItemProxy;
			containerPortal = 29B97313FDCFA39411CA2CEA /* Project object */;
			proxyType = 1;
			remoteGlobalIDString = 9FE6978012E2522700EDE939;
			remoteInfo = svnversion;
		};
/* End PBXContainerItemProxy section */

/* Begin PBXFileReference section */
		1D30AB110D05D00D00671497 /* Foundation.framework */ = {isa = PBXFileReference; lastKnownFileType = wrapper.framework; name = Foundation.framework; path = System/Library/Frameworks/Foundation.framework; sourceTree = SDKROOT; };
		1D3623240D0F684500981E51 /* MobileTerminalAppDelegate.h */ = {isa = PBXFileReference; fileEncoding = 4; lastKnownFileType = sourcecode.c.h; path = MobileTerminalAppDelegate.h; sourceTree = "<group>"; };
		1D3623250D0F684500981E51 /* MobileTerminalAppDelegate.m */ = {isa = PBXFileReference; fileEncoding = 4; lastKnownFileType = sourcecode.c.objc; path = MobileTerminalAppDelegate.m; sourceTree = "<group>"; };
		1D6058910D05DD3D006BFB54 /* Terminal.app */ = {isa = PBXFileReference; explicitFileType = wrapper.application; includeInIndex = 0; path = Terminal.app; sourceTree = BUILT_PRODUCTS_DIR; };
		1DF5F4DF0D08C38300B7A737 /* UIKit.framework */ = {isa = PBXFileReference; lastKnownFileType = wrapper.framework; name = UIKit.framework; path = System/Library/Frameworks/UIKit.framework; sourceTree = SDKROOT; };
		288765A40DF7441C002DB57D /* CoreGraphics.framework */ = {isa = PBXFileReference; lastKnownFileType = wrapper.framework; name = CoreGraphics.framework; path = System/Library/Frameworks/CoreGraphics.framework; sourceTree = SDKROOT; };
		2899E5210DE3E06400AC0155 /* MobileTerminalViewController.xib */ = {isa = PBXFileReference; lastKnownFileType = file.xib; path = MobileTerminalViewController.xib; sourceTree = "<group>"; };
		28AD733E0D9D9553002E5188 /* MainWindow.xib */ = {isa = PBXFileReference; lastKnownFileType = file.xib; path = MainWindow.xib; sourceTree = "<group>"; };
		28D7ACF60DDB3853001CB0EB /* MobileTerminalViewController.h */ = {isa = PBXFileReference; fileEncoding = 4; lastKnownFileType = sourcecode.c.h; path = MobileTerminalViewController.h; sourceTree = "<group>"; };
		28D7ACF70DDB3853001CB0EB /* MobileTerminalViewController.m */ = {isa = PBXFileReference; fileEncoding = 4; lastKnownFileType = sourcecode.c.objc; path = MobileTerminalViewController.m; sourceTree = "<group>"; };
		29B97316FDCFA39411CA2CEA /* main.m */ = {isa = PBXFileReference; fileEncoding = 4; lastKnownFileType = sourcecode.c.objc; path = main.m; sourceTree = "<group>"; };
		2C11C54E1013A4C800A2746E /* ColorMapTest.m */ = {isa = PBXFileReference; fileEncoding = 4; lastKnownFileType = sourcecode.c.objc; name = ColorMapTest.m; path = Tests/ColorMapTest.m; sourceTree = "<group>"; };
		2C11C54F1013A4C800A2746E /* VT100Test.h */ = {isa = PBXFileReference; fileEncoding = 4; lastKnownFileType = sourcecode.c.h; name = VT100Test.h; path = Tests/VT100Test.h; sourceTree = "<group>"; };
		2C11C5501013A4C800A2746E /* ColorMapTest.h */ = {isa = PBXFileReference; fileEncoding = 4; lastKnownFileType = sourcecode.c.h; name = ColorMapTest.h; path = Tests/ColorMapTest.h; sourceTree = "<group>"; };
		2C11C5511013A4C800A2746E /* VT100Test.m */ = {isa = PBXFileReference; fileEncoding = 4; lastKnownFileType = sourcecode.c.objc; name = VT100Test.m; path = Tests/VT100Test.m; sourceTree = "<group>"; };
		2C11C55C1013A4DC00A2746E /* SubProcess.m */ = {isa = PBXFileReference; fileEncoding = 4; lastKnownFileType = sourcecode.c.objc; name = SubProcess.m; path = SubProcess/SubProcess.m; sourceTree = "<group>"; };
		2C11C55D1013A4DC00A2746E /* SubProcess.h */ = {isa = PBXFileReference; fileEncoding = 4; lastKnownFileType = sourcecode.c.h; name = SubProcess.h; path = SubProcess/SubProcess.h; sourceTree = "<group>"; };
		2C11C55E1013A4DC00A2746E /* PTY.m */ = {isa = PBXFileReference; fileEncoding = 4; lastKnownFileType = sourcecode.c.objc; name = PTY.m; path = SubProcess/PTY.m; sourceTree = "<group>"; };
		2C11C55F1013A4DC00A2746E /* PTY.h */ = {isa = PBXFileReference; fileEncoding = 4; lastKnownFileType = sourcecode.c.h; name = PTY.h; path = SubProcess/PTY.h; sourceTree = "<group>"; };
		2C11C5621013A4E500A2746E /* VT100Types.h */ = {isa = PBXFileReference; fileEncoding = 4; lastKnownFileType = sourcecode.c.h; name = VT100Types.h; path = VT100/VT100Types.h; sourceTree = "<group>"; };
		2C11C5631013A4E500A2746E /* VT100Screen.h */ = {isa = PBXFileReference; fileEncoding = 4; lastKnownFileType = sourcecode.c.h; name = VT100Screen.h; path = VT100/VT100Screen.h; sourceTree = "<group>"; };
		2C11C5641013A4E500A2746E /* VT100Terminal.h */ = {isa = PBXFileReference; fileEncoding = 4; lastKnownFileType = sourcecode.c.h; name = VT100Terminal.h; path = VT100/VT100Terminal.h; sourceTree = "<group>"; };
		2C11C5651013A4E500A2746E /* ColorMap.h */ = {isa = PBXFileReference; fileEncoding = 4; lastKnownFileType = sourcecode.c.h; name = ColorMap.h; path = VT100/ColorMap.h; sourceTree = "<group>"; };
		2C11C5661013A4E500A2746E /* VT100Terminal.m */ = {isa = PBXFileReference; fileEncoding = 4; lastKnownFileType = sourcecode.c.objc; name = VT100Terminal.m; path = VT100/VT100Terminal.m; sourceTree = "<group>"; };
		2C11C5671013A4E500A2746E /* VT100TextView.m */ = {isa = PBXFileReference; fileEncoding = 4; lastKnownFileType = sourcecode.c.objc; name = VT100TextView.m; path = VT100/VT100TextView.m; sourceTree = "<group>"; };
		2C11C5681013A4E500A2746E /* charmaps.h */ = {isa = PBXFileReference; fileEncoding = 4; lastKnownFileType = sourcecode.c.h; name = charmaps.h; path = VT100/charmaps.h; sourceTree = "<group>"; };
		2C11C5691013A4E500A2746E /* VT100.m */ = {isa = PBXFileReference; fileEncoding = 4; lastKnownFileType = sourcecode.c.objc; name = VT100.m; path = VT100/VT100.m; sourceTree = "<group>"; };
		2C11C56A1013A4E500A2746E /* VT100Screen.m */ = {isa = PBXFileReference; fileEncoding = 4; lastKnownFileType = sourcecode.c.objc; name = VT100Screen.m; path = VT100/VT100Screen.m; sourceTree = "<group>"; };
		2C11C56B1013A4E500A2746E /* VT100.h */ = {isa = PBXFileReference; fileEncoding = 4; lastKnownFileType = sourcecode.c.h; name = VT100.h; path = VT100/VT100.h; sourceTree = "<group>"; };
		2C11C56C1013A4E500A2746E /* ColorMap.m */ = {isa = PBXFileReference; fileEncoding = 4; lastKnownFileType = sourcecode.c.objc; name = ColorMap.m; path = VT100/ColorMap.m; sourceTree = "<group>"; };
		2C11C56D1013A4E500A2746E /* VT100TextView.h */ = {isa = PBXFileReference; fileEncoding = 4; lastKnownFileType = sourcecode.c.h; name = VT100TextView.h; path = VT100/VT100TextView.h; sourceTree = "<group>"; };
		2C11C57B1013A51E00A2746E /* libVT100.a */ = {isa = PBXFileReference; explicitFileType = archive.ar; includeInIndex = 0; path = libVT100.a; sourceTree = BUILT_PRODUCTS_DIR; };
		2C11C58A1013A55500A2746E /* libSubProcess.a */ = {isa = PBXFileReference; explicitFileType = archive.ar; includeInIndex = 0; path = libSubProcess.a; sourceTree = BUILT_PRODUCTS_DIR; };
		2C11C5B31013A5AF00A2746E /* VT100Tests.octest */ = {isa = PBXFileReference; explicitFileType = wrapper.cfbundle; includeInIndex = 0; path = VT100Tests.octest; sourceTree = BUILT_PRODUCTS_DIR; };
		2C11C5B41013A5AF00A2746E /* VT100Tests-Info.plist */ = {isa = PBXFileReference; lastKnownFileType = text.plist.xml; path = "VT100Tests-Info.plist"; sourceTree = "<group>"; };
		2C11C6461013AC7400A2746E /* libcurses.dylib */ = {isa = PBXFileReference; lastKnownFileType = "compiled.mach-o.dylib"; name = libcurses.dylib; path = usr/lib/libcurses.dylib; sourceTree = SDKROOT; };
		2C11C9251013F85A00A2746E /* TerminalGroupView.h */ = {isa = PBXFileReference; fileEncoding = 4; lastKnownFileType = sourcecode.c.h; name = TerminalGroupView.h; path = Terminal/TerminalGroupView.h; sourceTree = "<group>"; };
		2C11C9261013F85A00A2746E /* TerminalGroupView.m */ = {isa = PBXFileReference; fileEncoding = 4; lastKnownFileType = sourcecode.c.objc; name = TerminalGroupView.m; path = Terminal/TerminalGroupView.m; sourceTree = "<group>"; };
		2C11C9271013F85A00A2746E /* TerminalKeyboard.h */ = {isa = PBXFileReference; fileEncoding = 4; lastKnownFileType = sourcecode.c.h; name = TerminalKeyboard.h; path = Terminal/TerminalKeyboard.h; sourceTree = "<group>"; };
		2C11C9281013F85A00A2746E /* TerminalKeyboard.m */ = {isa = PBXFileReference; fileEncoding = 4; lastKnownFileType = sourcecode.c.objc; name = TerminalKeyboard.m; path = Terminal/TerminalKeyboard.m; sourceTree = "<group>"; };
		2C11C9291013F85A00A2746E /* TerminalView.h */ = {isa = PBXFileReference; fileEncoding = 4; lastKnownFileType = sourcecode.c.h; name = TerminalView.h; path = Terminal/TerminalView.h; sourceTree = "<group>"; };
		2C11C92A1013F85A00A2746E /* TerminalView.m */ = {isa = PBXFileReference; fileEncoding = 4; lastKnownFileType = sourcecode.c.objc; name = TerminalView.m; path = Terminal/TerminalView.m; sourceTree = "<group>"; };
		2C11C9321013F87100A2746E /* libTerminal.a */ = {isa = PBXFileReference; explicitFileType = archive.ar; includeInIndex = 0; path = libTerminal.a; sourceTree = BUILT_PRODUCTS_DIR; };
		2C11C9C91014035800A2746E /* libPreferences.a */ = {isa = PBXFileReference; explicitFileType = archive.ar; includeInIndex = 0; path = libPreferences.a; sourceTree = BUILT_PRODUCTS_DIR; };
		2C11CC7E10159F7400A2746E /* Settings.h */ = {isa = PBXFileReference; fileEncoding = 4; lastKnownFileType = sourcecode.c.h; name = Settings.h; path = Preferences/Settings.h; sourceTree = "<group>"; };
		2C11CC7F10159F7400A2746E /* Settings.m */ = {isa = PBXFileReference; fileEncoding = 4; lastKnownFileType = sourcecode.c.objc; name = Settings.m; path = Preferences/Settings.m; sourceTree = "<group>"; };
		2C11CC8010159F7400A2746E /* TerminalSettings.h */ = {isa = PBXFileReference; fileEncoding = 4; lastKnownFileType = sourcecode.c.h; name = TerminalSettings.h; path = Preferences/TerminalSettings.h; sourceTree = "<group>"; };
		2C11CC8110159F7400A2746E /* TerminalSettings.m */ = {isa = PBXFileReference; fileEncoding = 4; lastKnownFileType = sourcecode.c.objc; name = TerminalSettings.m; path = Preferences/TerminalSettings.m; sourceTree = "<group>"; };
		2C4E19CD101D23E9004CA39E /* MenuSettings.h */ = {isa = PBXFileReference; fileEncoding = 4; lastKnownFileType = sourcecode.c.h; name = MenuSettings.h; path = Preferences/MenuSettings.h; sourceTree = "<group>"; };
		2C4E19CE101D23E9004CA39E /* MenuSettings.m */ = {isa = PBXFileReference; fileEncoding = 4; lastKnownFileType = sourcecode.c.objc; name = MenuSettings.m; path = Preferences/MenuSettings.m; sourceTree = "<group>"; };
		2C4E19D5101D2410004CA39E /* MenuSettingsTest.h */ = {isa = PBXFileReference; fileEncoding = 4; lastKnownFileType = sourcecode.c.h; name = MenuSettingsTest.h; path = Tests/MenuSettingsTest.h; sourceTree = "<group>"; };
		2C4E19D6101D2410004CA39E /* MenuSettingsTest.m */ = {isa = PBXFileReference; fileEncoding = 4; lastKnownFileType = sourcecode.c.objc; name = MenuSettingsTest.m; path = Tests/MenuSettingsTest.m; sourceTree = "<group>"; };
		2C66C082101C47FB00E4189B /* MenuView.h */ = {isa = PBXFileReference; fileEncoding = 4; lastKnownFileType = sourcecode.c.h; path = MenuView.h; sourceTree = "<group>"; };
		2C66C083101C47FB00E4189B /* MenuView.m */ = {isa = PBXFileReference; fileEncoding = 4; lastKnownFileType = sourcecode.c.objc; path = MenuView.m; sourceTree = "<group>"; };
		2C66C155101C54C800E4189B /* QuartzCore.framework */ = {isa = PBXFileReference; lastKnownFileType = wrapper.framework; name = QuartzCore.framework; path = System/Library/Frameworks/QuartzCore.framework; sourceTree = SDKROOT; };
		2C72B2BB101ABA9100F10E63 /* PreferencesTests.octest */ = {isa = PBXFileReference; explicitFileType = wrapper.cfbundle; includeInIndex = 0; path = PreferencesTests.octest; sourceTree = BUILT_PRODUCTS_DIR; };
		2C72B2BC101ABA9100F10E63 /* PreferencesTests-Info.plist */ = {isa = PBXFileReference; lastKnownFileType = text.plist.xml; path = "PreferencesTests-Info.plist"; sourceTree = "<group>"; };
		32CA4F630368D1EE00C91783 /* MobileTerminal_Prefix.pch */ = {isa = PBXFileReference; fileEncoding = 4; lastKnownFileType = sourcecode.c.h; path = MobileTerminal_Prefix.pch; sourceTree = "<group>"; };
		8D1107310486CEB800E47090 /* MobileTerminal-Info.plist */ = {isa = PBXFileReference; fileEncoding = 4; lastKnownFileType = text.plist.xml; path = "MobileTerminal-Info.plist"; plistStructureDefinitionIdentifier = "com.apple.xcode.plist.structure-definition.iphone.info-plist"; sourceTree = "<group>"; };
		9F24A6FF11D7C6EF00E6EFC0 /* MenuSettingsViewController.h */ = {isa = PBXFileReference; fileEncoding = 4; lastKnownFileType = sourcecode.c.h; name = MenuSettingsViewController.h; path = Preferences/MenuSettingsViewController.h; sourceTree = "<group>"; };
		9F24A70011D7C6EF00E6EFC0 /* MenuSettingsViewController.m */ = {isa = PBXFileReference; fileEncoding = 4; lastKnownFileType = sourcecode.c.objc; name = MenuSettingsViewController.m; path = Preferences/MenuSettingsViewController.m; sourceTree = "<group>"; };
		9F24A7FD11D7EE8100E6EFC0 /* MenuEditViewController.h */ = {isa = PBXFileReference; fileEncoding = 4; lastKnownFileType = sourcecode.c.h; name = MenuEditViewController.h; path = Preferences/MenuEditViewController.h; sourceTree = "<group>"; };
		9F24A7FE11D7EE8100E6EFC0 /* MenuEditViewController.m */ = {isa = PBXFileReference; fileEncoding = 4; lastKnownFileType = sourcecode.c.objc; name = MenuEditViewController.m; path = Preferences/MenuEditViewController.m; sourceTree = "<group>"; };
		9F24A83611D7F27300E6EFC0 /* BorderedTextView.h */ = {isa = PBXFileReference; fileEncoding = 4; lastKnownFileType = sourcecode.c.h; name = BorderedTextView.h; path = Preferences/BorderedTextView.h; sourceTree = "<group>"; };
		9F24A83711D7F27300E6EFC0 /* BorderedTextView.m */ = {isa = PBXFileReference; fileEncoding = 4; lastKnownFileType = sourcecode.c.objc; name = BorderedTextView.m; path = Preferences/BorderedTextView.m; sourceTree = "<group>"; };
		9F3B52151222140200682793 /* GestureEditViewController.h */ = {isa = PBXFileReference; fileEncoding = 4; lastKnownFileType = sourcecode.c.h; name = GestureEditViewController.h; path = Preferences/GestureEditViewController.h; sourceTree = "<group>"; };
		9F3B52161222140200682793 /* GestureEditViewController.m */ = {isa = PBXFileReference; fileEncoding = 4; lastKnownFileType = sourcecode.c.objc; name = GestureEditViewController.m; path = Preferences/GestureEditViewController.m; sourceTree = "<group>"; };
		9F3B5242122217C400682793 /* GestureSettingsViewController.h */ = {isa = PBXFileReference; fileEncoding = 4; lastKnownFileType = sourcecode.c.h; name = GestureSettingsViewController.h; path = Preferences/GestureSettingsViewController.h; sourceTree = "<group>"; };
		9F3B5243122217C400682793 /* GestureSettingsViewController.m */ = {isa = PBXFileReference; fileEncoding = 4; lastKnownFileType = sourcecode.c.objc; name = GestureSettingsViewController.m; path = Preferences/GestureSettingsViewController.m; sourceTree = "<group>"; };
		9F6B6D4F12297447007BAD59 /* Icon-Small.png */ = {isa = PBXFileReference; lastKnownFileType = image.png; name = "Icon-Small.png"; path = "Resources/Icon-Small.png"; sourceTree = "<group>"; };
		9F6B6D5012297447007BAD59 /* Icon-Small@2x.png */ = {isa = PBXFileReference; lastKnownFileType = image.png; name = "Icon-Small@2x.png"; path = "Resources/Icon-Small@2x.png"; sourceTree = "<group>"; };
		9F6B6D5112297447007BAD59 /* Icon.png */ = {isa = PBXFileReference; lastKnownFileType = image.png; name = Icon.png; path = Resources/Icon.png; sourceTree = "<group>"; };
		9F6B6D5212297447007BAD59 /* Icon@2x.png */ = {isa = PBXFileReference; lastKnownFileType = image.png; name = "Icon@2x.png"; path = "Resources/Icon@2x.png"; sourceTree = "<group>"; };
		9F6B6D5712297452007BAD59 /* Icon-72.png */ = {isa = PBXFileReference; lastKnownFileType = image.png; name = "Icon-72.png"; path = "Resources-iPad/Icon-72.png"; sourceTree = "<group>"; };
		9F6B6D5812297452007BAD59 /* Icon-Small-50.png */ = {isa = PBXFileReference; lastKnownFileType = image.png; name = "Icon-Small-50.png"; path = "Resources-iPad/Icon-Small-50.png"; sourceTree = "<group>"; };
		9F6B6D7D12297740007BAD59 /* Default.png */ = {isa = PBXFileReference; lastKnownFileType = image.png; name = Default.png; path = Resources/Default.png; sourceTree = "<group>"; };
		9F6B6D9712297822007BAD59 /* GestureActionRegistry.h */ = {isa = PBXFileReference; fileEncoding = 4; lastKnownFileType = sourcecode.c.h; path = GestureActionRegistry.h; sourceTree = "<group>"; };
		9F6B6D9812297822007BAD59 /* GestureActionRegistry.m */ = {isa = PBXFileReference; fileEncoding = 4; lastKnownFileType = sourcecode.c.objc; path = GestureActionRegistry.m; sourceTree = "<group>"; };
		9F6B6E311229A55B007BAD59 /* GestureInputActions.plist */ = {isa = PBXFileReference; fileEncoding = 4; lastKnownFileType = text.plist.xml; path = GestureInputActions.plist; sourceTree = "<group>"; };
		9F74BF6F11D326890013DA87 /* PreferencesViewController.h */ = {isa = PBXFileReference; fileEncoding = 4; lastKnownFileType = sourcecode.c.h; name = PreferencesViewController.h; path = Preferences/PreferencesViewController.h; sourceTree = "<group>"; };
		9F74BF7011D326890013DA87 /* PreferencesViewController.m */ = {isa = PBXFileReference; fileEncoding = 4; lastKnownFileType = sourcecode.c.objc; name = PreferencesViewController.m; path = Preferences/PreferencesViewController.m; sourceTree = "<group>"; };
		9F76B24912D980C0000D6374 /* svnversion.h */ = {isa = PBXFileReference; fileEncoding = 4; lastKnownFileType = sourcecode.c.h; name = svnversion.h; path = ../svnversion.h; sourceTree = "<group>"; };
		9F86D37F123D386A00FAA3C4 /* PreferencesViewController.xib */ = {isa = PBXFileReference; lastKnownFileType = file.xib; path = PreferencesViewController.xib; sourceTree = "<group>"; };
		9F86D6CD123DDE0C00FAA3C4 /* UITextInputBase.h */ = {isa = PBXFileReference; fileEncoding = 4; lastKnownFileType = sourcecode.c.h; name = UITextInputBase.h; path = Terminal/UITextInputBase.h; sourceTree = "<group>"; };
		9F86D6CE123DDE0C00FAA3C4 /* UITextInputBase.m */ = {isa = PBXFileReference; fileEncoding = 4; lastKnownFileType = sourcecode.c.objc; name = UITextInputBase.m; path = Terminal/UITextInputBase.m; sourceTree = "<group>"; };
		9F89F65F1257C32C0015CFDB /* FontMetrics.h */ = {isa = PBXFileReference; fileEncoding = 4; lastKnownFileType = sourcecode.c.h; name = FontMetrics.h; path = VT100/FontMetrics.h; sourceTree = "<group>"; };
		9F89F6601257C32C0015CFDB /* FontMetrics.m */ = {isa = PBXFileReference; fileEncoding = 4; lastKnownFileType = sourcecode.c.objc; name = FontMetrics.m; path = VT100/FontMetrics.m; sourceTree = "<group>"; };
		9FA68B8D124693D4002B893E /* CoreText.framework */ = {isa = PBXFileReference; lastKnownFileType = wrapper.framework; name = CoreText.framework; path = System/Library/Frameworks/CoreText.framework; sourceTree = SDKROOT; };
		9FB73ED811C476BA005E3764 /* MainWindow-iPad.xib */ = {isa = PBXFileReference; lastKnownFileType = file.xib; name = "MainWindow-iPad.xib"; path = "Resources-iPad/MainWindow-iPad.xib"; sourceTree = "<group>"; };
		9FD244F3121790AF009A71C6 /* GestureSettings.h */ = {isa = PBXFileReference; fileEncoding = 4; lastKnownFileType = sourcecode.c.h; name = GestureSettings.h; path = Preferences/GestureSettings.h; sourceTree = "<group>"; };
		9FD244F4121790AF009A71C6 /* GestureSettings.m */ = {isa = PBXFileReference; fileEncoding = 4; lastKnownFileType = sourcecode.c.objc; name = GestureSettings.m; path = Preferences/GestureSettings.m; sourceTree = "<group>"; };
		9FE3EF0512D18AED00CF3F00 /* VT100RowView.h */ = {isa = PBXFileReference; fileEncoding = 4; lastKnownFileType = sourcecode.c.h; name = VT100RowView.h; path = VT100/VT100RowView.h; sourceTree = "<group>"; };
		9FE3EF0612D18AED00CF3F00 /* VT100RowView.m */ = {isa = PBXFileReference; fileEncoding = 4; lastKnownFileType = sourcecode.c.objc; name = VT100RowView.m; path = VT100/VT100RowView.m; sourceTree = "<group>"; };
		9FE3EF4B12D2647500CF3F00 /* VT100TableViewController.h */ = {isa = PBXFileReference; fileEncoding = 4; lastKnownFileType = sourcecode.c.h; name = VT100TableViewController.h; path = VT100/VT100TableViewController.h; sourceTree = "<group>"; };
		9FE3EF4C12D2647500CF3F00 /* VT100TableViewController.m */ = {isa = PBXFileReference; fileEncoding = 4; lastKnownFileType = sourcecode.c.objc; name = VT100TableViewController.m; path = VT100/VT100TableViewController.m; sourceTree = "<group>"; };
		9FE3EF6412D269CE00CF3F00 /* VT100StringSupplier.h */ = {isa = PBXFileReference; fileEncoding = 4; lastKnownFileType = sourcecode.c.h; name = VT100StringSupplier.h; path = VT100/VT100StringSupplier.h; sourceTree = "<group>"; };
		9FE3EF6512D269CE00CF3F00 /* VT100StringSupplier.m */ = {isa = PBXFileReference; fileEncoding = 4; lastKnownFileType = sourcecode.c.objc; name = VT100StringSupplier.m; path = VT100/VT100StringSupplier.m; sourceTree = "<group>"; };
		9FE6971312E240C200EDE939 /* control.def */ = {isa = PBXFileReference; fileEncoding = 4; lastKnownFileType = text; path = control.def; sourceTree = "<group>"; };
		9FF8508C12177F81000CC2A2 /* GestureResponder.h */ = {isa = PBXFileReference; fileEncoding = 4; lastKnownFileType = sourcecode.c.h; path = GestureResponder.h; sourceTree = "<group>"; };
		9FF8508D12177F81000CC2A2 /* GestureResponder.m */ = {isa = PBXFileReference; fileEncoding = 4; lastKnownFileType = sourcecode.c.objc; path = GestureResponder.m; sourceTree = "<group>"; };
		9FFD077312CFB33100709B8D /* AboutViewController.h */ = {isa = PBXFileReference; fileEncoding = 4; lastKnownFileType = sourcecode.c.h; name = AboutViewController.h; path = Preferences/AboutViewController.h; sourceTree = "<group>"; };
		9FFD077412CFB33100709B8D /* AboutViewController.m */ = {isa = PBXFileReference; fileEncoding = 4; lastKnownFileType = sourcecode.c.objc; name = AboutViewController.m; path = Preferences/AboutViewController.m; sourceTree = "<group>"; };
/* End PBXFileReference section */

/* Begin PBXFrameworksBuildPhase section */
		1D60588F0D05DD3D006BFB54 /* Frameworks */ = {
			isa = PBXFrameworksBuildPhase;
			buildActionMask = 2147483647;
			files = (
				288765A50DF7441C002DB57D /* CoreGraphics.framework in Frameworks */,
				1D60589F0D05DD5A006BFB54 /* Foundation.framework in Frameworks */,
				2C66C156101C54C800E4189B /* QuartzCore.framework in Frameworks */,
				1DF5F4E00D08C38300B7A737 /* UIKit.framework in Frameworks */,
				2C11C6471013AC7400A2746E /* libcurses.dylib in Frameworks */,
				2C4E1A91101D3182004CA39E /* libPreferences.a in Frameworks */,
				2C11C5FA1013A97700A2746E /* libSubProcess.a in Frameworks */,
				2C11C95A1013F9B600A2746E /* libTerminal.a in Frameworks */,
				2C11C5F91013A97700A2746E /* libVT100.a in Frameworks */,
				9FA68B8E124693D4002B893E /* CoreText.framework in Frameworks */,
			);
			runOnlyForDeploymentPostprocessing = 0;
		};
		2C11C5791013A51E00A2746E /* Frameworks */ = {
			isa = PBXFrameworksBuildPhase;
			buildActionMask = 2147483647;
			files = (
			);
			runOnlyForDeploymentPostprocessing = 0;
		};
		2C11C5881013A55500A2746E /* Frameworks */ = {
			isa = PBXFrameworksBuildPhase;
			buildActionMask = 2147483647;
			files = (
			);
			runOnlyForDeploymentPostprocessing = 0;
		};
		2C11C5B01013A5AF00A2746E /* Frameworks */ = {
			isa = PBXFrameworksBuildPhase;
			buildActionMask = 2147483647;
			files = (
				2C11C5C11013A5F400A2746E /* libVT100.a in Frameworks */,
				2C11C5C31013A60C00A2746E /* CoreGraphics.framework in Frameworks */,
			);
			runOnlyForDeploymentPostprocessing = 0;
		};
		2C11C9301013F87100A2746E /* Frameworks */ = {
			isa = PBXFrameworksBuildPhase;
			buildActionMask = 2147483647;
			files = (
			);
			runOnlyForDeploymentPostprocessing = 0;
		};
		2C11C9C71014035800A2746E /* Frameworks */ = {
			isa = PBXFrameworksBuildPhase;
			buildActionMask = 2147483647;
			files = (
			);
			runOnlyForDeploymentPostprocessing = 0;
		};
		2C72B2B8101ABA9100F10E63 /* Frameworks */ = {
			isa = PBXFrameworksBuildPhase;
			buildActionMask = 2147483647;
			files = (
				2C72B32C101ABC2F00F10E63 /* libPreferences.a in Frameworks */,
				2C72B3E3101AC4D100F10E63 /* UIKit.framework in Frameworks */,
			);
			runOnlyForDeploymentPostprocessing = 0;
		};
/* End PBXFrameworksBuildPhase section */

/* Begin PBXGroup section */
		080E96DDFE201D6D7F000001 /* Classes */ = {
			isa = PBXGroup;
			children = (
				2C11C54C1013A4B700A2746E /* Tests */,
				2C11C99B1013FEE800A2746E /* Preferences */,
				2C11C54A1013A4AB00A2746E /* SubProcess */,
				2C11C9111013F84000A2746E /* Terminal */,
				2C11C5491013A4A600A2746E /* VT100 */,
				1D3623240D0F684500981E51 /* MobileTerminalAppDelegate.h */,
				1D3623250D0F684500981E51 /* MobileTerminalAppDelegate.m */,
				28D7ACF60DDB3853001CB0EB /* MobileTerminalViewController.h */,
				28D7ACF70DDB3853001CB0EB /* MobileTerminalViewController.m */,
				2C66C082101C47FB00E4189B /* MenuView.h */,
				2C66C083101C47FB00E4189B /* MenuView.m */,
				9FF8508C12177F81000CC2A2 /* GestureResponder.h */,
				9FF8508D12177F81000CC2A2 /* GestureResponder.m */,
				9F6B6D9712297822007BAD59 /* GestureActionRegistry.h */,
				9F6B6D9812297822007BAD59 /* GestureActionRegistry.m */,
				9F76B24912D980C0000D6374 /* svnversion.h */,
			);
			path = Classes;
			sourceTree = "<group>";
		};
		19C28FACFE9D520D11CA2CBB /* Products */ = {
			isa = PBXGroup;
			children = (
				1D6058910D05DD3D006BFB54 /* Terminal.app */,
				2C11C9C91014035800A2746E /* libPreferences.a */,
				2C11C58A1013A55500A2746E /* libSubProcess.a */,
				2C11C9321013F87100A2746E /* libTerminal.a */,
				2C11C57B1013A51E00A2746E /* libVT100.a */,
				2C11C5B31013A5AF00A2746E /* VT100Tests.octest */,
				2C72B2BB101ABA9100F10E63 /* PreferencesTests.octest */,
			);
			name = Products;
			sourceTree = "<group>";
		};
		29B97314FDCFA39411CA2CEA /* CustomTemplate */ = {
			isa = PBXGroup;
			children = (
				080E96DDFE201D6D7F000001 /* Classes */,
				29B97315FDCFA39411CA2CEA /* Other Sources */,
				29B97317FDCFA39411CA2CEA /* Resources */,
				9FB73ED711C476B9005E3764 /* Resources-iPad */,
				29B97323FDCFA39411CA2CEA /* Frameworks */,
				19C28FACFE9D520D11CA2CBB /* Products */,
			);
			name = CustomTemplate;
			sourceTree = "<group>";
		};
		29B97315FDCFA39411CA2CEA /* Other Sources */ = {
			isa = PBXGroup;
			children = (
				32CA4F630368D1EE00C91783 /* MobileTerminal_Prefix.pch */,
				29B97316FDCFA39411CA2CEA /* main.m */,
			);
			name = "Other Sources";
			sourceTree = "<group>";
		};
		29B97317FDCFA39411CA2CEA /* Resources */ = {
			isa = PBXGroup;
			children = (
				9FE6971312E240C200EDE939 /* control.def */,
				9F6B6D7D12297740007BAD59 /* Default.png */,
				9F6B6D5712297452007BAD59 /* Icon-72.png */,
				9F6B6D5812297452007BAD59 /* Icon-Small-50.png */,
				9F6B6D4F12297447007BAD59 /* Icon-Small.png */,
				9F6B6D5012297447007BAD59 /* Icon-Small@2x.png */,
				9F6B6D5112297447007BAD59 /* Icon.png */,
				9F6B6D5212297447007BAD59 /* Icon@2x.png */,
				2C72B2BC101ABA9100F10E63 /* PreferencesTests-Info.plist */,
				2C11C5B41013A5AF00A2746E /* VT100Tests-Info.plist */,
				2899E5210DE3E06400AC0155 /* MobileTerminalViewController.xib */,
				28AD733E0D9D9553002E5188 /* MainWindow.xib */,
				8D1107310486CEB800E47090 /* MobileTerminal-Info.plist */,
				9F6B6E311229A55B007BAD59 /* GestureInputActions.plist */,
				9F86D37F123D386A00FAA3C4 /* PreferencesViewController.xib */,
			);
			name = Resources;
			sourceTree = "<group>";
		};
		29B97323FDCFA39411CA2CEA /* Frameworks */ = {
			isa = PBXGroup;
			children = (
				2C66C155101C54C800E4189B /* QuartzCore.framework */,
				2C11C6461013AC7400A2746E /* libcurses.dylib */,
				1DF5F4DF0D08C38300B7A737 /* UIKit.framework */,
				1D30AB110D05D00D00671497 /* Foundation.framework */,
				288765A40DF7441C002DB57D /* CoreGraphics.framework */,
				9FA68B8D124693D4002B893E /* CoreText.framework */,
			);
			name = Frameworks;
			sourceTree = "<group>";
		};
		2C11C5491013A4A600A2746E /* VT100 */ = {
			isa = PBXGroup;
			children = (
				2C11C5681013A4E500A2746E /* charmaps.h */,
				2C11C5651013A4E500A2746E /* ColorMap.h */,
				2C11C56C1013A4E500A2746E /* ColorMap.m */,
				9F89F65F1257C32C0015CFDB /* FontMetrics.h */,
				9F89F6601257C32C0015CFDB /* FontMetrics.m */,
				2C11C56B1013A4E500A2746E /* VT100.h */,
				2C11C5691013A4E500A2746E /* VT100.m */,
				2C11C5631013A4E500A2746E /* VT100Screen.h */,
				2C11C56A1013A4E500A2746E /* VT100Screen.m */,
				9FE3EF6412D269CE00CF3F00 /* VT100StringSupplier.h */,
				9FE3EF6512D269CE00CF3F00 /* VT100StringSupplier.m */,
				9FE3EF0512D18AED00CF3F00 /* VT100RowView.h */,
				9FE3EF0612D18AED00CF3F00 /* VT100RowView.m */,
				9FE3EF4B12D2647500CF3F00 /* VT100TableViewController.h */,
				9FE3EF4C12D2647500CF3F00 /* VT100TableViewController.m */,
				2C11C5641013A4E500A2746E /* VT100Terminal.h */,
				2C11C5661013A4E500A2746E /* VT100Terminal.m */,
				2C11C56D1013A4E500A2746E /* VT100TextView.h */,
				2C11C5671013A4E500A2746E /* VT100TextView.m */,
				2C11C5621013A4E500A2746E /* VT100Types.h */,
			);
			name = VT100;
			sourceTree = "<group>";
		};
		2C11C54A1013A4AB00A2746E /* SubProcess */ = {
			isa = PBXGroup;
			children = (
				2C11C55D1013A4DC00A2746E /* SubProcess.h */,
				2C11C55C1013A4DC00A2746E /* SubProcess.m */,
				2C11C55F1013A4DC00A2746E /* PTY.h */,
				2C11C55E1013A4DC00A2746E /* PTY.m */,
			);
			name = SubProcess;
			sourceTree = "<group>";
		};
		2C11C54C1013A4B700A2746E /* Tests */ = {
			isa = PBXGroup;
			children = (
				2C11C5501013A4C800A2746E /* ColorMapTest.h */,
				2C11C54E1013A4C800A2746E /* ColorMapTest.m */,
				2C4E19D5101D2410004CA39E /* MenuSettingsTest.h */,
				2C4E19D6101D2410004CA39E /* MenuSettingsTest.m */,
				2C11C54F1013A4C800A2746E /* VT100Test.h */,
				2C11C5511013A4C800A2746E /* VT100Test.m */,
			);
			name = Tests;
			path = ..;
			sourceTree = "<group>";
		};
		2C11C9111013F84000A2746E /* Terminal */ = {
			isa = PBXGroup;
			children = (
				9F86D6CD123DDE0C00FAA3C4 /* UITextInputBase.h */,
				9F86D6CE123DDE0C00FAA3C4 /* UITextInputBase.m */,
				2C11C9251013F85A00A2746E /* TerminalGroupView.h */,
				2C11C9261013F85A00A2746E /* TerminalGroupView.m */,
				2C11C9271013F85A00A2746E /* TerminalKeyboard.h */,
				2C11C9281013F85A00A2746E /* TerminalKeyboard.m */,
				2C11C9291013F85A00A2746E /* TerminalView.h */,
				2C11C92A1013F85A00A2746E /* TerminalView.m */,
			);
			name = Terminal;
			sourceTree = "<group>";
		};
		2C11C99B1013FEE800A2746E /* Preferences */ = {
			isa = PBXGroup;
			children = (
				9FFD077312CFB33100709B8D /* AboutViewController.h */,
				9FFD077412CFB33100709B8D /* AboutViewController.m */,
				9F24A83611D7F27300E6EFC0 /* BorderedTextView.h */,
				9F24A83711D7F27300E6EFC0 /* BorderedTextView.m */,
				9F3B52151222140200682793 /* GestureEditViewController.h */,
				9F3B52161222140200682793 /* GestureEditViewController.m */,
				9FD244F3121790AF009A71C6 /* GestureSettings.h */,
				9FD244F4121790AF009A71C6 /* GestureSettings.m */,
				9F3B5242122217C400682793 /* GestureSettingsViewController.h */,
				9F3B5243122217C400682793 /* GestureSettingsViewController.m */,
				9F24A7FD11D7EE8100E6EFC0 /* MenuEditViewController.h */,
				9F24A7FE11D7EE8100E6EFC0 /* MenuEditViewController.m */,
				2C4E19CD101D23E9004CA39E /* MenuSettings.h */,
				2C4E19CE101D23E9004CA39E /* MenuSettings.m */,
				9F24A6FF11D7C6EF00E6EFC0 /* MenuSettingsViewController.h */,
				9F24A70011D7C6EF00E6EFC0 /* MenuSettingsViewController.m */,
				9F74BF6F11D326890013DA87 /* PreferencesViewController.h */,
				9F74BF7011D326890013DA87 /* PreferencesViewController.m */,
				2C11CC7E10159F7400A2746E /* Settings.h */,
				2C11CC7F10159F7400A2746E /* Settings.m */,
				2C11CC8010159F7400A2746E /* TerminalSettings.h */,
				2C11CC8110159F7400A2746E /* TerminalSettings.m */,
			);
			name = Preferences;
			sourceTree = "<group>";
		};
		9FB73ED711C476B9005E3764 /* Resources-iPad */ = {
			isa = PBXGroup;
			children = (
				9FB73ED811C476BA005E3764 /* MainWindow-iPad.xib */,
			);
			name = "Resources-iPad";
			sourceTree = "<group>";
		};
/* End PBXGroup section */

/* Begin PBXHeadersBuildPhase section */
		2C11C5771013A51E00A2746E /* Headers */ = {
			isa = PBXHeadersBuildPhase;
			buildActionMask = 2147483647;
			files = (
				2C11C6671013AE0F00A2746E /* VT100Types.h in Headers */,
				2C11C6681013AE0F00A2746E /* ColorMap.h in Headers */,
				2C11C6691013AE0F00A2746E /* VT100TextView.h in Headers */,
				9FE3EF4D12D2647500CF3F00 /* VT100TableViewController.h in Headers */,
				9FE3EF4F12D2648000CF3F00 /* VT100RowView.h in Headers */,
				9FE3EF5112D2648500CF3F00 /* FontMetrics.h in Headers */,
				9FE3EF6612D269CE00CF3F00 /* VT100StringSupplier.h in Headers */,
			);
			runOnlyForDeploymentPostprocessing = 0;
		};
		2C11C5861013A55500A2746E /* Headers */ = {
			isa = PBXHeadersBuildPhase;
			buildActionMask = 2147483647;
			files = (
				2C11C66A1013AE1D00A2746E /* SubProcess.h in Headers */,
				2C11C66B1013AE1D00A2746E /* PTY.h in Headers */,
			);
			runOnlyForDeploymentPostprocessing = 0;
		};
		2C11C92E1013F87100A2746E /* Headers */ = {
			isa = PBXHeadersBuildPhase;
			buildActionMask = 2147483647;
			files = (
				2C11C9481013F96400A2746E /* TerminalGroupView.h in Headers */,
				2C11C9491013F96400A2746E /* TerminalKeyboard.h in Headers */,
				2C11C94A1013F96400A2746E /* TerminalView.h in Headers */,
				9F86D6CF123DDE0C00FAA3C4 /* UITextInputBase.h in Headers */,
			);
			runOnlyForDeploymentPostprocessing = 0;
		};
		2C11C9C51014035800A2746E /* Headers */ = {
			isa = PBXHeadersBuildPhase;
			buildActionMask = 2147483647;
			files = (
				2C4E19D1101D23E9004CA39E /* MenuSettings.h in Headers */,
				2C11CC8210159F7400A2746E /* Settings.h in Headers */,
				2C11CC8410159F7400A2746E /* TerminalSettings.h in Headers */,
				9F74BF7111D326890013DA87 /* PreferencesViewController.h in Headers */,
				9F24A70111D7C6EF00E6EFC0 /* MenuSettingsViewController.h in Headers */,
				9F24A7FF11D7EE8100E6EFC0 /* MenuEditViewController.h in Headers */,
				9F24A83811D7F27300E6EFC0 /* BorderedTextView.h in Headers */,
				9FD244F5121790AF009A71C6 /* GestureSettings.h in Headers */,
				9F3B52171222140200682793 /* GestureEditViewController.h in Headers */,
				9F3B5244122217C400682793 /* GestureSettingsViewController.h in Headers */,
				9FFD077512CFB33100709B8D /* AboutViewController.h in Headers */,
			);
			runOnlyForDeploymentPostprocessing = 0;
		};
/* End PBXHeadersBuildPhase section */

/* Begin PBXLegacyTarget section */
		9FE6978012E2522700EDE939 /* svnversion */ = {
			isa = PBXLegacyTarget;
			buildArgumentsString = "$(ACTION)";
			buildConfigurationList = 9FE6978F12E2525500EDE939 /* Build configuration list for PBXLegacyTarget "svnversion" */;
			buildPhases = (
			);
			buildToolPath = ./build_svnversion.sh;
			buildWorkingDirectory = "";
			dependencies = (
			);
			name = svnversion;
			passBuildSettingsInEnvironment = 1;
			productName = svnversion;
		};
		9FE697B312E254C000EDE939 /* deb */ = {
			isa = PBXLegacyTarget;
			buildArgumentsString = "$(ACTION)";
			buildConfigurationList = 9FE697BF12E254DD00EDE939 /* Build configuration list for PBXLegacyTarget "deb" */;
			buildPhases = (
			);
			buildToolPath = ./build_deb.sh;
			dependencies = (
				9FB2C1A8130881B900DAABA0 /* PBXTargetDependency */,
			);
			name = deb;
			passBuildSettingsInEnvironment = 1;
			productName = deb;
		};
/* End PBXLegacyTarget section */

/* Begin PBXNativeTarget section */
		1D6058900D05DD3D006BFB54 /* MobileTerminal */ = {
			isa = PBXNativeTarget;
			buildConfigurationList = 1D6058960D05DD3E006BFB54 /* Build configuration list for PBXNativeTarget "MobileTerminal" */;
			buildPhases = (
				1D60588D0D05DD3D006BFB54 /* Resources */,
				1D60588E0D05DD3D006BFB54 /* Sources */,
				1D60588F0D05DD3D006BFB54 /* Frameworks */,
				9FDE6CBF11C4941300139215 /* ShellScript */,
			);
			buildRules = (
			);
			dependencies = (
				2C11C57F1013A53000A2746E /* PBXTargetDependency */,
				2C11C5AA1013A59700A2746E /* PBXTargetDependency */,
				2C11C9591013F9B200A2746E /* PBXTargetDependency */,
				2C11CB6110143D4A00A2746E /* PBXTargetDependency */,
				9FE6978412E2524600EDE939 /* PBXTargetDependency */,
			);
			name = MobileTerminal;
			productName = MobileTerminal;
			productReference = 1D6058910D05DD3D006BFB54 /* Terminal.app */;
			productType = "com.apple.product-type.application";
		};
		2C11C57A1013A51E00A2746E /* VT100 */ = {
			isa = PBXNativeTarget;
			buildConfigurationList = 2C11C5A51013A58200A2746E /* Build configuration list for PBXNativeTarget "VT100" */;
			buildPhases = (
				2CC48932101CE87500DF51C1 /* ShellScript */,
				2C11C5771013A51E00A2746E /* Headers */,
				2C11C5781013A51E00A2746E /* Sources */,
				2C11C5791013A51E00A2746E /* Frameworks */,
			);
			buildRules = (
			);
			dependencies = (
			);
			name = VT100;
			productName = VT100;
			productReference = 2C11C57B1013A51E00A2746E /* libVT100.a */;
			productType = "com.apple.product-type.library.static";
		};
		2C11C5891013A55500A2746E /* SubProcess */ = {
			isa = PBXNativeTarget;
			buildConfigurationList = 2C11C5A61013A58200A2746E /* Build configuration list for PBXNativeTarget "SubProcess" */;
			buildPhases = (
				2C11C5861013A55500A2746E /* Headers */,
				2C11C5871013A55500A2746E /* Sources */,
				2C11C5881013A55500A2746E /* Frameworks */,
			);
			buildRules = (
			);
			dependencies = (
			);
			name = SubProcess;
			productName = SubProcess;
			productReference = 2C11C58A1013A55500A2746E /* libSubProcess.a */;
			productType = "com.apple.product-type.library.static";
		};
		2C11C5B21013A5AF00A2746E /* VT100Tests */ = {
			isa = PBXNativeTarget;
			buildConfigurationList = 2C11C5B71013A5B000A2746E /* Build configuration list for PBXNativeTarget "VT100Tests" */;
			buildPhases = (
				2C11C5AE1013A5AF00A2746E /* Resources */,
				2C11C5AF1013A5AF00A2746E /* Sources */,
				2C11C5B01013A5AF00A2746E /* Frameworks */,
				2C11C5B11013A5AF00A2746E /* ShellScript */,
			);
			buildRules = (
			);
			dependencies = (
				2C11C5B91013A5B400A2746E /* PBXTargetDependency */,
			);
			name = VT100Tests;
			productName = VT100Tests;
			productReference = 2C11C5B31013A5AF00A2746E /* VT100Tests.octest */;
			productType = "com.apple.product-type.bundle";
		};
		2C11C9311013F87100A2746E /* Terminal */ = {
			isa = PBXNativeTarget;
			buildConfigurationList = 2C11C9431013F8DB00A2746E /* Build configuration list for PBXNativeTarget "Terminal" */;
			buildPhases = (
				2C11C92E1013F87100A2746E /* Headers */,
				2C11C92F1013F87100A2746E /* Sources */,
				2C11C9301013F87100A2746E /* Frameworks */,
			);
			buildRules = (
			);
			dependencies = (
				2C11C9361013F87A00A2746E /* PBXTargetDependency */,
				2C11C9381013F87F00A2746E /* PBXTargetDependency */,
			);
			name = Terminal;
			productName = Terminal;
			productReference = 2C11C9321013F87100A2746E /* libTerminal.a */;
			productType = "com.apple.product-type.library.static";
		};
		2C11C9C81014035800A2746E /* Preferences */ = {
			isa = PBXNativeTarget;
			buildConfigurationList = 2C11C9CF1014037E00A2746E /* Build configuration list for PBXNativeTarget "Preferences" */;
			buildPhases = (
				2C11C9C51014035800A2746E /* Headers */,
				2C11C9C61014035800A2746E /* Sources */,
				2C11C9C71014035800A2746E /* Frameworks */,
			);
			buildRules = (
			);
			dependencies = (
				2C11C9CD1014035F00A2746E /* PBXTargetDependency */,
			);
			name = Preferences;
			productName = Preferences;
			productReference = 2C11C9C91014035800A2746E /* libPreferences.a */;
			productType = "com.apple.product-type.library.static";
		};
		2C72B2BA101ABA9100F10E63 /* PreferencesTests */ = {
			isa = PBXNativeTarget;
			buildConfigurationList = 2C72B2BF101ABA9200F10E63 /* Build configuration list for PBXNativeTarget "PreferencesTests" */;
			buildPhases = (
				2C72B2B6101ABA9100F10E63 /* Resources */,
				2C72B2B7101ABA9100F10E63 /* Sources */,
				2C72B2B8101ABA9100F10E63 /* Frameworks */,
				2C72B2B9101ABA9100F10E63 /* ShellScript */,
			);
			buildRules = (
			);
			dependencies = (
				2C72B2C1101ABA9600F10E63 /* PBXTargetDependency */,
			);
			name = PreferencesTests;
			productName = PreferencesTests;
			productReference = 2C72B2BB101ABA9100F10E63 /* PreferencesTests.octest */;
			productType = "com.apple.product-type.bundle";
		};
/* End PBXNativeTarget section */

/* Begin PBXProject section */
		29B97313FDCFA39411CA2CEA /* Project object */ = {
			isa = PBXProject;
			buildConfigurationList = C01FCF4E08A954540054247B /* Build configuration list for PBXProject "MobileTerminal" */;
			compatibilityVersion = "Xcode 3.2";
			developmentRegion = English;
			hasScannedForEncodings = 1;
			knownRegions = (
				en,
			);
			mainGroup = 29B97314FDCFA39411CA2CEA /* CustomTemplate */;
			projectDirPath = "";
			projectRoot = "";
			targets = (
				1D6058900D05DD3D006BFB54 /* MobileTerminal */,
				2C11C57A1013A51E00A2746E /* VT100 */,
				2C11C5891013A55500A2746E /* SubProcess */,
				2C11C5B21013A5AF00A2746E /* VT100Tests */,
				2C11C9311013F87100A2746E /* Terminal */,
				2C11C9C81014035800A2746E /* Preferences */,
				2C72B2BA101ABA9100F10E63 /* PreferencesTests */,
				9FE6978012E2522700EDE939 /* svnversion */,
				9FE697B312E254C000EDE939 /* deb */,
			);
		};
/* End PBXProject section */

/* Begin PBXResourcesBuildPhase section */
		1D60588D0D05DD3D006BFB54 /* Resources */ = {
			isa = PBXResourcesBuildPhase;
			buildActionMask = 2147483647;
			files = (
				28AD733F0D9D9553002E5188 /* MainWindow.xib in Resources */,
				2899E5220DE3E06400AC0155 /* MobileTerminalViewController.xib in Resources */,
				9FB73ED911C476BA005E3764 /* MainWindow-iPad.xib in Resources */,
				9F6B6D5312297447007BAD59 /* Icon-Small.png in Resources */,
				9F6B6D5412297447007BAD59 /* Icon-Small@2x.png in Resources */,
				9F6B6D5512297447007BAD59 /* Icon.png in Resources */,
				9F6B6D5612297447007BAD59 /* Icon@2x.png in Resources */,
				9F6B6D5912297452007BAD59 /* Icon-72.png in Resources */,
				9F6B6D5A12297452007BAD59 /* Icon-Small-50.png in Resources */,
				9F6B6D7E12297740007BAD59 /* Default.png in Resources */,
				9F6B6E481229A71E007BAD59 /* GestureInputActions.plist in Resources */,
				9F86D380123D386A00FAA3C4 /* PreferencesViewController.xib in Resources */,
			);
			runOnlyForDeploymentPostprocessing = 0;
		};
		2C11C5AE1013A5AF00A2746E /* Resources */ = {
			isa = PBXResourcesBuildPhase;
			buildActionMask = 2147483647;
			files = (
			);
			runOnlyForDeploymentPostprocessing = 0;
		};
		2C72B2B6101ABA9100F10E63 /* Resources */ = {
			isa = PBXResourcesBuildPhase;
			buildActionMask = 2147483647;
			files = (
			);
			runOnlyForDeploymentPostprocessing = 0;
		};
/* End PBXResourcesBuildPhase section */

/* Begin PBXShellScriptBuildPhase section */
		2C11C5B11013A5AF00A2746E /* ShellScript */ = {
			isa = PBXShellScriptBuildPhase;
			buildActionMask = 2147483647;
			files = (
			);
			inputPaths = (
			);
			outputPaths = (
			);
			runOnlyForDeploymentPostprocessing = 0;
			shellPath = /bin/sh;
			shellScript = "# Run the unit tests in this test bundle.\n\"${SYSTEM_DEVELOPER_DIR}/Tools/RunUnitTests\"\n";
		};
		2C72B2B9101ABA9100F10E63 /* ShellScript */ = {
			isa = PBXShellScriptBuildPhase;
			buildActionMask = 2147483647;
			files = (
			);
			inputPaths = (
			);
			outputPaths = (
			);
			runOnlyForDeploymentPostprocessing = 0;
			shellPath = /bin/sh;
			shellScript = "# Run the unit tests in this test bundle.\n\"${SYSTEM_DEVELOPER_DIR}/Tools/RunUnitTests\"\n";
		};
		2CC48932101CE87500DF51C1 /* ShellScript */ = {
			isa = PBXShellScriptBuildPhase;
			buildActionMask = 2147483647;
			files = (
			);
			inputPaths = (
			);
			outputPaths = (
			);
			runOnlyForDeploymentPostprocessing = 0;
			shellPath = /bin/sh;
			shellScript = "#\n# When compiling for the device, copy term.h from the simulator SDK\n#\n\nif [ $PLATFORM_NAME == \"iphoneos\" ]\nthen\n  # Get the path to the iphone simulator SDK for the same version\n  SIMULATOR_SDK_DIR=${SDK_DIR//iPhoneOS/iPhoneSimulator}\n\n  # Copy to a temporary directory where the build will find the needed\n  # header files.  This directory may not already exist, but is passed\n  # as a header search path when compiling the source files.\n  mkdir -p $DERIVED_SOURCES_DIR\n  cp $SIMULATOR_SDK_DIR/usr/include/ncurses_dll.h $DERIVED_SOURCES_DIR/\n  cp $SIMULATOR_SDK_DIR/usr/include/term.h $DERIVED_SOURCES_DIR/\n\nfi";
		};
		9FDE6CBF11C4941300139215 /* ShellScript */ = {
			isa = PBXShellScriptBuildPhase;
			buildActionMask = 2147483647;
			files = (
			);
			inputPaths = (
			);
			outputPaths = (
			);
			runOnlyForDeploymentPostprocessing = 0;
			shellPath = /bin/bash;
			shellScript = "set -e\nset -u\n\nexport CODESIGN_ALLOCATE=/Developer/Platforms/iPhoneOS.platform/Developer/usr/bin/codesign_allocate\nexport CODESIGN_ALLOCATE=/Developer/Platforms/iPhoneOS.platform/Developer/usr/bin/codesign_allocate\nif [ \"${PLATFORM_NAME}\" == \"iphoneos\" ]; then\n/Developer/iphoneentitlements312/gen_entitlements.py \"com.googlecode.mobileterminal.${PROJECT_NAME}\" \"${BUILT_PRODUCTS_DIR}/${WRAPPER_NAME}/${PROJECT_NAME}.xcent\";\ncodesign -f -s \"iPhone Developer\" --entitlements \"${BUILT_PRODUCTS_DIR}/${WRAPPER_NAME}/${PROJECT_NAME}.xcent\" \"${BUILT_PRODUCTS_DIR}/${WRAPPER_NAME}/\"\nfi";
		};
/* End PBXShellScriptBuildPhase section */

/* Begin PBXSourcesBuildPhase section */
		1D60588E0D05DD3D006BFB54 /* Sources */ = {
			isa = PBXSourcesBuildPhase;
			buildActionMask = 2147483647;
			files = (
				1D60589B0D05DD56006BFB54 /* main.m in Sources */,
				1D3623260D0F684500981E51 /* MobileTerminalAppDelegate.m in Sources */,
				28D7ACF80DDB3853001CB0EB /* MobileTerminalViewController.m in Sources */,
				2C66C084101C47FB00E4189B /* MenuView.m in Sources */,
				9FF8508E12177F81000CC2A2 /* GestureResponder.m in Sources */,
				9F6B6D9912297822007BAD59 /* GestureActionRegistry.m in Sources */,
			);
			runOnlyForDeploymentPostprocessing = 0;
		};
		2C11C5781013A51E00A2746E /* Sources */ = {
			isa = PBXSourcesBuildPhase;
			buildActionMask = 2147483647;
			files = (
				2C11C5801013A54300A2746E /* VT100Terminal.m in Sources */,
				2C11C5811013A54300A2746E /* VT100TextView.m in Sources */,
				2C11C5821013A54300A2746E /* VT100.m in Sources */,
				2C11C5831013A54300A2746E /* VT100Screen.m in Sources */,
				2C11C5841013A54300A2746E /* ColorMap.m in Sources */,
				9FE3EF4E12D2647500CF3F00 /* VT100TableViewController.m in Sources */,
				9FE3EF5012D2648000CF3F00 /* VT100RowView.m in Sources */,
				9FE3EF5212D2648500CF3F00 /* FontMetrics.m in Sources */,
				9FE3EF6712D269CE00CF3F00 /* VT100StringSupplier.m in Sources */,
			);
			runOnlyForDeploymentPostprocessing = 0;
		};
		2C11C5871013A55500A2746E /* Sources */ = {
			isa = PBXSourcesBuildPhase;
			buildActionMask = 2147483647;
			files = (
				2C11C58D1013A56100A2746E /* SubProcess.m in Sources */,
				2C11C58E1013A56100A2746E /* PTY.m in Sources */,
			);
			runOnlyForDeploymentPostprocessing = 0;
		};
		2C11C5AF1013A5AF00A2746E /* Sources */ = {
			isa = PBXSourcesBuildPhase;
			buildActionMask = 2147483647;
			files = (
				2C11C5BA1013A5C000A2746E /* ColorMapTest.m in Sources */,
				2C11C5BB1013A5C000A2746E /* VT100Test.m in Sources */,
			);
			runOnlyForDeploymentPostprocessing = 0;
		};
		2C11C92F1013F87100A2746E /* Sources */ = {
			isa = PBXSourcesBuildPhase;
			buildActionMask = 2147483647;
			files = (
				2C11C9391013F89B00A2746E /* TerminalGroupView.m in Sources */,
				2C11C93A1013F89B00A2746E /* TerminalKeyboard.m in Sources */,
				2C11C93B1013F89B00A2746E /* TerminalView.m in Sources */,
				9F86D6D0123DDE0C00FAA3C4 /* UITextInputBase.m in Sources */,
			);
			runOnlyForDeploymentPostprocessing = 0;
		};
		2C11C9C61014035800A2746E /* Sources */ = {
			isa = PBXSourcesBuildPhase;
			buildActionMask = 2147483647;
			files = (
				2C11CC8310159F7400A2746E /* Settings.m in Sources */,
				2C11CC8510159F7400A2746E /* TerminalSettings.m in Sources */,
				2C4E19D2101D23E9004CA39E /* MenuSettings.m in Sources */,
				9F74BF7211D326890013DA87 /* PreferencesViewController.m in Sources */,
				9F24A70211D7C6EF00E6EFC0 /* MenuSettingsViewController.m in Sources */,
				9F24A80011D7EE8100E6EFC0 /* MenuEditViewController.m in Sources */,
				9F24A83911D7F27300E6EFC0 /* BorderedTextView.m in Sources */,
				9FD244F6121790AF009A71C6 /* GestureSettings.m in Sources */,
				9F3B52181222140200682793 /* GestureEditViewController.m in Sources */,
				9F3B5245122217C400682793 /* GestureSettingsViewController.m in Sources */,
				9FFD077612CFB33100709B8D /* AboutViewController.m in Sources */,
			);
			runOnlyForDeploymentPostprocessing = 0;
		};
		2C72B2B7101ABA9100F10E63 /* Sources */ = {
			isa = PBXSourcesBuildPhase;
			buildActionMask = 2147483647;
			files = (
				2C4E19D7101D2410004CA39E /* MenuSettingsTest.m in Sources */,
			);
			runOnlyForDeploymentPostprocessing = 0;
		};
/* End PBXSourcesBuildPhase section */

/* Begin PBXTargetDependency section */
		2C11C57F1013A53000A2746E /* PBXTargetDependency */ = {
			isa = PBXTargetDependency;
			target = 2C11C57A1013A51E00A2746E /* VT100 */;
			targetProxy = 2C11C57E1013A53000A2746E /* PBXContainerItemProxy */;
		};
		2C11C5AA1013A59700A2746E /* PBXTargetDependency */ = {
			isa = PBXTargetDependency;
			target = 2C11C5891013A55500A2746E /* SubProcess */;
			targetProxy = 2C11C5A91013A59700A2746E /* PBXContainerItemProxy */;
		};
		2C11C5B91013A5B400A2746E /* PBXTargetDependency */ = {
			isa = PBXTargetDependency;
			target = 2C11C57A1013A51E00A2746E /* VT100 */;
			targetProxy = 2C11C5B81013A5B400A2746E /* PBXContainerItemProxy */;
		};
		2C11C9361013F87A00A2746E /* PBXTargetDependency */ = {
			isa = PBXTargetDependency;
			target = 2C11C57A1013A51E00A2746E /* VT100 */;
			targetProxy = 2C11C9351013F87A00A2746E /* PBXContainerItemProxy */;
		};
		2C11C9381013F87F00A2746E /* PBXTargetDependency */ = {
			isa = PBXTargetDependency;
			target = 2C11C5891013A55500A2746E /* SubProcess */;
			targetProxy = 2C11C9371013F87F00A2746E /* PBXContainerItemProxy */;
		};
		2C11C9591013F9B200A2746E /* PBXTargetDependency */ = {
			isa = PBXTargetDependency;
			target = 2C11C9311013F87100A2746E /* Terminal */;
			targetProxy = 2C11C9581013F9B200A2746E /* PBXContainerItemProxy */;
		};
		2C11C9CD1014035F00A2746E /* PBXTargetDependency */ = {
			isa = PBXTargetDependency;
			target = 2C11C57A1013A51E00A2746E /* VT100 */;
			targetProxy = 2C11C9CC1014035F00A2746E /* PBXContainerItemProxy */;
		};
		2C11CB6110143D4A00A2746E /* PBXTargetDependency */ = {
			isa = PBXTargetDependency;
			target = 2C11C9C81014035800A2746E /* Preferences */;
			targetProxy = 2C11CB6010143D4A00A2746E /* PBXContainerItemProxy */;
		};
		2C72B2C1101ABA9600F10E63 /* PBXTargetDependency */ = {
			isa = PBXTargetDependency;
			target = 2C11C9C81014035800A2746E /* Preferences */;
			targetProxy = 2C72B2C0101ABA9600F10E63 /* PBXContainerItemProxy */;
		};
		9FB2C1A8130881B900DAABA0 /* PBXTargetDependency */ = {
			isa = PBXTargetDependency;
			target = 1D6058900D05DD3D006BFB54 /* MobileTerminal */;
			targetProxy = 9FB2C1A7130881B900DAABA0 /* PBXContainerItemProxy */;
		};
		9FE6978412E2524600EDE939 /* PBXTargetDependency */ = {
			isa = PBXTargetDependency;
			target = 9FE6978012E2522700EDE939 /* svnversion */;
			targetProxy = 9FE6978312E2524600EDE939 /* PBXContainerItemProxy */;
		};
/* End PBXTargetDependency section */

/* Begin XCBuildConfiguration section */
		1D6058940D05DD3E006BFB54 /* Debug */ = {
			isa = XCBuildConfiguration;
			buildSettings = {
				ALWAYS_SEARCH_USER_PATHS = NO;
				ARCHS = "$(ARCHS_STANDARD_32_BIT)";
				COPY_PHASE_STRIP = NO;
				GCC_DYNAMIC_NO_PIC = NO;
				GCC_OPTIMIZATION_LEVEL = 0;
				GCC_PRECOMPILE_PREFIX_HEADER = YES;
				GCC_PREFIX_HEADER = MobileTerminal_Prefix.pch;
				GCC_VERSION = "";
				INFOPLIST_FILE = "MobileTerminal-Info.plist";
				IPHONEOS_DEPLOYMENT_TARGET = 3.1.3;
				OTHER_LDFLAGS = "-all_load";
				PRODUCT_NAME = Terminal;
				SDKROOT = iphoneos3.2;
				TARGETED_DEVICE_FAMILY = "1,2";
			};
			name = Debug;
		};
		1D6058950D05DD3E006BFB54 /* Release */ = {
			isa = XCBuildConfiguration;
			buildSettings = {
				ALWAYS_SEARCH_USER_PATHS = NO;
				ARCHS = "$(ARCHS_STANDARD_32_BIT)";
				COPY_PHASE_STRIP = YES;
				GCC_PRECOMPILE_PREFIX_HEADER = YES;
				GCC_PREFIX_HEADER = MobileTerminal_Prefix.pch;
				GCC_VERSION = "";
				INFOPLIST_FILE = "MobileTerminal-Info.plist";
				IPHONEOS_DEPLOYMENT_TARGET = 3.1.3;
				OTHER_LDFLAGS = "-all_load";
				PRODUCT_NAME = Terminal;
				SDKROOT = iphoneos3.2;
				TARGETED_DEVICE_FAMILY = "1,2";
			};
			name = Release;
		};
		2C11C57C1013A51F00A2746E /* Debug */ = {
			isa = XCBuildConfiguration;
			buildSettings = {
				ALWAYS_SEARCH_USER_PATHS = NO;
				COPY_PHASE_STRIP = NO;
				GCC_DYNAMIC_NO_PIC = NO;
				GCC_OPTIMIZATION_LEVEL = 0;
				GCC_VERSION = "";
				PREBINDING = NO;
				PRODUCT_NAME = VT100;
			};
			name = Debug;
		};
		2C11C57D1013A51F00A2746E /* Release */ = {
			isa = XCBuildConfiguration;
			buildSettings = {
				ALWAYS_SEARCH_USER_PATHS = NO;
				COPY_PHASE_STRIP = YES;
				DEBUG_INFORMATION_FORMAT = "dwarf-with-dsym";
				GCC_ENABLE_FIX_AND_CONTINUE = NO;
				GCC_VERSION = "";
				PREBINDING = NO;
				PRODUCT_NAME = VT100;
				ZERO_LINK = NO;
			};
			name = Release;
		};
		2C11C58B1013A55600A2746E /* Debug */ = {
			isa = XCBuildConfiguration;
			buildSettings = {
				ALWAYS_SEARCH_USER_PATHS = NO;
				COPY_PHASE_STRIP = NO;
				GCC_DYNAMIC_NO_PIC = NO;
				GCC_OPTIMIZATION_LEVEL = 0;
				HEADER_SEARCH_PATHS = "";
				PREBINDING = NO;
				PRODUCT_NAME = SubProcess;
				USER_HEADER_SEARCH_PATHS = "$(SRCROOT)";
			};
			name = Debug;
		};
		2C11C58C1013A55600A2746E /* Release */ = {
			isa = XCBuildConfiguration;
			buildSettings = {
				ALWAYS_SEARCH_USER_PATHS = NO;
				COPY_PHASE_STRIP = YES;
				DEBUG_INFORMATION_FORMAT = "dwarf-with-dsym";
				GCC_ENABLE_FIX_AND_CONTINUE = NO;
				HEADER_SEARCH_PATHS = "";
				PREBINDING = NO;
				PRODUCT_NAME = SubProcess;
				USER_HEADER_SEARCH_PATHS = "$(SRCROOT)";
				ZERO_LINK = NO;
			};
			name = Release;
		};
		2C11C5B51013A5B000A2746E /* Debug */ = {
			isa = XCBuildConfiguration;
			buildSettings = {
				ALWAYS_SEARCH_USER_PATHS = NO;
				COPY_PHASE_STRIP = NO;
				FRAMEWORK_SEARCH_PATHS = "$(DEVELOPER_LIBRARY_DIR)/Frameworks";
				GCC_DYNAMIC_NO_PIC = NO;
				GCC_ENABLE_FIX_AND_CONTINUE = NO;
				GCC_ENABLE_OBJC_EXCEPTIONS = YES;
				GCC_OPTIMIZATION_LEVEL = 0;
				INFOPLIST_FILE = "VT100Tests-Info.plist";
				LIBRARY_SEARCH_PATHS = (
					"$(inherited)",
					"\"$(SRCROOT)/build/Debug-iphonesimulator\"",
				);
				OTHER_LDFLAGS = (
					"-framework",
					Foundation,
					"-framework",
					SenTestingKit,
					"-framework",
					UIKit,
					"-lcurses",
				);
				PREBINDING = NO;
				PRODUCT_NAME = VT100Tests;
				WRAPPER_EXTENSION = octest;
			};
			name = Debug;
		};
		2C11C5B61013A5B000A2746E /* Release */ = {
			isa = XCBuildConfiguration;
			buildSettings = {
				ALWAYS_SEARCH_USER_PATHS = NO;
				COPY_PHASE_STRIP = YES;
				DEBUG_INFORMATION_FORMAT = "dwarf-with-dsym";
				FRAMEWORK_SEARCH_PATHS = "$(DEVELOPER_LIBRARY_DIR)/Frameworks";
				GCC_ENABLE_FIX_AND_CONTINUE = NO;
				GCC_ENABLE_OBJC_EXCEPTIONS = YES;
				INFOPLIST_FILE = "VT100Tests-Info.plist";
				LIBRARY_SEARCH_PATHS = (
					"$(inherited)",
					"\"$(SRCROOT)/build/Debug-iphonesimulator\"",
				);
				OTHER_LDFLAGS = (
					"-framework",
					Foundation,
					"-framework",
					SenTestingKit,
					"-framework",
					UIKit,
					"-lcurses",
				);
				PREBINDING = NO;
				PRODUCT_NAME = VT100Tests;
				WRAPPER_EXTENSION = octest;
				ZERO_LINK = NO;
			};
			name = Release;
		};
		2C11C9331013F87200A2746E /* Debug */ = {
			isa = XCBuildConfiguration;
			buildSettings = {
				ALWAYS_SEARCH_USER_PATHS = NO;
				COPY_PHASE_STRIP = NO;
				GCC_DYNAMIC_NO_PIC = NO;
				GCC_OPTIMIZATION_LEVEL = 0;
				HEADER_SEARCH_PATHS = "$(SRCROOT)/Classes";
				PREBINDING = NO;
				PRODUCT_NAME = Terminal;
			};
			name = Debug;
		};
		2C11C9341013F87200A2746E /* Release */ = {
			isa = XCBuildConfiguration;
			buildSettings = {
				ALWAYS_SEARCH_USER_PATHS = NO;
				COPY_PHASE_STRIP = YES;
				DEBUG_INFORMATION_FORMAT = "dwarf-with-dsym";
				GCC_ENABLE_FIX_AND_CONTINUE = NO;
				HEADER_SEARCH_PATHS = "$(SRCROOT)/Classes";
				PREBINDING = NO;
				PRODUCT_NAME = Terminal;
				ZERO_LINK = NO;
			};
			name = Release;
		};
		2C11C9CA1014035900A2746E /* Debug */ = {
			isa = XCBuildConfiguration;
			buildSettings = {
				ALWAYS_SEARCH_USER_PATHS = NO;
				COPY_PHASE_STRIP = NO;
				GCC_DYNAMIC_NO_PIC = NO;
				GCC_OPTIMIZATION_LEVEL = 0;
				PREBINDING = NO;
				PRODUCT_NAME = Preferences;
			};
			name = Debug;
		};
		2C11C9CB1014035900A2746E /* Release */ = {
			isa = XCBuildConfiguration;
			buildSettings = {
				ALWAYS_SEARCH_USER_PATHS = NO;
				COPY_PHASE_STRIP = YES;
				DEBUG_INFORMATION_FORMAT = "dwarf-with-dsym";
				GCC_ENABLE_FIX_AND_CONTINUE = NO;
				PREBINDING = NO;
				PRODUCT_NAME = Preferences;
				ZERO_LINK = NO;
			};
			name = Release;
		};
		2C72B2BD101ABA9100F10E63 /* Debug */ = {
			isa = XCBuildConfiguration;
			buildSettings = {
				ALWAYS_SEARCH_USER_PATHS = NO;
				COPY_PHASE_STRIP = NO;
				FRAMEWORK_SEARCH_PATHS = "$(DEVELOPER_LIBRARY_DIR)/Frameworks";
				GCC_DYNAMIC_NO_PIC = NO;
				GCC_ENABLE_FIX_AND_CONTINUE = NO;
				GCC_ENABLE_OBJC_EXCEPTIONS = YES;
				GCC_OPTIMIZATION_LEVEL = 0;
				INFOPLIST_FILE = "PreferencesTests-Info.plist";
				OTHER_LDFLAGS = (
					"-framework",
					Foundation,
					"-framework",
					SenTestingKit,
					"-framework",
					UIKit,
				);
				PREBINDING = NO;
				PRODUCT_NAME = PreferencesTests;
				WRAPPER_EXTENSION = octest;
			};
			name = Debug;
		};
		2C72B2BE101ABA9100F10E63 /* Release */ = {
			isa = XCBuildConfiguration;
			buildSettings = {
				ALWAYS_SEARCH_USER_PATHS = NO;
				COPY_PHASE_STRIP = YES;
				DEBUG_INFORMATION_FORMAT = "dwarf-with-dsym";
				FRAMEWORK_SEARCH_PATHS = "$(DEVELOPER_LIBRARY_DIR)/Frameworks";
				GCC_ENABLE_FIX_AND_CONTINUE = NO;
				GCC_ENABLE_OBJC_EXCEPTIONS = YES;
				INFOPLIST_FILE = "PreferencesTests-Info.plist";
				OTHER_LDFLAGS = (
					"-framework",
					Foundation,
					"-framework",
					SenTestingKit,
					"-framework",
					UIKit,
				);
				PREBINDING = NO;
				PRODUCT_NAME = PreferencesTests;
				WRAPPER_EXTENSION = octest;
				ZERO_LINK = NO;
			};
			name = Release;
		};
		9FE6978112E2522700EDE939 /* Debug */ = {
			isa = XCBuildConfiguration;
			buildSettings = {
				COPY_PHASE_STRIP = NO;
				GCC_DYNAMIC_NO_PIC = NO;
				GCC_OPTIMIZATION_LEVEL = 0;
				PRODUCT_NAME = svnversion;
			};
			name = Debug;
		};
		9FE6978212E2522700EDE939 /* Release */ = {
			isa = XCBuildConfiguration;
			buildSettings = {
				COPY_PHASE_STRIP = YES;
				DEBUG_INFORMATION_FORMAT = "dwarf-with-dsym";
				GCC_ENABLE_FIX_AND_CONTINUE = NO;
				PRODUCT_NAME = svnversion;
				ZERO_LINK = NO;
			};
			name = Release;
		};
		9FE697B412E254C000EDE939 /* Debug */ = {
			isa = XCBuildConfiguration;
			buildSettings = {
				COPY_PHASE_STRIP = NO;
				GCC_DYNAMIC_NO_PIC = NO;
				GCC_OPTIMIZATION_LEVEL = 0;
				PRODUCT_NAME = deb;
			};
			name = Debug;
		};
		9FE697B512E254C000EDE939 /* Release */ = {
			isa = XCBuildConfiguration;
			buildSettings = {
				COPY_PHASE_STRIP = YES;
				DEBUG_INFORMATION_FORMAT = "dwarf-with-dsym";
				GCC_ENABLE_FIX_AND_CONTINUE = NO;
				PRODUCT_NAME = deb;
				ZERO_LINK = NO;
			};
			name = Release;
		};
		C01FCF4F08A954540054247B /* Debug */ = {
			isa = XCBuildConfiguration;
			buildSettings = {
				ARCHS = "$(ARCHS_STANDARD_32_BIT)";
				"CODE_SIGN_IDENTITY[sdk=iphoneos*]" = "Don't Code Sign";
				GCC_C_LANGUAGE_STANDARD = c99;
				GCC_TREAT_WARNINGS_AS_ERRORS = YES;
				GCC_WARN_ABOUT_DEPRECATED_FUNCTIONS = NO;
				GCC_WARN_ABOUT_RETURN_TYPE = YES;
				GCC_WARN_UNUSED_VARIABLE = YES;
				HEADER_SEARCH_PATHS = "$(SRCROOT)";
				IPHONEOS_DEPLOYMENT_TARGET = 3.1.3;
				OTHER_LDFLAGS = "-all_load";
				PLIST_FILE_OUTPUT_FORMAT = "same-as-input";
				PREBINDING = NO;
				PRODUCT_NAME = Terminal;
				RUN_CLANG_STATIC_ANALYZER = YES;
				SDKROOT = iphoneos3.2;
				TARGETED_DEVICE_FAMILY = "1,2";
				WARNING_CFLAGS = "-Wall";
			};
			name = Debug;
		};
		C01FCF5008A954540054247B /* Release */ = {
			isa = XCBuildConfiguration;
			buildSettings = {
				ARCHS = "$(ARCHS_STANDARD_32_BIT)";
				"CODE_SIGN_IDENTITY[sdk=iphoneos*]" = "Don't Code Sign";
				GCC_C_LANGUAGE_STANDARD = c99;
				GCC_TREAT_WARNINGS_AS_ERRORS = YES;
				GCC_WARN_ABOUT_DEPRECATED_FUNCTIONS = NO;
				GCC_WARN_ABOUT_RETURN_TYPE = YES;
				GCC_WARN_UNUSED_VARIABLE = YES;
				HEADER_SEARCH_PATHS = "$(SRCROOT)";
				IPHONEOS_DEPLOYMENT_TARGET = 3.1.3;
				OTHER_LDFLAGS = "-all_load";
				PLIST_FILE_OUTPUT_FORMAT = "same-as-input";
				PREBINDING = NO;
				PRODUCT_NAME = Terminal;
				SDKROOT = iphoneos3.2;
				WARNING_CFLAGS = "-Wall";
			};
			name = Release;
		};
/* End XCBuildConfiguration section */

/* Begin XCConfigurationList section */
		1D6058960D05DD3E006BFB54 /* Build configuration list for PBXNativeTarget "MobileTerminal" */ = {
			isa = XCConfigurationList;
			buildConfigurations = (
				1D6058940D05DD3E006BFB54 /* Debug */,
				1D6058950D05DD3E006BFB54 /* Release */,
			);
			defaultConfigurationIsVisible = 0;
			defaultConfigurationName = Release;
		};
		2C11C5A51013A58200A2746E /* Build configuration list for PBXNativeTarget "VT100" */ = {
			isa = XCConfigurationList;
			buildConfigurations = (
				2C11C57C1013A51F00A2746E /* Debug */,
				2C11C57D1013A51F00A2746E /* Release */,
			);
			defaultConfigurationIsVisible = 0;
			defaultConfigurationName = Release;
		};
		2C11C5A61013A58200A2746E /* Build configuration list for PBXNativeTarget "SubProcess" */ = {
			isa = XCConfigurationList;
			buildConfigurations = (
				2C11C58B1013A55600A2746E /* Debug */,
				2C11C58C1013A55600A2746E /* Release */,
			);
			defaultConfigurationIsVisible = 0;
			defaultConfigurationName = Release;
		};
		2C11C5B71013A5B000A2746E /* Build configuration list for PBXNativeTarget "VT100Tests" */ = {
			isa = XCConfigurationList;
			buildConfigurations = (
				2C11C5B51013A5B000A2746E /* Debug */,
				2C11C5B61013A5B000A2746E /* Release */,
			);
			defaultConfigurationIsVisible = 0;
			defaultConfigurationName = Release;
		};
		2C11C9431013F8DB00A2746E /* Build configuration list for PBXNativeTarget "Terminal" */ = {
			isa = XCConfigurationList;
			buildConfigurations = (
				2C11C9331013F87200A2746E /* Debug */,
				2C11C9341013F87200A2746E /* Release */,
			);
			defaultConfigurationIsVisible = 0;
			defaultConfigurationName = Release;
		};
		2C11C9CF1014037E00A2746E /* Build configuration list for PBXNativeTarget "Preferences" */ = {
			isa = XCConfigurationList;
			buildConfigurations = (
				2C11C9CA1014035900A2746E /* Debug */,
				2C11C9CB1014035900A2746E /* Release */,
			);
			defaultConfigurationIsVisible = 0;
			defaultConfigurationName = Release;
		};
		2C72B2BF101ABA9200F10E63 /* Build configuration list for PBXNativeTarget "PreferencesTests" */ = {
			isa = XCConfigurationList;
			buildConfigurations = (
				2C72B2BD101ABA9100F10E63 /* Debug */,
				2C72B2BE101ABA9100F10E63 /* Release */,
			);
			defaultConfigurationIsVisible = 0;
			defaultConfigurationName = Release;
		};
		9FE6978F12E2525500EDE939 /* Build configuration list for PBXLegacyTarget "svnversion" */ = {
			isa = XCConfigurationList;
			buildConfigurations = (
				9FE6978112E2522700EDE939 /* Debug */,
				9FE6978212E2522700EDE939 /* Release */,
			);
			defaultConfigurationIsVisible = 0;
			defaultConfigurationName = Release;
		};
		9FE697BF12E254DD00EDE939 /* Build configuration list for PBXLegacyTarget "deb" */ = {
			isa = XCConfigurationList;
			buildConfigurations = (
				9FE697B412E254C000EDE939 /* Debug */,
				9FE697B512E254C000EDE939 /* Release */,
			);
			defaultConfigurationIsVisible = 0;
			defaultConfigurationName = Release;
		};
		C01FCF4E08A954540054247B /* Build configuration list for PBXProject "MobileTerminal" */ = {
			isa = XCConfigurationList;
			buildConfigurations = (
				C01FCF4F08A954540054247B /* Debug */,
				C01FCF5008A954540054247B /* Release */,
			);
			defaultConfigurationIsVisible = 0;
			defaultConfigurationName = Release;
		};
/* End XCConfigurationList section */
	};
	rootObject = 29B97313FDCFA39411CA2CEA /* Project object */;
}
